Microsoft Visual Studio Solution File, Format Version 8.00
Project("{8BC9CEB8-8B4A-11D0-8D11-00A0C91BC942}") = "1964x 5.60", "1964x\1964x 5.60.vcproj", "{1FDAFD09-DCC7-484D-87A8-EDE51A36AA60}"
	ProjectSection(ProjectDependencies) = postProject
		{50BCDC05-7A50-4F10-9E30-0E291372F8A1} = {50BCDC05-7A50-4F10-9E30-0E291372F8A1}
		{D101F663-FBE6-45E1-B3CE-C70184F718EF} = {D101F663-FBE6-45E1-B3CE-C70184F718EF}
		{13D8F192-23C1-4EE0-896D-3E9010A13D65} = {13D8F192-23C1-4EE0-896D-3E9010A13D65}
		{DF18099D-35B6-4619-A8FE-CB2BC25364F4} = {DF18099D-35B6-4619-A8FE-CB2BC25364F4}
		{984BB0B1-96DA-412B-82A1-5C86A4D40FBA} = {984BB0B1-96DA-412B-82A1-5C86A4D40FBA}
		{B03134F1-3846-4D16-B5F3-3F69C54DE23A} = {B03134F1-3846-4D16-B5F3-3F69C54DE23A}
	EndProjectSection
EndProject
Project("{8BC9CEB8-8B4A-11D0-8D11-00A0C91BC942}") = "PJ64-X 5.60", "PJ64x\PJ64-X 5.60.vcproj", "{A6BD6CA7-B31E-4A0C-B621-E1AEA47F5AD9}"
	ProjectSection(ProjectDependencies) = postProject
		{50BCDC05-7A50-4F10-9E30-0E291372F8A1} = {50BCDC05-7A50-4F10-9E30-0E291372F8A1}
		{D101F663-FBE6-45E1-B3CE-C70184F718EF} = {D101F663-FBE6-45E1-B3CE-C70184F718EF}
		{13D8F192-23C1-4EE0-896D-3E9010A13D65} = {13D8F192-23C1-4EE0-896D-3E9010A13D65}
		{DF18099D-35B6-4619-A8FE-CB2BC25364F4} = {DF18099D-35B6-4619-A8FE-CB2BC25364F4}
		{984BB0B1-96DA-412B-82A1-5C86A4D40FBA} = {984BB0B1-96DA-412B-82A1-5C86A4D40FBA}
		{B03134F1-3846-4D16-B5F3-3F69C54DE23A} = {B03134F1-3846-4D16-B5F3-3F69C54DE23A}
	EndProjectSection
EndProject
Project("{8BC9CEB8-8B4A-11D0-8D11-00A0C91BC942}") = "AudioJttL", "Plugins\src\AudioJttL\AudioJttL.vcproj", "{50BCDC05-7A50-4F10-9E30-0E291372F8A1}"
	ProjectSection(ProjectDependencies) = postProject
	EndProjectSection
EndProject
Project("{8BC9CEB8-8B4A-11D0-8D11-00A0C91BC942}") = "AudioNone", "Plugins\src\AudioNone\AudioNone.vcproj", "{984BB0B1-96DA-412B-82A1-5C86A4D40FBA}"
	ProjectSection(ProjectDependencies) = postProject
	EndProjectSection
EndProject
Project("{8BC9CEB8-8B4A-11D0-8D11-00A0C91BC942}") = "Input", "Plugins\src\Input\Input.vcproj", "{DF18099D-35B6-4619-A8FE-CB2BC25364F4}"
	ProjectSection(ProjectDependencies) = postProject
	EndProjectSection
EndProject
Project("{8BC9CEB8-8B4A-11D0-8D11-00A0C91BC942}") = "RSP", "Plugins\src\RSP\RSP.vcproj", "{D101F663-FBE6-45E1-B3CE-C70184F718EF}"
	ProjectSection(ProjectDependencies) = postProject
	EndProjectSection
EndProject
Project("{8BC9CEB8-8B4A-11D0-8D11-00A0C91BC942}") = "Video5.60", "Plugins\src\Video5.60\Video5.60.vcproj", "{B03134F1-3846-4D16-B5F3-3F69C54DE23A}"
	ProjectSection(ProjectDependencies) = postProject
	EndProjectSection
EndProject
Project("{8BC9CEB8-8B4A-11D0-8D11-00A0C91BC942}") = "AudioAzimer", "Plugins\src\AudioAzimer\AudioAzimer.vcproj", "{13D8F192-23C1-4EE0-896D-3E9010A13D65}"
	ProjectSection(ProjectDependencies) = postProject
	EndProjectSection
EndProject
Global
	GlobalSection(SolutionConfiguration) = preSolution
		Debug = Debug
		Profile = Profile
		Profile_FastCap = Profile_FastCap
		Release = Release
		Release_LTCG = Release_LTCG
	EndGlobalSection
	GlobalSection(ProjectConfiguration) = postSolution
		{1FDAFD09-DCC7-484D-87A8-EDE51A36AA60}.Debug.ActiveCfg = Debug|Xbox
		{1FDAFD09-DCC7-484D-87A8-EDE51A36AA60}.Debug.Build.0 = Debug|Xbox
		{1FDAFD09-DCC7-484D-87A8-EDE51A36AA60}.Profile.ActiveCfg = Debug|Xbox
		{1FDAFD09-DCC7-484D-87A8-EDE51A36AA60}.Profile.Build.0 = Debug|Xbox
		{1FDAFD09-DCC7-484D-87A8-EDE51A36AA60}.Profile_FastCap.ActiveCfg = Debug|Xbox
		{1FDAFD09-DCC7-484D-87A8-EDE51A36AA60}.Profile_FastCap.Build.0 = Debug|Xbox
		{1FDAFD09-DCC7-484D-87A8-EDE51A36AA60}.Release.ActiveCfg = Release|Xbox
		{1FDAFD09-DCC7-484D-87A8-EDE51A36AA60}.Release.Build.0 = Release|Xbox
		{1FDAFD09-DCC7-484D-87A8-EDE51A36AA60}.Release_LTCG.ActiveCfg = Release|Xbox
		{1FDAFD09-DCC7-484D-87A8-EDE51A36AA60}.Release_LTCG.Build.0 = Release|Xbox
		{A6BD6CA7-B31E-4A0C-B621-E1AEA47F5AD9}.Debug.ActiveCfg = Debug|Xbox
		{A6BD6CA7-B31E-4A0C-B621-E1AEA47F5AD9}.Debug.Build.0 = Debug|Xbox
		{A6BD6CA7-B31E-4A0C-B621-E1AEA47F5AD9}.Profile.ActiveCfg = Debug|Xbox
		{A6BD6CA7-B31E-4A0C-B621-E1AEA47F5AD9}.Profile.Build.0 = Debug|Xbox
		{A6BD6CA7-B31E-4A0C-B621-E1AEA47F5AD9}.Profile_FastCap.ActiveCfg = Debug|Xbox
		{A6BD6CA7-B31E-4A0C-B621-E1AEA47F5AD9}.Profile_FastCap.Build.0 = Debug|Xbox
		{A6BD6CA7-B31E-4A0C-B621-E1AEA47F5AD9}.Release.ActiveCfg = Release|Xbox
		{A6BD6CA7-B31E-4A0C-B621-E1AEA47F5AD9}.Release.Build.0 = Release|Xbox
		{A6BD6CA7-B31E-4A0C-B621-E1AEA47F5AD9}.Release_LTCG.ActiveCfg = Release|Xbox
		{A6BD6CA7-B31E-4A0C-B621-E1AEA47F5AD9}.Release_LTCG.Build.0 = Release|Xbox
		{50BCDC05-7A50-4F10-9E30-0E291372F8A1}.Debug.ActiveCfg = Debug|Xbox
		{50BCDC05-7A50-4F10-9E30-0E291372F8A1}.Debug.Build.0 = Debug|Xbox
		{50BCDC05-7A50-4F10-9E30-0E291372F8A1}.Profile.ActiveCfg = Debug|Xbox
		{50BCDC05-7A50-4F10-9E30-0E291372F8A1}.Profile.Build.0 = Debug|Xbox
		{50BCDC05-7A50-4F10-9E30-0E291372F8A1}.Profile_FastCap.ActiveCfg = Debug|Xbox
		{50BCDC05-7A50-4F10-9E30-0E291372F8A1}.Profile_FastCap.Build.0 = Debug|Xbox
		{50BCDC05-7A50-4F10-9E30-0E291372F8A1}.Release.ActiveCfg = Release|Xbox
		{50BCDC05-7A50-4F10-9E30-0E291372F8A1}.Release.Build.0 = Release|Xbox
		{50BCDC05-7A50-4F10-9E30-0E291372F8A1}.Release_LTCG.ActiveCfg = Release|Xbox
		{50BCDC05-7A50-4F10-9E30-0E291372F8A1}.Release_LTCG.Build.0 = Release|Xbox
		{984BB0B1-96DA-412B-82A1-5C86A4D40FBA}.Debug.ActiveCfg = Debug|Xbox
		{984BB0B1-96DA-412B-82A1-5C86A4D40FBA}.Debug.Build.0 = Debug|Xbox
		{984BB0B1-96DA-412B-82A1-5C86A4D40FBA}.Profile.ActiveCfg = Debug|Xbox
		{984BB0B1-96DA-412B-82A1-5C86A4D40FBA}.Profile.Build.0 = Debug|Xbox
		{984BB0B1-96DA-412B-82A1-5C86A4D40FBA}.Profile_FastCap.ActiveCfg = Debug|Xbox
		{984BB0B1-96DA-412B-82A1-5C86A4D40FBA}.Profile_FastCap.Build.0 = Debug|Xbox
		{984BB0B1-96DA-412B-82A1-5C86A4D40FBA}.Release.ActiveCfg = Release|Xbox
		{984BB0B1-96DA-412B-82A1-5C86A4D40FBA}.Release.Build.0 = Release|Xbox
		{984BB0B1-96DA-412B-82A1-5C86A4D40FBA}.Release_LTCG.ActiveCfg = Release|Xbox
		{984BB0B1-96DA-412B-82A1-5C86A4D40FBA}.Release_LTCG.Build.0 = Release|Xbox
		{DF18099D-35B6-4619-A8FE-CB2BC25364F4}.Debug.ActiveCfg = Debug|Xbox
		{DF18099D-35B6-4619-A8FE-CB2BC25364F4}.Debug.Build.0 = Debug|Xbox
		{DF18099D-35B6-4619-A8FE-CB2BC25364F4}.Profile.ActiveCfg = Debug|Xbox
		{DF18099D-35B6-4619-A8FE-CB2BC25364F4}.Profile.Build.0 = Debug|Xbox
		{DF18099D-35B6-4619-A8FE-CB2BC25364F4}.Profile_FastCap.ActiveCfg = Debug|Xbox
		{DF18099D-35B6-4619-A8FE-CB2BC25364F4}.Profile_FastCap.Build.0 = Debug|Xbox
		{DF18099D-35B6-4619-A8FE-CB2BC25364F4}.Release.ActiveCfg = Release|Xbox
		{DF18099D-35B6-4619-A8FE-CB2BC25364F4}.Release.Build.0 = Release|Xbox
		{DF18099D-35B6-4619-A8FE-CB2BC25364F4}.Release_LTCG.ActiveCfg = Release|Xbox
		{DF18099D-35B6-4619-A8FE-CB2BC25364F4}.Release_LTCG.Build.0 = Release|Xbox
		{D101F663-FBE6-45E1-B3CE-C70184F718EF}.Debug.ActiveCfg = Debug|Xbox
		{D101F663-FBE6-45E1-B3CE-C70184F718EF}.Debug.Build.0 = Debug|Xbox
		{D101F663-FBE6-45E1-B3CE-C70184F718EF}.Profile.ActiveCfg = Debug|Xbox
		{D101F663-FBE6-45E1-B3CE-C70184F718EF}.Profile.Build.0 = Debug|Xbox
		{D101F663-FBE6-45E1-B3CE-C70184F718EF}.Profile_FastCap.ActiveCfg = Debug|Xbox
		{D101F663-FBE6-45E1-B3CE-C70184F718EF}.Profile_FastCap.Build.0 = Debug|Xbox
		{D101F663-FBE6-45E1-B3CE-C70184F718EF}.Release.ActiveCfg = Release|Xbox
		{D101F663-FBE6-45E1-B3CE-C70184F718EF}.Release.Build.0 = Release|Xbox
		{D101F663-FBE6-45E1-B3CE-C70184F718EF}.Release_LTCG.ActiveCfg = Release|Xbox
		{D101F663-FBE6-45E1-B3CE-C70184F718EF}.Release_LTCG.Build.0 = Release|Xbox
		{B03134F1-3846-4D16-B5F3-3F69C54DE23A}.Debug.ActiveCfg = Debug|Xbox
		{B03134F1-3846-4D16-B5F3-3F69C54DE23A}.Debug.Build.0 = Debug|Xbox
		{B03134F1-3846-4D16-B5F3-3F69C54DE23A}.Profile.ActiveCfg = Debug|Xbox
		{B03134F1-3846-4D16-B5F3-3F69C54DE23A}.Profile.Build.0 = Debug|Xbox
		{B03134F1-3846-4D16-B5F3-3F69C54DE23A}.Profile_FastCap.ActiveCfg = Debug|Xbox
		{B03134F1-3846-4D16-B5F3-3F69C54DE23A}.Profile_FastCap.Build.0 = Debug|Xbox
		{B03134F1-3846-4D16-B5F3-3F69C54DE23A}.Release.ActiveCfg = Release|Xbox
		{B03134F1-3846-4D16-B5F3-3F69C54DE23A}.Release.Build.0 = Release|Xbox
		{B03134F1-3846-4D16-B5F3-3F69C54DE23A}.Release_LTCG.ActiveCfg = Release|Xbox
		{B03134F1-3846-4D16-B5F3-3F69C54DE23A}.Release_LTCG.Build.0 = Release|Xbox
		{13D8F192-23C1-4EE0-896D-3E9010A13D65}.Debug.ActiveCfg = Release|Xbox
		{13D8F192-23C1-4EE0-896D-3E9010A13D65}.Debug.Build.0 = Release|Xbox
		{13D8F192-23C1-4EE0-896D-3E9010A13D65}.Profile.ActiveCfg = Release|Xbox
		{13D8F192-23C1-4EE0-896D-3E9010A13D65}.Profile.Build.0 = Release|Xbox
		{13D8F192-23C1-4EE0-896D-3E9010A13D65}.Profile_FastCap.ActiveCfg = Release|Xbox
		{13D8F192-23C1-4EE0-896D-3E9010A13D65}.Profile_FastCap.Build.0 = Release|Xbox
		{13D8F192-23C1-4EE0-896D-3E9010A13D65}.Release.ActiveCfg = Release|Xbox
		{13D8F192-23C1-4EE0-896D-3E9010A13D65}.Release.Build.0 = Release|Xbox
		{13D8F192-23C1-4EE0-896D-3E9010A13D65}.Release_LTCG.ActiveCfg = Release|Xbox
		{13D8F192-23C1-4EE0-896D-3E9010A13D65}.Release_LTCG.Build.0 = Release|Xbox
	EndGlobalSection
	GlobalSection(ExtensibilityGlobals) = postSolution
	EndGlobalSection
	GlobalSection(ExtensibilityAddIns) = postSolution
	EndGlobalSection
EndGlobal
