Microsoft Visual Studio Solution File, Format Version 8.00
Project("{8BC9CEB8-8B4A-11D0-8D11-00A0C91BC942}") = "Video1964", "1964videoXBOX.vcproj", "{1120AACC-8C31-486A-A9B8-0568DFF718F4}"
	ProjectSection(ProjectDependencies) = postProject
	EndProjectSection
EndProject
Global
	GlobalSection(SolutionConfiguration) = preSolution
		Debug = Debug
		Release = Release
	EndGlobalSection
	GlobalSection(ProjectConfiguration) = postSolution
		{1120AACC-8C31-486A-A9B8-0568DFF718F4}.Debug.ActiveCfg = Debug|Xbox
		{1120AACC-8C31-486A-A9B8-0568DFF718F4}.Debug.Build.0 = Debug|Xbox
		{1120AACC-8C31-486A-A9B8-0568DFF718F4}.Release.ActiveCfg = Release|Xbox
		{1120AACC-8C31-486A-A9B8-0568DFF718F4}.Release.Build.0 = Release|Xbox
	EndGlobalSection
	GlobalSection(ExtensibilityGlobals) = postSolution
	EndGlobalSection
	GlobalSection(ExtensibilityAddIns) = postSolution
	EndGlobalSection
EndGlobal
