Microsoft Visual Studio Solution File, Format Version 8.00
Project("{EAF909A5-FA59-4C3D-9431-0FCC20D5BCF9}") = "1964x11_ICC", "1964x11\xbox\1964x11_ICC\1964x11_ICC.icproj", "{88710752-063E-4A87-A6A1-7E3CFDAA17BA}"
	ProjectSection(ProjectDependencies) = postProject
	EndProjectSection
EndProject
Project("{EAF909A5-FA59-4C3D-9431-0FCC20D5BCF9}") = "RSPM64P_ICC", "Plugins\src\RSPM64P_ICC\RSPM64P_ICC.icproj", "{4679DC5A-82F2-48ED-8F1F-C04BA6F16858}"
	ProjectSection(ProjectDependencies) = postProject
	EndProjectSection
EndProject
Global
	GlobalSection(SolutionConfiguration) = preSolution
		Debug = Debug
		Profile = Profile
		Profile_FastCap = Profile_FastCap
		Release = Release
		Release_LTCG = Release_LTCG
	EndGlobalSection
	GlobalSection(ProjectConfiguration) = postSolution
		{88710752-063E-4A87-A6A1-7E3CFDAA17BA}.Debug.ActiveCfg = Debug|Win32
		{88710752-063E-4A87-A6A1-7E3CFDAA17BA}.Debug.Build.0 = Debug|Win32
		{88710752-063E-4A87-A6A1-7E3CFDAA17BA}.Profile.ActiveCfg = Release|Win32
		{88710752-063E-4A87-A6A1-7E3CFDAA17BA}.Profile.Build.0 = Release|Win32
		{88710752-063E-4A87-A6A1-7E3CFDAA17BA}.Profile_FastCap.ActiveCfg = Release|Win32
		{88710752-063E-4A87-A6A1-7E3CFDAA17BA}.Profile_FastCap.Build.0 = Release|Win32
		{88710752-063E-4A87-A6A1-7E3CFDAA17BA}.Release.ActiveCfg = Release|Win32
		{88710752-063E-4A87-A6A1-7E3CFDAA17BA}.Release.Build.0 = Release|Win32
		{88710752-063E-4A87-A6A1-7E3CFDAA17BA}.Release_LTCG.ActiveCfg = Release|Win32
		{88710752-063E-4A87-A6A1-7E3CFDAA17BA}.Release_LTCG.Build.0 = Release|Win32
		{95666CE6-A4E5-43F1-8D40-A581E56B1A23}.Debug.ActiveCfg = Debug|Win32
		{95666CE6-A4E5-43F1-8D40-A581E56B1A23}.Profile.ActiveCfg = Release|Win32
		{95666CE6-A4E5-43F1-8D40-A581E56B1A23}.Profile_FastCap.ActiveCfg = Release|Win32
		{95666CE6-A4E5-43F1-8D40-A581E56B1A23}.Release.ActiveCfg = Release|Win32
		{95666CE6-A4E5-43F1-8D40-A581E56B1A23}.Release_LTCG.ActiveCfg = Release|Win32
		{4679DC5A-82F2-48ED-8F1F-C04BA6F16858}.Debug.ActiveCfg = Debug|Win32
		{4679DC5A-82F2-48ED-8F1F-C04BA6F16858}.Debug.Build.0 = Debug|Win32
		{4679DC5A-82F2-48ED-8F1F-C04BA6F16858}.Profile.ActiveCfg = Release|Win32
		{4679DC5A-82F2-48ED-8F1F-C04BA6F16858}.Profile.Build.0 = Release|Win32
		{4679DC5A-82F2-48ED-8F1F-C04BA6F16858}.Profile_FastCap.ActiveCfg = Release|Win32
		{4679DC5A-82F2-48ED-8F1F-C04BA6F16858}.Profile_FastCap.Build.0 = Release|Win32
		{4679DC5A-82F2-48ED-8F1F-C04BA6F16858}.Release.ActiveCfg = Release|Win32
		{4679DC5A-82F2-48ED-8F1F-C04BA6F16858}.Release.Build.0 = Release|Win32
		{4679DC5A-82F2-48ED-8F1F-C04BA6F16858}.Release_LTCG.ActiveCfg = Release|Win32
		{4679DC5A-82F2-48ED-8F1F-C04BA6F16858}.Release_LTCG.Build.0 = Release|Win32
		{522841A1-4A21-4F23-A98A-3F6A3314CA5C}.Debug.ActiveCfg = Debug|Win32
		{522841A1-4A21-4F23-A98A-3F6A3314CA5C}.Profile.ActiveCfg = Release|Win32
		{522841A1-4A21-4F23-A98A-3F6A3314CA5C}.Profile_FastCap.ActiveCfg = Release|Win32
		{522841A1-4A21-4F23-A98A-3F6A3314CA5C}.Release.ActiveCfg = Release|Win32
		{522841A1-4A21-4F23-A98A-3F6A3314CA5C}.Release_LTCG.ActiveCfg = Release|Win32
	EndGlobalSection
	GlobalSection(ExtensibilityGlobals) = postSolution
	EndGlobalSection
	GlobalSection(ExtensibilityAddIns) = postSolution
	EndGlobalSection
EndGlobal
