Microsoft Visual Studio Solution File, Format Version 8.00
Project("{8BC9CEB8-8B4A-11D0-8D11-00A0C91BC942}") = "1964x085-510M", "1964x\1964x 5.10 MusyX.vcproj", "{8093DA18-6D55-4807-89F1-E33B99D4237D}"
	ProjectSection(ProjectDependencies) = postProject
		{7127654B-181D-4D65-8C06-C45086FC21F9} = {7127654B-181D-4D65-8C06-C45086FC21F9}
		{D101F663-FBE6-45E1-B3CE-C70184F718EF} = {D101F663-FBE6-45E1-B3CE-C70184F718EF}
		{5AA63184-8488-4760-8A8F-2784090D5A77} = {5AA63184-8488-4760-8A8F-2784090D5A77}
		{DF18099D-35B6-4619-A8FE-CB2BC25364F4} = {DF18099D-35B6-4619-A8FE-CB2BC25364F4}
		{B03134F1-3846-4D16-B5F3-3F69C54DE23A} = {B03134F1-3846-4D16-B5F3-3F69C54DE23A}
		{BBDE61F2-D298-4B51-BA24-98831EA6B16E} = {BBDE61F2-D298-4B51-BA24-98831EA6B16E}
	EndProjectSection
EndProject
Project("{8BC9CEB8-8B4A-11D0-8D11-00A0C91BC942}") = "1964x085-510", "1964x\1964x 5.10.vcproj", "{5B602B97-9A1A-4395-A6B6-BBEB9BB1B89E}"
	ProjectSection(ProjectDependencies) = postProject
		{50BCDC05-7A50-4F10-9E30-0E291372F8A1} = {50BCDC05-7A50-4F10-9E30-0E291372F8A1}
		{7127654B-181D-4D65-8C06-C45086FC21F9} = {7127654B-181D-4D65-8C06-C45086FC21F9}
		{D101F663-FBE6-45E1-B3CE-C70184F718EF} = {D101F663-FBE6-45E1-B3CE-C70184F718EF}
		{13D8F192-23C1-4EE0-896D-3E9010A13D65} = {13D8F192-23C1-4EE0-896D-3E9010A13D65}
		{DF18099D-35B6-4619-A8FE-CB2BC25364F4} = {DF18099D-35B6-4619-A8FE-CB2BC25364F4}
		{984BB0B1-96DA-412B-82A1-5C86A4D40FBA} = {984BB0B1-96DA-412B-82A1-5C86A4D40FBA}
		{B03134F1-3846-4D16-B5F3-3F69C54DE23A} = {B03134F1-3846-4D16-B5F3-3F69C54DE23A}
		{BBDE61F2-D298-4B51-BA24-98831EA6B16E} = {BBDE61F2-D298-4B51-BA24-98831EA6B16E}
	EndProjectSection
EndProject
Project("{8BC9CEB8-8B4A-11D0-8D11-00A0C91BC942}") = "PJ64x16 5.10 MusyX", "PJ64x\PJ64-X 5.10 MusyX.vcproj", "{FC45B107-2692-476F-8A53-0B7672164C40}"
	ProjectSection(ProjectDependencies) = postProject
		{7127654B-181D-4D65-8C06-C45086FC21F9} = {7127654B-181D-4D65-8C06-C45086FC21F9}
		{D101F663-FBE6-45E1-B3CE-C70184F718EF} = {D101F663-FBE6-45E1-B3CE-C70184F718EF}
		{5AA63184-8488-4760-8A8F-2784090D5A77} = {5AA63184-8488-4760-8A8F-2784090D5A77}
		{DF18099D-35B6-4619-A8FE-CB2BC25364F4} = {DF18099D-35B6-4619-A8FE-CB2BC25364F4}
		{B03134F1-3846-4D16-B5F3-3F69C54DE23A} = {B03134F1-3846-4D16-B5F3-3F69C54DE23A}
		{BBDE61F2-D298-4B51-BA24-98831EA6B16E} = {BBDE61F2-D298-4B51-BA24-98831EA6B16E}
	EndProjectSection
EndProject
Project("{8BC9CEB8-8B4A-11D0-8D11-00A0C91BC942}") = "PJ64x16 5.10", "PJ64x\PJ64-X 5.10.vcproj", "{889EA010-906E-4817-862B-20E152193325}"
	ProjectSection(ProjectDependencies) = postProject
		{50BCDC05-7A50-4F10-9E30-0E291372F8A1} = {50BCDC05-7A50-4F10-9E30-0E291372F8A1}
		{7127654B-181D-4D65-8C06-C45086FC21F9} = {7127654B-181D-4D65-8C06-C45086FC21F9}
		{D101F663-FBE6-45E1-B3CE-C70184F718EF} = {D101F663-FBE6-45E1-B3CE-C70184F718EF}
		{13D8F192-23C1-4EE0-896D-3E9010A13D65} = {13D8F192-23C1-4EE0-896D-3E9010A13D65}
		{DF18099D-35B6-4619-A8FE-CB2BC25364F4} = {DF18099D-35B6-4619-A8FE-CB2BC25364F4}
		{984BB0B1-96DA-412B-82A1-5C86A4D40FBA} = {984BB0B1-96DA-412B-82A1-5C86A4D40FBA}
		{B03134F1-3846-4D16-B5F3-3F69C54DE23A} = {B03134F1-3846-4D16-B5F3-3F69C54DE23A}
		{BBDE61F2-D298-4B51-BA24-98831EA6B16E} = {BBDE61F2-D298-4B51-BA24-98831EA6B16E}
	EndProjectSection
EndProject
Project("{8BC9CEB8-8B4A-11D0-8D11-00A0C91BC942}") = "AudioAzimer", "Plugins\src\AudioAzimer\AudioAzimer.vcproj", "{13D8F192-23C1-4EE0-896D-3E9010A13D65}"
	ProjectSection(ProjectDependencies) = postProject
	EndProjectSection
EndProject
Project("{8BC9CEB8-8B4A-11D0-8D11-00A0C91BC942}") = "AudioJttL", "Plugins\src\AudioJttL\AudioJttL.vcproj", "{50BCDC05-7A50-4F10-9E30-0E291372F8A1}"
	ProjectSection(ProjectDependencies) = postProject
	EndProjectSection
EndProject
Project("{8BC9CEB8-8B4A-11D0-8D11-00A0C91BC942}") = "AudioMusyX", "Plugins\src\AudioMusyX\AudioMusyX\AudioMusyX.vcproj", "{5AA63184-8488-4760-8A8F-2784090D5A77}"
	ProjectSection(ProjectDependencies) = postProject
	EndProjectSection
EndProject
Project("{8BC9CEB8-8B4A-11D0-8D11-00A0C91BC942}") = "AudioNone", "Plugins\src\AudioNone\AudioNone.vcproj", "{984BB0B1-96DA-412B-82A1-5C86A4D40FBA}"
	ProjectSection(ProjectDependencies) = postProject
	EndProjectSection
EndProject
Project("{8BC9CEB8-8B4A-11D0-8D11-00A0C91BC942}") = "Input", "Plugins\src\Input\Input.vcproj", "{DF18099D-35B6-4619-A8FE-CB2BC25364F4}"
	ProjectSection(ProjectDependencies) = postProject
	EndProjectSection
EndProject
Project("{8BC9CEB8-8B4A-11D0-8D11-00A0C91BC942}") = "RSP", "Plugins\src\RSP\RSP.vcproj", "{D101F663-FBE6-45E1-B3CE-C70184F718EF}"
	ProjectSection(ProjectDependencies) = postProject
	EndProjectSection
EndProject
Project("{8BC9CEB8-8B4A-11D0-8D11-00A0C91BC942}") = "RSPHLE", "Plugins\src\RSPHLE\RSPHLE.vcproj", "{7127654B-181D-4D65-8C06-C45086FC21F9}"
	ProjectSection(ProjectDependencies) = postProject
	EndProjectSection
EndProject
Project("{8BC9CEB8-8B4A-11D0-8D11-00A0C91BC942}") = "RSPM64P", "Plugins\src\RSPM64P\RSPM64P.vcproj", "{BBDE61F2-D298-4B51-BA24-98831EA6B16E}"
	ProjectSection(ProjectDependencies) = postProject
	EndProjectSection
EndProject
Project("{8BC9CEB8-8B4A-11D0-8D11-00A0C91BC942}") = "Video5.10", "Plugins\src\Video5.10\Video 5.10.vcproj", "{B03134F1-3846-4D16-B5F3-3F69C54DE23A}"
	ProjectSection(ProjectDependencies) = postProject
	EndProjectSection
EndProject
Project("{8BC9CEB8-8B4A-11D0-8D11-00A0C91BC942}") = "1964x11-510", "1964x11\xbox\1964x11_Rice510.vcproj", "{AE93B07A-3290-4453-9045-F4FDFB2E3383}"
	ProjectSection(ProjectDependencies) = postProject
		{50BCDC05-7A50-4F10-9E30-0E291372F8A1} = {50BCDC05-7A50-4F10-9E30-0E291372F8A1}
		{7127654B-181D-4D65-8C06-C45086FC21F9} = {7127654B-181D-4D65-8C06-C45086FC21F9}
		{D101F663-FBE6-45E1-B3CE-C70184F718EF} = {D101F663-FBE6-45E1-B3CE-C70184F718EF}
		{5AA63184-8488-4760-8A8F-2784090D5A77} = {5AA63184-8488-4760-8A8F-2784090D5A77}
		{13D8F192-23C1-4EE0-896D-3E9010A13D65} = {13D8F192-23C1-4EE0-896D-3E9010A13D65}
		{DF18099D-35B6-4619-A8FE-CB2BC25364F4} = {DF18099D-35B6-4619-A8FE-CB2BC25364F4}
		{984BB0B1-96DA-412B-82A1-5C86A4D40FBA} = {984BB0B1-96DA-412B-82A1-5C86A4D40FBA}
		{B03134F1-3846-4D16-B5F3-3F69C54DE23A} = {B03134F1-3846-4D16-B5F3-3F69C54DE23A}
		{BBDE61F2-D298-4B51-BA24-98831EA6B16E} = {BBDE61F2-D298-4B51-BA24-98831EA6B16E}
	EndProjectSection
EndProject
Project("{8BC9CEB8-8B4A-11D0-8D11-00A0C91BC942}") = "1964x11-510M", "1964x11\xbox\1964x11_Rice510_MusyX.vcproj", "{33F4B993-02F8-4004-9BC9-D81AF53F4824}"
	ProjectSection(ProjectDependencies) = postProject
		{7127654B-181D-4D65-8C06-C45086FC21F9} = {7127654B-181D-4D65-8C06-C45086FC21F9}
		{D101F663-FBE6-45E1-B3CE-C70184F718EF} = {D101F663-FBE6-45E1-B3CE-C70184F718EF}
		{5AA63184-8488-4760-8A8F-2784090D5A77} = {5AA63184-8488-4760-8A8F-2784090D5A77}
		{DF18099D-35B6-4619-A8FE-CB2BC25364F4} = {DF18099D-35B6-4619-A8FE-CB2BC25364F4}
		{B03134F1-3846-4D16-B5F3-3F69C54DE23A} = {B03134F1-3846-4D16-B5F3-3F69C54DE23A}
		{BBDE61F2-D298-4B51-BA24-98831EA6B16E} = {BBDE61F2-D298-4B51-BA24-98831EA6B16E}
	EndProjectSection
EndProject
Project("{8BC9CEB8-8B4A-11D0-8D11-00A0C91BC942}") = "PJ64x14 5.10", "PJ64x14\PJ64x14 5.10.vcproj", "{889EA010-906E-4817-862B-20E152193325}"
	ProjectSection(ProjectDependencies) = postProject
		{50BCDC05-7A50-4F10-9E30-0E291372F8A1} = {50BCDC05-7A50-4F10-9E30-0E291372F8A1}
		{7127654B-181D-4D65-8C06-C45086FC21F9} = {7127654B-181D-4D65-8C06-C45086FC21F9}
		{D101F663-FBE6-45E1-B3CE-C70184F718EF} = {D101F663-FBE6-45E1-B3CE-C70184F718EF}
		{13D8F192-23C1-4EE0-896D-3E9010A13D65} = {13D8F192-23C1-4EE0-896D-3E9010A13D65}
		{DF18099D-35B6-4619-A8FE-CB2BC25364F4} = {DF18099D-35B6-4619-A8FE-CB2BC25364F4}
		{984BB0B1-96DA-412B-82A1-5C86A4D40FBA} = {984BB0B1-96DA-412B-82A1-5C86A4D40FBA}
		{B03134F1-3846-4D16-B5F3-3F69C54DE23A} = {B03134F1-3846-4D16-B5F3-3F69C54DE23A}
		{BBDE61F2-D298-4B51-BA24-98831EA6B16E} = {BBDE61F2-D298-4B51-BA24-98831EA6B16E}
	EndProjectSection
EndProject
Project("{8BC9CEB8-8B4A-11D0-8D11-00A0C91BC942}") = "PJ64x14 5.10 MusyX", "PJ64x14\PJ64x14 5.10 MusyX.vcproj", "{FC45B107-2692-476F-8A53-0B7672164C40}"
	ProjectSection(ProjectDependencies) = postProject
		{7127654B-181D-4D65-8C06-C45086FC21F9} = {7127654B-181D-4D65-8C06-C45086FC21F9}
		{D101F663-FBE6-45E1-B3CE-C70184F718EF} = {D101F663-FBE6-45E1-B3CE-C70184F718EF}
		{5AA63184-8488-4760-8A8F-2784090D5A77} = {5AA63184-8488-4760-8A8F-2784090D5A77}
		{DF18099D-35B6-4619-A8FE-CB2BC25364F4} = {DF18099D-35B6-4619-A8FE-CB2BC25364F4}
		{B03134F1-3846-4D16-B5F3-3F69C54DE23A} = {B03134F1-3846-4D16-B5F3-3F69C54DE23A}
		{BBDE61F2-D298-4B51-BA24-98831EA6B16E} = {BBDE61F2-D298-4B51-BA24-98831EA6B16E}
	EndProjectSection
EndProject
Global
	GlobalSection(SolutionConfiguration) = preSolution
		Debug = Debug
		Profile = Profile
		Profile_FastCap = Profile_FastCap
		Release = Release
		Release_LTCG = Release_LTCG
	EndGlobalSection
	GlobalSection(ProjectConfiguration) = postSolution
		{8093DA18-6D55-4807-89F1-E33B99D4237D}.Debug.ActiveCfg = Debug|Xbox
		{8093DA18-6D55-4807-89F1-E33B99D4237D}.Debug.Build.0 = Debug|Xbox
		{8093DA18-6D55-4807-89F1-E33B99D4237D}.Profile.ActiveCfg = Profile|Xbox
		{8093DA18-6D55-4807-89F1-E33B99D4237D}.Profile.Build.0 = Profile|Xbox
		{8093DA18-6D55-4807-89F1-E33B99D4237D}.Profile_FastCap.ActiveCfg = Profile_FastCap|Xbox
		{8093DA18-6D55-4807-89F1-E33B99D4237D}.Profile_FastCap.Build.0 = Profile_FastCap|Xbox
		{8093DA18-6D55-4807-89F1-E33B99D4237D}.Release.ActiveCfg = Release|Xbox
		{8093DA18-6D55-4807-89F1-E33B99D4237D}.Release.Build.0 = Release|Xbox
		{8093DA18-6D55-4807-89F1-E33B99D4237D}.Release_LTCG.ActiveCfg = Release_LTCG|Xbox
		{8093DA18-6D55-4807-89F1-E33B99D4237D}.Release_LTCG.Build.0 = Release_LTCG|Xbox
		{5B602B97-9A1A-4395-A6B6-BBEB9BB1B89E}.Debug.ActiveCfg = Debug|Xbox
		{5B602B97-9A1A-4395-A6B6-BBEB9BB1B89E}.Debug.Build.0 = Debug|Xbox
		{5B602B97-9A1A-4395-A6B6-BBEB9BB1B89E}.Profile.ActiveCfg = Profile|Xbox
		{5B602B97-9A1A-4395-A6B6-BBEB9BB1B89E}.Profile.Build.0 = Profile|Xbox
		{5B602B97-9A1A-4395-A6B6-BBEB9BB1B89E}.Profile_FastCap.ActiveCfg = Profile_FastCap|Xbox
		{5B602B97-9A1A-4395-A6B6-BBEB9BB1B89E}.Profile_FastCap.Build.0 = Profile_FastCap|Xbox
		{5B602B97-9A1A-4395-A6B6-BBEB9BB1B89E}.Release.ActiveCfg = Release|Xbox
		{5B602B97-9A1A-4395-A6B6-BBEB9BB1B89E}.Release.Build.0 = Release|Xbox
		{5B602B97-9A1A-4395-A6B6-BBEB9BB1B89E}.Release_LTCG.ActiveCfg = Release_LTCG|Xbox
		{5B602B97-9A1A-4395-A6B6-BBEB9BB1B89E}.Release_LTCG.Build.0 = Release_LTCG|Xbox
		{FC45B107-2692-476F-8A53-0B7672164C40}.Debug.ActiveCfg = Debug|Xbox
		{FC45B107-2692-476F-8A53-0B7672164C40}.Debug.Build.0 = Debug|Xbox
		{FC45B107-2692-476F-8A53-0B7672164C40}.Profile.ActiveCfg = Profile|Xbox
		{FC45B107-2692-476F-8A53-0B7672164C40}.Profile.Build.0 = Profile|Xbox
		{FC45B107-2692-476F-8A53-0B7672164C40}.Profile_FastCap.ActiveCfg = Profile_FastCap|Xbox
		{FC45B107-2692-476F-8A53-0B7672164C40}.Profile_FastCap.Build.0 = Profile_FastCap|Xbox
		{FC45B107-2692-476F-8A53-0B7672164C40}.Release.ActiveCfg = Release|Xbox
		{FC45B107-2692-476F-8A53-0B7672164C40}.Release.Build.0 = Release|Xbox
		{FC45B107-2692-476F-8A53-0B7672164C40}.Release_LTCG.ActiveCfg = Release_LTCG|Xbox
		{FC45B107-2692-476F-8A53-0B7672164C40}.Release_LTCG.Build.0 = Release_LTCG|Xbox
		{889EA010-906E-4817-862B-20E152193325}.Debug.ActiveCfg = Debug|Xbox
		{889EA010-906E-4817-862B-20E152193325}.Debug.Build.0 = Debug|Xbox
		{889EA010-906E-4817-862B-20E152193325}.Profile.ActiveCfg = Profile|Xbox
		{889EA010-906E-4817-862B-20E152193325}.Profile.Build.0 = Profile|Xbox
		{889EA010-906E-4817-862B-20E152193325}.Profile_FastCap.ActiveCfg = Profile_FastCap|Xbox
		{889EA010-906E-4817-862B-20E152193325}.Profile_FastCap.Build.0 = Profile_FastCap|Xbox
		{889EA010-906E-4817-862B-20E152193325}.Release.ActiveCfg = Release|Xbox
		{889EA010-906E-4817-862B-20E152193325}.Release.Build.0 = Release|Xbox
		{889EA010-906E-4817-862B-20E152193325}.Release_LTCG.ActiveCfg = Release_LTCG|Xbox
		{889EA010-906E-4817-862B-20E152193325}.Release_LTCG.Build.0 = Release_LTCG|Xbox
		{13D8F192-23C1-4EE0-896D-3E9010A13D65}.Debug.ActiveCfg = Debug|Xbox
		{13D8F192-23C1-4EE0-896D-3E9010A13D65}.Debug.Build.0 = Debug|Xbox
		{13D8F192-23C1-4EE0-896D-3E9010A13D65}.Profile.ActiveCfg = Profile|Xbox
		{13D8F192-23C1-4EE0-896D-3E9010A13D65}.Profile.Build.0 = Profile|Xbox
		{13D8F192-23C1-4EE0-896D-3E9010A13D65}.Profile_FastCap.ActiveCfg = Profile_FastCap|Xbox
		{13D8F192-23C1-4EE0-896D-3E9010A13D65}.Profile_FastCap.Build.0 = Profile_FastCap|Xbox
		{13D8F192-23C1-4EE0-896D-3E9010A13D65}.Release.ActiveCfg = Release|Xbox
		{13D8F192-23C1-4EE0-896D-3E9010A13D65}.Release.Build.0 = Release|Xbox
		{13D8F192-23C1-4EE0-896D-3E9010A13D65}.Release_LTCG.ActiveCfg = Release_LTCG|Xbox
		{13D8F192-23C1-4EE0-896D-3E9010A13D65}.Release_LTCG.Build.0 = Release_LTCG|Xbox
		{50BCDC05-7A50-4F10-9E30-0E291372F8A1}.Debug.ActiveCfg = Debug|Xbox
		{50BCDC05-7A50-4F10-9E30-0E291372F8A1}.Debug.Build.0 = Debug|Xbox
		{50BCDC05-7A50-4F10-9E30-0E291372F8A1}.Profile.ActiveCfg = Profile|Xbox
		{50BCDC05-7A50-4F10-9E30-0E291372F8A1}.Profile.Build.0 = Profile|Xbox
		{50BCDC05-7A50-4F10-9E30-0E291372F8A1}.Profile_FastCap.ActiveCfg = Profile_FastCap|Xbox
		{50BCDC05-7A50-4F10-9E30-0E291372F8A1}.Profile_FastCap.Build.0 = Profile_FastCap|Xbox
		{50BCDC05-7A50-4F10-9E30-0E291372F8A1}.Release.ActiveCfg = Release|Xbox
		{50BCDC05-7A50-4F10-9E30-0E291372F8A1}.Release.Build.0 = Release|Xbox
		{50BCDC05-7A50-4F10-9E30-0E291372F8A1}.Release_LTCG.ActiveCfg = Release_LTCG|Xbox
		{50BCDC05-7A50-4F10-9E30-0E291372F8A1}.Release_LTCG.Build.0 = Release_LTCG|Xbox
		{5AA63184-8488-4760-8A8F-2784090D5A77}.Debug.ActiveCfg = Debug|Xbox
		{5AA63184-8488-4760-8A8F-2784090D5A77}.Debug.Build.0 = Debug|Xbox
		{5AA63184-8488-4760-8A8F-2784090D5A77}.Profile.ActiveCfg = Profile|Xbox
		{5AA63184-8488-4760-8A8F-2784090D5A77}.Profile.Build.0 = Profile|Xbox
		{5AA63184-8488-4760-8A8F-2784090D5A77}.Profile_FastCap.ActiveCfg = Profile_FastCap|Xbox
		{5AA63184-8488-4760-8A8F-2784090D5A77}.Profile_FastCap.Build.0 = Profile_FastCap|Xbox
		{5AA63184-8488-4760-8A8F-2784090D5A77}.Release.ActiveCfg = Release|Xbox
		{5AA63184-8488-4760-8A8F-2784090D5A77}.Release.Build.0 = Release|Xbox
		{5AA63184-8488-4760-8A8F-2784090D5A77}.Release_LTCG.ActiveCfg = Release_LTCG|Xbox
		{5AA63184-8488-4760-8A8F-2784090D5A77}.Release_LTCG.Build.0 = Release_LTCG|Xbox
		{984BB0B1-96DA-412B-82A1-5C86A4D40FBA}.Debug.ActiveCfg = Debug|Xbox
		{984BB0B1-96DA-412B-82A1-5C86A4D40FBA}.Debug.Build.0 = Debug|Xbox
		{984BB0B1-96DA-412B-82A1-5C86A4D40FBA}.Profile.ActiveCfg = Profile|Xbox
		{984BB0B1-96DA-412B-82A1-5C86A4D40FBA}.Profile.Build.0 = Profile|Xbox
		{984BB0B1-96DA-412B-82A1-5C86A4D40FBA}.Profile_FastCap.ActiveCfg = Profile_FastCap|Xbox
		{984BB0B1-96DA-412B-82A1-5C86A4D40FBA}.Profile_FastCap.Build.0 = Profile_FastCap|Xbox
		{984BB0B1-96DA-412B-82A1-5C86A4D40FBA}.Release.ActiveCfg = Release|Xbox
		{984BB0B1-96DA-412B-82A1-5C86A4D40FBA}.Release.Build.0 = Release|Xbox
		{984BB0B1-96DA-412B-82A1-5C86A4D40FBA}.Release_LTCG.ActiveCfg = Release_LTCG|Xbox
		{984BB0B1-96DA-412B-82A1-5C86A4D40FBA}.Release_LTCG.Build.0 = Release_LTCG|Xbox
		{DF18099D-35B6-4619-A8FE-CB2BC25364F4}.Debug.ActiveCfg = Debug|Xbox
		{DF18099D-35B6-4619-A8FE-CB2BC25364F4}.Debug.Build.0 = Debug|Xbox
		{DF18099D-35B6-4619-A8FE-CB2BC25364F4}.Profile.ActiveCfg = Profile|Xbox
		{DF18099D-35B6-4619-A8FE-CB2BC25364F4}.Profile.Build.0 = Profile|Xbox
		{DF18099D-35B6-4619-A8FE-CB2BC25364F4}.Profile_FastCap.ActiveCfg = Profile_FastCap|Xbox
		{DF18099D-35B6-4619-A8FE-CB2BC25364F4}.Profile_FastCap.Build.0 = Profile_FastCap|Xbox
		{DF18099D-35B6-4619-A8FE-CB2BC25364F4}.Release.ActiveCfg = Release|Xbox
		{DF18099D-35B6-4619-A8FE-CB2BC25364F4}.Release.Build.0 = Release|Xbox
		{DF18099D-35B6-4619-A8FE-CB2BC25364F4}.Release_LTCG.ActiveCfg = Release_LTCG|Xbox
		{DF18099D-35B6-4619-A8FE-CB2BC25364F4}.Release_LTCG.Build.0 = Release_LTCG|Xbox
		{D101F663-FBE6-45E1-B3CE-C70184F718EF}.Debug.ActiveCfg = Debug|Xbox
		{D101F663-FBE6-45E1-B3CE-C70184F718EF}.Debug.Build.0 = Debug|Xbox
		{D101F663-FBE6-45E1-B3CE-C70184F718EF}.Profile.ActiveCfg = Profile|Xbox
		{D101F663-FBE6-45E1-B3CE-C70184F718EF}.Profile.Build.0 = Profile|Xbox
		{D101F663-FBE6-45E1-B3CE-C70184F718EF}.Profile_FastCap.ActiveCfg = Profile_FastCap|Xbox
		{D101F663-FBE6-45E1-B3CE-C70184F718EF}.Profile_FastCap.Build.0 = Profile_FastCap|Xbox
		{D101F663-FBE6-45E1-B3CE-C70184F718EF}.Release.ActiveCfg = Release|Xbox
		{D101F663-FBE6-45E1-B3CE-C70184F718EF}.Release.Build.0 = Release|Xbox
		{D101F663-FBE6-45E1-B3CE-C70184F718EF}.Release_LTCG.ActiveCfg = Release_LTCG|Xbox
		{D101F663-FBE6-45E1-B3CE-C70184F718EF}.Release_LTCG.Build.0 = Release_LTCG|Xbox
		{7127654B-181D-4D65-8C06-C45086FC21F9}.Debug.ActiveCfg = Debug|Xbox
		{7127654B-181D-4D65-8C06-C45086FC21F9}.Debug.Build.0 = Debug|Xbox
		{7127654B-181D-4D65-8C06-C45086FC21F9}.Profile.ActiveCfg = Profile|Xbox
		{7127654B-181D-4D65-8C06-C45086FC21F9}.Profile.Build.0 = Profile|Xbox
		{7127654B-181D-4D65-8C06-C45086FC21F9}.Profile_FastCap.ActiveCfg = Profile_FastCap|Xbox
		{7127654B-181D-4D65-8C06-C45086FC21F9}.Profile_FastCap.Build.0 = Profile_FastCap|Xbox
		{7127654B-181D-4D65-8C06-C45086FC21F9}.Release.ActiveCfg = Release|Xbox
		{7127654B-181D-4D65-8C06-C45086FC21F9}.Release.Build.0 = Release|Xbox
		{7127654B-181D-4D65-8C06-C45086FC21F9}.Release_LTCG.ActiveCfg = Release_LTCG|Xbox
		{7127654B-181D-4D65-8C06-C45086FC21F9}.Release_LTCG.Build.0 = Release_LTCG|Xbox
		{BBDE61F2-D298-4B51-BA24-98831EA6B16E}.Debug.ActiveCfg = Debug|Xbox
		{BBDE61F2-D298-4B51-BA24-98831EA6B16E}.Debug.Build.0 = Debug|Xbox
		{BBDE61F2-D298-4B51-BA24-98831EA6B16E}.Profile.ActiveCfg = Profile|Xbox
		{BBDE61F2-D298-4B51-BA24-98831EA6B16E}.Profile.Build.0 = Profile|Xbox
		{BBDE61F2-D298-4B51-BA24-98831EA6B16E}.Profile_FastCap.ActiveCfg = Profile_FastCap|Xbox
		{BBDE61F2-D298-4B51-BA24-98831EA6B16E}.Profile_FastCap.Build.0 = Profile_FastCap|Xbox
		{BBDE61F2-D298-4B51-BA24-98831EA6B16E}.Release.ActiveCfg = Release|Xbox
		{BBDE61F2-D298-4B51-BA24-98831EA6B16E}.Release.Build.0 = Release|Xbox
		{BBDE61F2-D298-4B51-BA24-98831EA6B16E}.Release_LTCG.ActiveCfg = Release_LTCG|Xbox
		{BBDE61F2-D298-4B51-BA24-98831EA6B16E}.Release_LTCG.Build.0 = Release_LTCG|Xbox
		{B03134F1-3846-4D16-B5F3-3F69C54DE23A}.Debug.ActiveCfg = Debug|Xbox
		{B03134F1-3846-4D16-B5F3-3F69C54DE23A}.Debug.Build.0 = Debug|Xbox
		{B03134F1-3846-4D16-B5F3-3F69C54DE23A}.Profile.ActiveCfg = Profile|Xbox
		{B03134F1-3846-4D16-B5F3-3F69C54DE23A}.Profile.Build.0 = Profile|Xbox
		{B03134F1-3846-4D16-B5F3-3F69C54DE23A}.Profile_FastCap.ActiveCfg = Profile_FastCap|Xbox
		{B03134F1-3846-4D16-B5F3-3F69C54DE23A}.Profile_FastCap.Build.0 = Profile_FastCap|Xbox
		{B03134F1-3846-4D16-B5F3-3F69C54DE23A}.Release.ActiveCfg = Release|Xbox
		{B03134F1-3846-4D16-B5F3-3F69C54DE23A}.Release.Build.0 = Release|Xbox
		{B03134F1-3846-4D16-B5F3-3F69C54DE23A}.Release_LTCG.ActiveCfg = Release|Xbox
		{B03134F1-3846-4D16-B5F3-3F69C54DE23A}.Release_LTCG.Build.0 = Release|Xbox
		{AE93B07A-3290-4453-9045-F4FDFB2E3383}.Debug.ActiveCfg = Debug|Xbox
		{AE93B07A-3290-4453-9045-F4FDFB2E3383}.Debug.Build.0 = Debug|Xbox
		{AE93B07A-3290-4453-9045-F4FDFB2E3383}.Profile.ActiveCfg = Profile|Xbox
		{AE93B07A-3290-4453-9045-F4FDFB2E3383}.Profile.Build.0 = Profile|Xbox
		{AE93B07A-3290-4453-9045-F4FDFB2E3383}.Profile_FastCap.ActiveCfg = Profile_FastCap|Xbox
		{AE93B07A-3290-4453-9045-F4FDFB2E3383}.Profile_FastCap.Build.0 = Profile_FastCap|Xbox
		{AE93B07A-3290-4453-9045-F4FDFB2E3383}.Release.ActiveCfg = Release|Xbox
		{AE93B07A-3290-4453-9045-F4FDFB2E3383}.Release.Build.0 = Release|Xbox
		{AE93B07A-3290-4453-9045-F4FDFB2E3383}.Release_LTCG.ActiveCfg = Release_LTCG|Xbox
		{AE93B07A-3290-4453-9045-F4FDFB2E3383}.Release_LTCG.Build.0 = Release_LTCG|Xbox
		{33F4B993-02F8-4004-9BC9-D81AF53F4824}.Debug.ActiveCfg = Debug|Xbox
		{33F4B993-02F8-4004-9BC9-D81AF53F4824}.Debug.Build.0 = Debug|Xbox
		{33F4B993-02F8-4004-9BC9-D81AF53F4824}.Profile.ActiveCfg = Profile|Xbox
		{33F4B993-02F8-4004-9BC9-D81AF53F4824}.Profile.Build.0 = Profile|Xbox
		{33F4B993-02F8-4004-9BC9-D81AF53F4824}.Profile_FastCap.ActiveCfg = Profile_FastCap|Xbox
		{33F4B993-02F8-4004-9BC9-D81AF53F4824}.Profile_FastCap.Build.0 = Profile_FastCap|Xbox
		{33F4B993-02F8-4004-9BC9-D81AF53F4824}.Release.ActiveCfg = Release|Xbox
		{33F4B993-02F8-4004-9BC9-D81AF53F4824}.Release.Build.0 = Release|Xbox
		{33F4B993-02F8-4004-9BC9-D81AF53F4824}.Release_LTCG.ActiveCfg = Release_LTCG|Xbox
		{33F4B993-02F8-4004-9BC9-D81AF53F4824}.Release_LTCG.Build.0 = Release_LTCG|Xbox
		{889EA010-906E-4817-862B-20E152193325}.Debug.ActiveCfg = Debug|Xbox
		{889EA010-906E-4817-862B-20E152193325}.Debug.Build.0 = Debug|Xbox
		{889EA010-906E-4817-862B-20E152193325}.Profile.ActiveCfg = Profile|Xbox
		{889EA010-906E-4817-862B-20E152193325}.Profile.Build.0 = Profile|Xbox
		{889EA010-906E-4817-862B-20E152193325}.Profile_FastCap.ActiveCfg = Profile_FastCap|Xbox
		{889EA010-906E-4817-862B-20E152193325}.Profile_FastCap.Build.0 = Profile_FastCap|Xbox
		{889EA010-906E-4817-862B-20E152193325}.Release.ActiveCfg = Release|Xbox
		{889EA010-906E-4817-862B-20E152193325}.Release.Build.0 = Release|Xbox
		{889EA010-906E-4817-862B-20E152193325}.Release_LTCG.ActiveCfg = Release_LTCG|Xbox
		{889EA010-906E-4817-862B-20E152193325}.Release_LTCG.Build.0 = Release_LTCG|Xbox
		{FC45B107-2692-476F-8A53-0B7672164C40}.Debug.ActiveCfg = Debug|Xbox
		{FC45B107-2692-476F-8A53-0B7672164C40}.Debug.Build.0 = Debug|Xbox
		{FC45B107-2692-476F-8A53-0B7672164C40}.Profile.ActiveCfg = Profile|Xbox
		{FC45B107-2692-476F-8A53-0B7672164C40}.Profile.Build.0 = Profile|Xbox
		{FC45B107-2692-476F-8A53-0B7672164C40}.Profile_FastCap.ActiveCfg = Profile_FastCap|Xbox
		{FC45B107-2692-476F-8A53-0B7672164C40}.Profile_FastCap.Build.0 = Profile_FastCap|Xbox
		{FC45B107-2692-476F-8A53-0B7672164C40}.Release.ActiveCfg = Release|Xbox
		{FC45B107-2692-476F-8A53-0B7672164C40}.Release.Build.0 = Release|Xbox
		{FC45B107-2692-476F-8A53-0B7672164C40}.Release_LTCG.ActiveCfg = Release_LTCG|Xbox
		{FC45B107-2692-476F-8A53-0B7672164C40}.Release_LTCG.Build.0 = Release_LTCG|Xbox
	EndGlobalSection
	GlobalSection(ExtensibilityGlobals) = postSolution
	EndGlobalSection
	GlobalSection(ExtensibilityAddIns) = postSolution
	EndGlobalSection
EndGlobal
