Microsoft Visual Studio Solution File, Format Version 8.00
Project("{8BC9CEB8-8B4A-11D0-8D11-00A0C91BC942}") = "1964x085-531M", "1964x\1964x 5.31 MusyX.vcproj", "{413E1446-11D0-4252-BD79-BB8D6B6E172C}"
	ProjectSection(ProjectDependencies) = postProject
		{C8908F4A-7638-4356-BF03-849266C2C69D} = {C8908F4A-7638-4356-BF03-849266C2C69D}
		{7127654B-181D-4D65-8C06-C45086FC21F9} = {7127654B-181D-4D65-8C06-C45086FC21F9}
		{D101F663-FBE6-45E1-B3CE-C70184F718EF} = {D101F663-FBE6-45E1-B3CE-C70184F718EF}
		{5AA63184-8488-4760-8A8F-2784090D5A77} = {5AA63184-8488-4760-8A8F-2784090D5A77}
		{DF18099D-35B6-4619-A8FE-CB2BC25364F4} = {DF18099D-35B6-4619-A8FE-CB2BC25364F4}
		{BBDE61F2-D298-4B51-BA24-98831EA6B16E} = {BBDE61F2-D298-4B51-BA24-98831EA6B16E}
	EndProjectSection
EndProject
Project("{8BC9CEB8-8B4A-11D0-8D11-00A0C91BC942}") = "1964x085-531", "1964x\1964x 5.31.vcproj", "{9F89AF5B-E391-4960-93DC-A8EF88F79C96}"
	ProjectSection(ProjectDependencies) = postProject
		{50BCDC05-7A50-4F10-9E30-0E291372F8A1} = {50BCDC05-7A50-4F10-9E30-0E291372F8A1}
		{C8908F4A-7638-4356-BF03-849266C2C69D} = {C8908F4A-7638-4356-BF03-849266C2C69D}
		{7127654B-181D-4D65-8C06-C45086FC21F9} = {7127654B-181D-4D65-8C06-C45086FC21F9}
		{D101F663-FBE6-45E1-B3CE-C70184F718EF} = {D101F663-FBE6-45E1-B3CE-C70184F718EF}
		{13D8F192-23C1-4EE0-896D-3E9010A13D65} = {13D8F192-23C1-4EE0-896D-3E9010A13D65}
		{DF18099D-35B6-4619-A8FE-CB2BC25364F4} = {DF18099D-35B6-4619-A8FE-CB2BC25364F4}
		{984BB0B1-96DA-412B-82A1-5C86A4D40FBA} = {984BB0B1-96DA-412B-82A1-5C86A4D40FBA}
		{BBDE61F2-D298-4B51-BA24-98831EA6B16E} = {BBDE61F2-D298-4B51-BA24-98831EA6B16E}
	EndProjectSection
EndProject
Project("{8BC9CEB8-8B4A-11D0-8D11-00A0C91BC942}") = "PJ64x16 5.31 MusyX", "PJ64x\PJ64-X 5.31 MusyX.vcproj", "{60CFD403-F582-4481-AFDE-DA1F05A7C357}"
	ProjectSection(ProjectDependencies) = postProject
		{C8908F4A-7638-4356-BF03-849266C2C69D} = {C8908F4A-7638-4356-BF03-849266C2C69D}
		{7127654B-181D-4D65-8C06-C45086FC21F9} = {7127654B-181D-4D65-8C06-C45086FC21F9}
		{D101F663-FBE6-45E1-B3CE-C70184F718EF} = {D101F663-FBE6-45E1-B3CE-C70184F718EF}
		{5AA63184-8488-4760-8A8F-2784090D5A77} = {5AA63184-8488-4760-8A8F-2784090D5A77}
		{DF18099D-35B6-4619-A8FE-CB2BC25364F4} = {DF18099D-35B6-4619-A8FE-CB2BC25364F4}
		{BBDE61F2-D298-4B51-BA24-98831EA6B16E} = {BBDE61F2-D298-4B51-BA24-98831EA6B16E}
	EndProjectSection
EndProject
Project("{8BC9CEB8-8B4A-11D0-8D11-00A0C91BC942}") = "PJ64x16 5.31", "PJ64x\PJ64-X 5.31.vcproj", "{20B03EDE-81D0-4751-AF9D-746CC615C1FA}"
	ProjectSection(ProjectDependencies) = postProject
		{50BCDC05-7A50-4F10-9E30-0E291372F8A1} = {50BCDC05-7A50-4F10-9E30-0E291372F8A1}
		{C8908F4A-7638-4356-BF03-849266C2C69D} = {C8908F4A-7638-4356-BF03-849266C2C69D}
		{7127654B-181D-4D65-8C06-C45086FC21F9} = {7127654B-181D-4D65-8C06-C45086FC21F9}
		{D101F663-FBE6-45E1-B3CE-C70184F718EF} = {D101F663-FBE6-45E1-B3CE-C70184F718EF}
		{13D8F192-23C1-4EE0-896D-3E9010A13D65} = {13D8F192-23C1-4EE0-896D-3E9010A13D65}
		{DF18099D-35B6-4619-A8FE-CB2BC25364F4} = {DF18099D-35B6-4619-A8FE-CB2BC25364F4}
		{984BB0B1-96DA-412B-82A1-5C86A4D40FBA} = {984BB0B1-96DA-412B-82A1-5C86A4D40FBA}
		{BBDE61F2-D298-4B51-BA24-98831EA6B16E} = {BBDE61F2-D298-4B51-BA24-98831EA6B16E}
	EndProjectSection
EndProject
Project("{8BC9CEB8-8B4A-11D0-8D11-00A0C91BC942}") = "AudioAzimer", "Plugins\src\AudioAzimer\AudioAzimer.vcproj", "{13D8F192-23C1-4EE0-896D-3E9010A13D65}"
	ProjectSection(ProjectDependencies) = postProject
	EndProjectSection
EndProject
Project("{8BC9CEB8-8B4A-11D0-8D11-00A0C91BC942}") = "AudioJttL", "Plugins\src\AudioJttL\AudioJttL.vcproj", "{50BCDC05-7A50-4F10-9E30-0E291372F8A1}"
	ProjectSection(ProjectDependencies) = postProject
	EndProjectSection
EndProject
Project("{8BC9CEB8-8B4A-11D0-8D11-00A0C91BC942}") = "AudioMusyX", "Plugins\src\AudioMusyX\AudioMusyX\AudioMusyX.vcproj", "{5AA63184-8488-4760-8A8F-2784090D5A77}"
	ProjectSection(ProjectDependencies) = postProject
	EndProjectSection
EndProject
Project("{8BC9CEB8-8B4A-11D0-8D11-00A0C91BC942}") = "AudioNone", "Plugins\src\AudioNone\AudioNone.vcproj", "{984BB0B1-96DA-412B-82A1-5C86A4D40FBA}"
	ProjectSection(ProjectDependencies) = postProject
	EndProjectSection
EndProject
Project("{8BC9CEB8-8B4A-11D0-8D11-00A0C91BC942}") = "Input", "Plugins\src\Input\Input.vcproj", "{DF18099D-35B6-4619-A8FE-CB2BC25364F4}"
	ProjectSection(ProjectDependencies) = postProject
	EndProjectSection
EndProject
Project("{8BC9CEB8-8B4A-11D0-8D11-00A0C91BC942}") = "RSP", "Plugins\src\RSP\RSP.vcproj", "{D101F663-FBE6-45E1-B3CE-C70184F718EF}"
	ProjectSection(ProjectDependencies) = postProject
	EndProjectSection
EndProject
Project("{8BC9CEB8-8B4A-11D0-8D11-00A0C91BC942}") = "RSPHLE", "Plugins\src\RSPHLE\RSPHLE.vcproj", "{7127654B-181D-4D65-8C06-C45086FC21F9}"
	ProjectSection(ProjectDependencies) = postProject
	EndProjectSection
EndProject
Project("{8BC9CEB8-8B4A-11D0-8D11-00A0C91BC942}") = "RSPM64P", "Plugins\src\RSPM64P\RSPM64P.vcproj", "{BBDE61F2-D298-4B51-BA24-98831EA6B16E}"
	ProjectSection(ProjectDependencies) = postProject
	EndProjectSection
EndProject
Project("{8BC9CEB8-8B4A-11D0-8D11-00A0C91BC942}") = "Video5.31", "Plugins\src\Video5.31\Video5.31.vcproj", "{C8908F4A-7638-4356-BF03-849266C2C69D}"
	ProjectSection(ProjectDependencies) = postProject
	EndProjectSection
EndProject
Project("{8BC9CEB8-8B4A-11D0-8D11-00A0C91BC942}") = "1964x11-531", "1964x11\xbox\1964x11_Rice531.vcproj", "{AE93B07A-3290-4453-9045-F4FDFB2E3383}"
	ProjectSection(ProjectDependencies) = postProject
		{50BCDC05-7A50-4F10-9E30-0E291372F8A1} = {50BCDC05-7A50-4F10-9E30-0E291372F8A1}
		{C8908F4A-7638-4356-BF03-849266C2C69D} = {C8908F4A-7638-4356-BF03-849266C2C69D}
		{7127654B-181D-4D65-8C06-C45086FC21F9} = {7127654B-181D-4D65-8C06-C45086FC21F9}
		{D101F663-FBE6-45E1-B3CE-C70184F718EF} = {D101F663-FBE6-45E1-B3CE-C70184F718EF}
		{5AA63184-8488-4760-8A8F-2784090D5A77} = {5AA63184-8488-4760-8A8F-2784090D5A77}
		{13D8F192-23C1-4EE0-896D-3E9010A13D65} = {13D8F192-23C1-4EE0-896D-3E9010A13D65}
		{DF18099D-35B6-4619-A8FE-CB2BC25364F4} = {DF18099D-35B6-4619-A8FE-CB2BC25364F4}
		{984BB0B1-96DA-412B-82A1-5C86A4D40FBA} = {984BB0B1-96DA-412B-82A1-5C86A4D40FBA}
		{DAE1DCB6-1992-4939-B13B-A59451415CC2} = {DAE1DCB6-1992-4939-B13B-A59451415CC2}
		{BBDE61F2-D298-4B51-BA24-98831EA6B16E} = {BBDE61F2-D298-4B51-BA24-98831EA6B16E}
	EndProjectSection
EndProject
Project("{8BC9CEB8-8B4A-11D0-8D11-00A0C91BC942}") = "1964x11-531M", "1964x11\xbox\1964x11_Rice531_MusyX.vcproj", "{33F4B993-02F8-4004-9BC9-D81AF53F4824}"
	ProjectSection(ProjectDependencies) = postProject
		{C8908F4A-7638-4356-BF03-849266C2C69D} = {C8908F4A-7638-4356-BF03-849266C2C69D}
		{7127654B-181D-4D65-8C06-C45086FC21F9} = {7127654B-181D-4D65-8C06-C45086FC21F9}
		{D101F663-FBE6-45E1-B3CE-C70184F718EF} = {D101F663-FBE6-45E1-B3CE-C70184F718EF}
		{5AA63184-8488-4760-8A8F-2784090D5A77} = {5AA63184-8488-4760-8A8F-2784090D5A77}
		{DF18099D-35B6-4619-A8FE-CB2BC25364F4} = {DF18099D-35B6-4619-A8FE-CB2BC25364F4}
		{BBDE61F2-D298-4B51-BA24-98831EA6B16E} = {BBDE61F2-D298-4B51-BA24-98831EA6B16E}
	EndProjectSection
EndProject
Project("{8BC9CEB8-8B4A-11D0-8D11-00A0C91BC942}") = "PJ64x14 5.31", "PJ64x14\PJ64x14 5.31.vcproj", "{889EA010-906E-4817-862B-20E152193325}"
	ProjectSection(ProjectDependencies) = postProject
		{50BCDC05-7A50-4F10-9E30-0E291372F8A1} = {50BCDC05-7A50-4F10-9E30-0E291372F8A1}
		{C8908F4A-7638-4356-BF03-849266C2C69D} = {C8908F4A-7638-4356-BF03-849266C2C69D}
		{7127654B-181D-4D65-8C06-C45086FC21F9} = {7127654B-181D-4D65-8C06-C45086FC21F9}
		{D101F663-FBE6-45E1-B3CE-C70184F718EF} = {D101F663-FBE6-45E1-B3CE-C70184F718EF}
		{13D8F192-23C1-4EE0-896D-3E9010A13D65} = {13D8F192-23C1-4EE0-896D-3E9010A13D65}
		{DF18099D-35B6-4619-A8FE-CB2BC25364F4} = {DF18099D-35B6-4619-A8FE-CB2BC25364F4}
		{984BB0B1-96DA-412B-82A1-5C86A4D40FBA} = {984BB0B1-96DA-412B-82A1-5C86A4D40FBA}
		{BBDE61F2-D298-4B51-BA24-98831EA6B16E} = {BBDE61F2-D298-4B51-BA24-98831EA6B16E}
	EndProjectSection
EndProject
Project("{8BC9CEB8-8B4A-11D0-8D11-00A0C91BC942}") = "PJ64x14 5.31 MusyX", "PJ64x14\PJ64x14 5.31 MusyX.vcproj", "{FC45B107-2692-476F-8A53-0B7672164C40}"
	ProjectSection(ProjectDependencies) = postProject
		{C8908F4A-7638-4356-BF03-849266C2C69D} = {C8908F4A-7638-4356-BF03-849266C2C69D}
		{7127654B-181D-4D65-8C06-C45086FC21F9} = {7127654B-181D-4D65-8C06-C45086FC21F9}
		{D101F663-FBE6-45E1-B3CE-C70184F718EF} = {D101F663-FBE6-45E1-B3CE-C70184F718EF}
		{5AA63184-8488-4760-8A8F-2784090D5A77} = {5AA63184-8488-4760-8A8F-2784090D5A77}
		{DF18099D-35B6-4619-A8FE-CB2BC25364F4} = {DF18099D-35B6-4619-A8FE-CB2BC25364F4}
		{BBDE61F2-D298-4B51-BA24-98831EA6B16E} = {BBDE61F2-D298-4B51-BA24-98831EA6B16E}
	EndProjectSection
EndProject
Project("{8BC9CEB8-8B4A-11D0-8D11-00A0C91BC942}") = "AudioM64plus", "Plugins\src\AudioMupen64Plus\AudioM64plus.vcproj", "{DAE1DCB6-1992-4939-B13B-A59451415CC2}"
	ProjectSection(ProjectDependencies) = postProject
	EndProjectSection
EndProject
Global
	GlobalSection(SolutionConfiguration) = preSolution
		Debug = Debug
		Profile = Profile
		Profile_FastCap = Profile_FastCap
		Release = Release
		Release_ICC = Release_ICC
		Release_LTCG = Release_LTCG
	EndGlobalSection
	GlobalSection(ProjectConfiguration) = postSolution
		{413E1446-11D0-4252-BD79-BB8D6B6E172C}.Debug.ActiveCfg = Debug|Xbox
		{413E1446-11D0-4252-BD79-BB8D6B6E172C}.Debug.Build.0 = Debug|Xbox
		{413E1446-11D0-4252-BD79-BB8D6B6E172C}.Profile.ActiveCfg = Profile|Xbox
		{413E1446-11D0-4252-BD79-BB8D6B6E172C}.Profile.Build.0 = Profile|Xbox
		{413E1446-11D0-4252-BD79-BB8D6B6E172C}.Profile_FastCap.ActiveCfg = Profile_FastCap|Xbox
		{413E1446-11D0-4252-BD79-BB8D6B6E172C}.Profile_FastCap.Build.0 = Profile_FastCap|Xbox
		{413E1446-11D0-4252-BD79-BB8D6B6E172C}.Release.ActiveCfg = Release|Xbox
		{413E1446-11D0-4252-BD79-BB8D6B6E172C}.Release.Build.0 = Release|Xbox
		{413E1446-11D0-4252-BD79-BB8D6B6E172C}.Release_ICC.ActiveCfg = Release|Xbox
		{413E1446-11D0-4252-BD79-BB8D6B6E172C}.Release_ICC.Build.0 = Release|Xbox
		{413E1446-11D0-4252-BD79-BB8D6B6E172C}.Release_LTCG.ActiveCfg = Release_LTCG|Xbox
		{413E1446-11D0-4252-BD79-BB8D6B6E172C}.Release_LTCG.Build.0 = Release_LTCG|Xbox
		{9F89AF5B-E391-4960-93DC-A8EF88F79C96}.Debug.ActiveCfg = Debug|Xbox
		{9F89AF5B-E391-4960-93DC-A8EF88F79C96}.Debug.Build.0 = Debug|Xbox
		{9F89AF5B-E391-4960-93DC-A8EF88F79C96}.Profile.ActiveCfg = Profile|Xbox
		{9F89AF5B-E391-4960-93DC-A8EF88F79C96}.Profile.Build.0 = Profile|Xbox
		{9F89AF5B-E391-4960-93DC-A8EF88F79C96}.Profile_FastCap.ActiveCfg = Profile_FastCap|Xbox
		{9F89AF5B-E391-4960-93DC-A8EF88F79C96}.Profile_FastCap.Build.0 = Profile_FastCap|Xbox
		{9F89AF5B-E391-4960-93DC-A8EF88F79C96}.Release.ActiveCfg = Release|Xbox
		{9F89AF5B-E391-4960-93DC-A8EF88F79C96}.Release.Build.0 = Release|Xbox
		{9F89AF5B-E391-4960-93DC-A8EF88F79C96}.Release_ICC.ActiveCfg = Release|Xbox
		{9F89AF5B-E391-4960-93DC-A8EF88F79C96}.Release_ICC.Build.0 = Release|Xbox
		{9F89AF5B-E391-4960-93DC-A8EF88F79C96}.Release_LTCG.ActiveCfg = Release_LTCG|Xbox
		{9F89AF5B-E391-4960-93DC-A8EF88F79C96}.Release_LTCG.Build.0 = Release_LTCG|Xbox
		{60CFD403-F582-4481-AFDE-DA1F05A7C357}.Debug.ActiveCfg = Debug|Xbox
		{60CFD403-F582-4481-AFDE-DA1F05A7C357}.Debug.Build.0 = Debug|Xbox
		{60CFD403-F582-4481-AFDE-DA1F05A7C357}.Profile.ActiveCfg = Profile|Xbox
		{60CFD403-F582-4481-AFDE-DA1F05A7C357}.Profile.Build.0 = Profile|Xbox
		{60CFD403-F582-4481-AFDE-DA1F05A7C357}.Profile_FastCap.ActiveCfg = Profile_FastCap|Xbox
		{60CFD403-F582-4481-AFDE-DA1F05A7C357}.Profile_FastCap.Build.0 = Profile_FastCap|Xbox
		{60CFD403-F582-4481-AFDE-DA1F05A7C357}.Release.ActiveCfg = Release|Xbox
		{60CFD403-F582-4481-AFDE-DA1F05A7C357}.Release.Build.0 = Release|Xbox
		{60CFD403-F582-4481-AFDE-DA1F05A7C357}.Release_ICC.ActiveCfg = Release|Xbox
		{60CFD403-F582-4481-AFDE-DA1F05A7C357}.Release_ICC.Build.0 = Release|Xbox
		{60CFD403-F582-4481-AFDE-DA1F05A7C357}.Release_LTCG.ActiveCfg = Release_LTCG|Xbox
		{60CFD403-F582-4481-AFDE-DA1F05A7C357}.Release_LTCG.Build.0 = Release_LTCG|Xbox
		{20B03EDE-81D0-4751-AF9D-746CC615C1FA}.Debug.ActiveCfg = Debug|Xbox
		{20B03EDE-81D0-4751-AF9D-746CC615C1FA}.Debug.Build.0 = Debug|Xbox
		{20B03EDE-81D0-4751-AF9D-746CC615C1FA}.Profile.ActiveCfg = Profile|Xbox
		{20B03EDE-81D0-4751-AF9D-746CC615C1FA}.Profile.Build.0 = Profile|Xbox
		{20B03EDE-81D0-4751-AF9D-746CC615C1FA}.Profile_FastCap.ActiveCfg = Profile_FastCap|Xbox
		{20B03EDE-81D0-4751-AF9D-746CC615C1FA}.Profile_FastCap.Build.0 = Profile_FastCap|Xbox
		{20B03EDE-81D0-4751-AF9D-746CC615C1FA}.Release.ActiveCfg = Release|Xbox
		{20B03EDE-81D0-4751-AF9D-746CC615C1FA}.Release.Build.0 = Release|Xbox
		{20B03EDE-81D0-4751-AF9D-746CC615C1FA}.Release_ICC.ActiveCfg = Release|Xbox
		{20B03EDE-81D0-4751-AF9D-746CC615C1FA}.Release_ICC.Build.0 = Release|Xbox
		{20B03EDE-81D0-4751-AF9D-746CC615C1FA}.Release_LTCG.ActiveCfg = Release_LTCG|Xbox
		{20B03EDE-81D0-4751-AF9D-746CC615C1FA}.Release_LTCG.Build.0 = Release_LTCG|Xbox
		{13D8F192-23C1-4EE0-896D-3E9010A13D65}.Debug.ActiveCfg = Debug|Xbox
		{13D8F192-23C1-4EE0-896D-3E9010A13D65}.Debug.Build.0 = Debug|Xbox
		{13D8F192-23C1-4EE0-896D-3E9010A13D65}.Profile.ActiveCfg = Profile|Xbox
		{13D8F192-23C1-4EE0-896D-3E9010A13D65}.Profile.Build.0 = Profile|Xbox
		{13D8F192-23C1-4EE0-896D-3E9010A13D65}.Profile_FastCap.ActiveCfg = Profile_FastCap|Xbox
		{13D8F192-23C1-4EE0-896D-3E9010A13D65}.Profile_FastCap.Build.0 = Profile_FastCap|Xbox
		{13D8F192-23C1-4EE0-896D-3E9010A13D65}.Release.ActiveCfg = Release|Xbox
		{13D8F192-23C1-4EE0-896D-3E9010A13D65}.Release.Build.0 = Release|Xbox
		{13D8F192-23C1-4EE0-896D-3E9010A13D65}.Release_ICC.ActiveCfg = Release|Xbox
		{13D8F192-23C1-4EE0-896D-3E9010A13D65}.Release_ICC.Build.0 = Release|Xbox
		{13D8F192-23C1-4EE0-896D-3E9010A13D65}.Release_LTCG.ActiveCfg = Release_LTCG|Xbox
		{13D8F192-23C1-4EE0-896D-3E9010A13D65}.Release_LTCG.Build.0 = Release_LTCG|Xbox
		{50BCDC05-7A50-4F10-9E30-0E291372F8A1}.Debug.ActiveCfg = Debug|Xbox
		{50BCDC05-7A50-4F10-9E30-0E291372F8A1}.Debug.Build.0 = Debug|Xbox
		{50BCDC05-7A50-4F10-9E30-0E291372F8A1}.Profile.ActiveCfg = Profile|Xbox
		{50BCDC05-7A50-4F10-9E30-0E291372F8A1}.Profile.Build.0 = Profile|Xbox
		{50BCDC05-7A50-4F10-9E30-0E291372F8A1}.Profile_FastCap.ActiveCfg = Profile_FastCap|Xbox
		{50BCDC05-7A50-4F10-9E30-0E291372F8A1}.Profile_FastCap.Build.0 = Profile_FastCap|Xbox
		{50BCDC05-7A50-4F10-9E30-0E291372F8A1}.Release.ActiveCfg = Release|Xbox
		{50BCDC05-7A50-4F10-9E30-0E291372F8A1}.Release.Build.0 = Release|Xbox
		{50BCDC05-7A50-4F10-9E30-0E291372F8A1}.Release_ICC.ActiveCfg = Release|Xbox
		{50BCDC05-7A50-4F10-9E30-0E291372F8A1}.Release_ICC.Build.0 = Release|Xbox
		{50BCDC05-7A50-4F10-9E30-0E291372F8A1}.Release_LTCG.ActiveCfg = Release_LTCG|Xbox
		{50BCDC05-7A50-4F10-9E30-0E291372F8A1}.Release_LTCG.Build.0 = Release_LTCG|Xbox
		{5AA63184-8488-4760-8A8F-2784090D5A77}.Debug.ActiveCfg = Debug|Xbox
		{5AA63184-8488-4760-8A8F-2784090D5A77}.Debug.Build.0 = Debug|Xbox
		{5AA63184-8488-4760-8A8F-2784090D5A77}.Profile.ActiveCfg = Profile|Xbox
		{5AA63184-8488-4760-8A8F-2784090D5A77}.Profile.Build.0 = Profile|Xbox
		{5AA63184-8488-4760-8A8F-2784090D5A77}.Profile_FastCap.ActiveCfg = Profile_FastCap|Xbox
		{5AA63184-8488-4760-8A8F-2784090D5A77}.Profile_FastCap.Build.0 = Profile_FastCap|Xbox
		{5AA63184-8488-4760-8A8F-2784090D5A77}.Release.ActiveCfg = Release|Xbox
		{5AA63184-8488-4760-8A8F-2784090D5A77}.Release.Build.0 = Release|Xbox
		{5AA63184-8488-4760-8A8F-2784090D5A77}.Release_ICC.ActiveCfg = Release|Xbox
		{5AA63184-8488-4760-8A8F-2784090D5A77}.Release_ICC.Build.0 = Release|Xbox
		{5AA63184-8488-4760-8A8F-2784090D5A77}.Release_LTCG.ActiveCfg = Release_LTCG|Xbox
		{5AA63184-8488-4760-8A8F-2784090D5A77}.Release_LTCG.Build.0 = Release_LTCG|Xbox
		{984BB0B1-96DA-412B-82A1-5C86A4D40FBA}.Debug.ActiveCfg = Debug|Xbox
		{984BB0B1-96DA-412B-82A1-5C86A4D40FBA}.Debug.Build.0 = Debug|Xbox
		{984BB0B1-96DA-412B-82A1-5C86A4D40FBA}.Profile.ActiveCfg = Profile|Xbox
		{984BB0B1-96DA-412B-82A1-5C86A4D40FBA}.Profile.Build.0 = Profile|Xbox
		{984BB0B1-96DA-412B-82A1-5C86A4D40FBA}.Profile_FastCap.ActiveCfg = Profile_FastCap|Xbox
		{984BB0B1-96DA-412B-82A1-5C86A4D40FBA}.Profile_FastCap.Build.0 = Profile_FastCap|Xbox
		{984BB0B1-96DA-412B-82A1-5C86A4D40FBA}.Release.ActiveCfg = Release|Xbox
		{984BB0B1-96DA-412B-82A1-5C86A4D40FBA}.Release.Build.0 = Release|Xbox
		{984BB0B1-96DA-412B-82A1-5C86A4D40FBA}.Release_ICC.ActiveCfg = Release|Xbox
		{984BB0B1-96DA-412B-82A1-5C86A4D40FBA}.Release_ICC.Build.0 = Release|Xbox
		{984BB0B1-96DA-412B-82A1-5C86A4D40FBA}.Release_LTCG.ActiveCfg = Release_LTCG|Xbox
		{984BB0B1-96DA-412B-82A1-5C86A4D40FBA}.Release_LTCG.Build.0 = Release_LTCG|Xbox
		{DF18099D-35B6-4619-A8FE-CB2BC25364F4}.Debug.ActiveCfg = Debug|Xbox
		{DF18099D-35B6-4619-A8FE-CB2BC25364F4}.Debug.Build.0 = Debug|Xbox
		{DF18099D-35B6-4619-A8FE-CB2BC25364F4}.Profile.ActiveCfg = Profile|Xbox
		{DF18099D-35B6-4619-A8FE-CB2BC25364F4}.Profile.Build.0 = Profile|Xbox
		{DF18099D-35B6-4619-A8FE-CB2BC25364F4}.Profile_FastCap.ActiveCfg = Profile_FastCap|Xbox
		{DF18099D-35B6-4619-A8FE-CB2BC25364F4}.Profile_FastCap.Build.0 = Profile_FastCap|Xbox
		{DF18099D-35B6-4619-A8FE-CB2BC25364F4}.Release.ActiveCfg = Release|Xbox
		{DF18099D-35B6-4619-A8FE-CB2BC25364F4}.Release.Build.0 = Release|Xbox
		{DF18099D-35B6-4619-A8FE-CB2BC25364F4}.Release_ICC.ActiveCfg = Release|Xbox
		{DF18099D-35B6-4619-A8FE-CB2BC25364F4}.Release_ICC.Build.0 = Release|Xbox
		{DF18099D-35B6-4619-A8FE-CB2BC25364F4}.Release_LTCG.ActiveCfg = Release_LTCG|Xbox
		{DF18099D-35B6-4619-A8FE-CB2BC25364F4}.Release_LTCG.Build.0 = Release_LTCG|Xbox
		{D101F663-FBE6-45E1-B3CE-C70184F718EF}.Debug.ActiveCfg = Debug|Xbox
		{D101F663-FBE6-45E1-B3CE-C70184F718EF}.Debug.Build.0 = Debug|Xbox
		{D101F663-FBE6-45E1-B3CE-C70184F718EF}.Profile.ActiveCfg = Profile|Xbox
		{D101F663-FBE6-45E1-B3CE-C70184F718EF}.Profile.Build.0 = Profile|Xbox
		{D101F663-FBE6-45E1-B3CE-C70184F718EF}.Profile_FastCap.ActiveCfg = Profile_FastCap|Xbox
		{D101F663-FBE6-45E1-B3CE-C70184F718EF}.Profile_FastCap.Build.0 = Profile_FastCap|Xbox
		{D101F663-FBE6-45E1-B3CE-C70184F718EF}.Release.ActiveCfg = Release|Xbox
		{D101F663-FBE6-45E1-B3CE-C70184F718EF}.Release.Build.0 = Release|Xbox
		{D101F663-FBE6-45E1-B3CE-C70184F718EF}.Release_ICC.ActiveCfg = Release|Xbox
		{D101F663-FBE6-45E1-B3CE-C70184F718EF}.Release_ICC.Build.0 = Release|Xbox
		{D101F663-FBE6-45E1-B3CE-C70184F718EF}.Release_LTCG.ActiveCfg = Release_LTCG|Xbox
		{D101F663-FBE6-45E1-B3CE-C70184F718EF}.Release_LTCG.Build.0 = Release_LTCG|Xbox
		{7127654B-181D-4D65-8C06-C45086FC21F9}.Debug.ActiveCfg = Debug|Xbox
		{7127654B-181D-4D65-8C06-C45086FC21F9}.Debug.Build.0 = Debug|Xbox
		{7127654B-181D-4D65-8C06-C45086FC21F9}.Profile.ActiveCfg = Profile|Xbox
		{7127654B-181D-4D65-8C06-C45086FC21F9}.Profile.Build.0 = Profile|Xbox
		{7127654B-181D-4D65-8C06-C45086FC21F9}.Profile_FastCap.ActiveCfg = Profile_FastCap|Xbox
		{7127654B-181D-4D65-8C06-C45086FC21F9}.Profile_FastCap.Build.0 = Profile_FastCap|Xbox
		{7127654B-181D-4D65-8C06-C45086FC21F9}.Release.ActiveCfg = Release|Xbox
		{7127654B-181D-4D65-8C06-C45086FC21F9}.Release.Build.0 = Release|Xbox
		{7127654B-181D-4D65-8C06-C45086FC21F9}.Release_ICC.ActiveCfg = Release|Xbox
		{7127654B-181D-4D65-8C06-C45086FC21F9}.Release_ICC.Build.0 = Release|Xbox
		{7127654B-181D-4D65-8C06-C45086FC21F9}.Release_LTCG.ActiveCfg = Release_LTCG|Xbox
		{7127654B-181D-4D65-8C06-C45086FC21F9}.Release_LTCG.Build.0 = Release_LTCG|Xbox
		{BBDE61F2-D298-4B51-BA24-98831EA6B16E}.Debug.ActiveCfg = Debug|Xbox
		{BBDE61F2-D298-4B51-BA24-98831EA6B16E}.Debug.Build.0 = Debug|Xbox
		{BBDE61F2-D298-4B51-BA24-98831EA6B16E}.Profile.ActiveCfg = Profile|Xbox
		{BBDE61F2-D298-4B51-BA24-98831EA6B16E}.Profile.Build.0 = Profile|Xbox
		{BBDE61F2-D298-4B51-BA24-98831EA6B16E}.Profile_FastCap.ActiveCfg = Profile_FastCap|Xbox
		{BBDE61F2-D298-4B51-BA24-98831EA6B16E}.Profile_FastCap.Build.0 = Profile_FastCap|Xbox
		{BBDE61F2-D298-4B51-BA24-98831EA6B16E}.Release.ActiveCfg = Release|Xbox
		{BBDE61F2-D298-4B51-BA24-98831EA6B16E}.Release.Build.0 = Release|Xbox
		{BBDE61F2-D298-4B51-BA24-98831EA6B16E}.Release_ICC.ActiveCfg = Release|Xbox
		{BBDE61F2-D298-4B51-BA24-98831EA6B16E}.Release_ICC.Build.0 = Release|Xbox
		{BBDE61F2-D298-4B51-BA24-98831EA6B16E}.Release_LTCG.ActiveCfg = Release_LTCG|Xbox
		{BBDE61F2-D298-4B51-BA24-98831EA6B16E}.Release_LTCG.Build.0 = Release_LTCG|Xbox
		{C8908F4A-7638-4356-BF03-849266C2C69D}.Debug.ActiveCfg = Debug|Xbox
		{C8908F4A-7638-4356-BF03-849266C2C69D}.Debug.Build.0 = Debug|Xbox
		{C8908F4A-7638-4356-BF03-849266C2C69D}.Profile.ActiveCfg = Profile|Xbox
		{C8908F4A-7638-4356-BF03-849266C2C69D}.Profile.Build.0 = Profile|Xbox
		{C8908F4A-7638-4356-BF03-849266C2C69D}.Profile_FastCap.ActiveCfg = Profile_FastCap|Xbox
		{C8908F4A-7638-4356-BF03-849266C2C69D}.Profile_FastCap.Build.0 = Profile_FastCap|Xbox
		{C8908F4A-7638-4356-BF03-849266C2C69D}.Release.ActiveCfg = Release|Xbox
		{C8908F4A-7638-4356-BF03-849266C2C69D}.Release.Build.0 = Release|Xbox
		{C8908F4A-7638-4356-BF03-849266C2C69D}.Release_ICC.ActiveCfg = Release|Xbox
		{C8908F4A-7638-4356-BF03-849266C2C69D}.Release_ICC.Build.0 = Release|Xbox
		{C8908F4A-7638-4356-BF03-849266C2C69D}.Release_LTCG.ActiveCfg = Release|Xbox
		{C8908F4A-7638-4356-BF03-849266C2C69D}.Release_LTCG.Build.0 = Release|Xbox
		{AE93B07A-3290-4453-9045-F4FDFB2E3383}.Debug.ActiveCfg = Debug|Xbox
		{AE93B07A-3290-4453-9045-F4FDFB2E3383}.Debug.Build.0 = Debug|Xbox
		{AE93B07A-3290-4453-9045-F4FDFB2E3383}.Profile.ActiveCfg = Profile|Xbox
		{AE93B07A-3290-4453-9045-F4FDFB2E3383}.Profile.Build.0 = Profile|Xbox
		{AE93B07A-3290-4453-9045-F4FDFB2E3383}.Profile_FastCap.ActiveCfg = Profile_FastCap|Xbox
		{AE93B07A-3290-4453-9045-F4FDFB2E3383}.Profile_FastCap.Build.0 = Profile_FastCap|Xbox
		{AE93B07A-3290-4453-9045-F4FDFB2E3383}.Release.ActiveCfg = Release|Xbox
		{AE93B07A-3290-4453-9045-F4FDFB2E3383}.Release.Build.0 = Release|Xbox
		{AE93B07A-3290-4453-9045-F4FDFB2E3383}.Release_ICC.ActiveCfg = Release_ICC|Xbox
		{AE93B07A-3290-4453-9045-F4FDFB2E3383}.Release_ICC.Build.0 = Release_ICC|Xbox
		{AE93B07A-3290-4453-9045-F4FDFB2E3383}.Release_LTCG.ActiveCfg = Release_LTCG|Xbox
		{AE93B07A-3290-4453-9045-F4FDFB2E3383}.Release_LTCG.Build.0 = Release_LTCG|Xbox
		{33F4B993-02F8-4004-9BC9-D81AF53F4824}.Debug.ActiveCfg = Debug|Xbox
		{33F4B993-02F8-4004-9BC9-D81AF53F4824}.Debug.Build.0 = Debug|Xbox
		{33F4B993-02F8-4004-9BC9-D81AF53F4824}.Profile.ActiveCfg = Profile|Xbox
		{33F4B993-02F8-4004-9BC9-D81AF53F4824}.Profile.Build.0 = Profile|Xbox
		{33F4B993-02F8-4004-9BC9-D81AF53F4824}.Profile_FastCap.ActiveCfg = Profile_FastCap|Xbox
		{33F4B993-02F8-4004-9BC9-D81AF53F4824}.Profile_FastCap.Build.0 = Profile_FastCap|Xbox
		{33F4B993-02F8-4004-9BC9-D81AF53F4824}.Release.ActiveCfg = Release|Xbox
		{33F4B993-02F8-4004-9BC9-D81AF53F4824}.Release.Build.0 = Release|Xbox
		{33F4B993-02F8-4004-9BC9-D81AF53F4824}.Release_ICC.ActiveCfg = Release_ICC|Xbox
		{33F4B993-02F8-4004-9BC9-D81AF53F4824}.Release_ICC.Build.0 = Release_ICC|Xbox
		{33F4B993-02F8-4004-9BC9-D81AF53F4824}.Release_LTCG.ActiveCfg = Release_LTCG|Xbox
		{33F4B993-02F8-4004-9BC9-D81AF53F4824}.Release_LTCG.Build.0 = Release_LTCG|Xbox
		{889EA010-906E-4817-862B-20E152193325}.Debug.ActiveCfg = Debug|Xbox
		{889EA010-906E-4817-862B-20E152193325}.Debug.Build.0 = Debug|Xbox
		{889EA010-906E-4817-862B-20E152193325}.Profile.ActiveCfg = Profile|Xbox
		{889EA010-906E-4817-862B-20E152193325}.Profile.Build.0 = Profile|Xbox
		{889EA010-906E-4817-862B-20E152193325}.Profile_FastCap.ActiveCfg = Profile_FastCap|Xbox
		{889EA010-906E-4817-862B-20E152193325}.Profile_FastCap.Build.0 = Profile_FastCap|Xbox
		{889EA010-906E-4817-862B-20E152193325}.Release.ActiveCfg = Release|Xbox
		{889EA010-906E-4817-862B-20E152193325}.Release.Build.0 = Release|Xbox
		{889EA010-906E-4817-862B-20E152193325}.Release_ICC.ActiveCfg = Release|Xbox
		{889EA010-906E-4817-862B-20E152193325}.Release_ICC.Build.0 = Release|Xbox
		{889EA010-906E-4817-862B-20E152193325}.Release_LTCG.ActiveCfg = Release_LTCG|Xbox
		{889EA010-906E-4817-862B-20E152193325}.Release_LTCG.Build.0 = Release_LTCG|Xbox
		{FC45B107-2692-476F-8A53-0B7672164C40}.Debug.ActiveCfg = Debug|Xbox
		{FC45B107-2692-476F-8A53-0B7672164C40}.Debug.Build.0 = Debug|Xbox
		{FC45B107-2692-476F-8A53-0B7672164C40}.Profile.ActiveCfg = Profile|Xbox
		{FC45B107-2692-476F-8A53-0B7672164C40}.Profile.Build.0 = Profile|Xbox
		{FC45B107-2692-476F-8A53-0B7672164C40}.Profile_FastCap.ActiveCfg = Profile_FastCap|Xbox
		{FC45B107-2692-476F-8A53-0B7672164C40}.Profile_FastCap.Build.0 = Profile_FastCap|Xbox
		{FC45B107-2692-476F-8A53-0B7672164C40}.Release.ActiveCfg = Release|Xbox
		{FC45B107-2692-476F-8A53-0B7672164C40}.Release.Build.0 = Release|Xbox
		{FC45B107-2692-476F-8A53-0B7672164C40}.Release_ICC.ActiveCfg = Release|Xbox
		{FC45B107-2692-476F-8A53-0B7672164C40}.Release_ICC.Build.0 = Release|Xbox
		{FC45B107-2692-476F-8A53-0B7672164C40}.Release_LTCG.ActiveCfg = Release_LTCG|Xbox
		{FC45B107-2692-476F-8A53-0B7672164C40}.Release_LTCG.Build.0 = Release_LTCG|Xbox
		{DAE1DCB6-1992-4939-B13B-A59451415CC2}.Debug.ActiveCfg = Debug|Xbox
		{DAE1DCB6-1992-4939-B13B-A59451415CC2}.Debug.Build.0 = Debug|Xbox
		{DAE1DCB6-1992-4939-B13B-A59451415CC2}.Profile.ActiveCfg = Profile|Xbox
		{DAE1DCB6-1992-4939-B13B-A59451415CC2}.Profile.Build.0 = Profile|Xbox
		{DAE1DCB6-1992-4939-B13B-A59451415CC2}.Profile_FastCap.ActiveCfg = Profile_FastCap|Xbox
		{DAE1DCB6-1992-4939-B13B-A59451415CC2}.Profile_FastCap.Build.0 = Profile_FastCap|Xbox
		{DAE1DCB6-1992-4939-B13B-A59451415CC2}.Release.ActiveCfg = Release|Xbox
		{DAE1DCB6-1992-4939-B13B-A59451415CC2}.Release.Build.0 = Release|Xbox
		{DAE1DCB6-1992-4939-B13B-A59451415CC2}.Release_ICC.ActiveCfg = Release|Xbox
		{DAE1DCB6-1992-4939-B13B-A59451415CC2}.Release_ICC.Build.0 = Release|Xbox
		{DAE1DCB6-1992-4939-B13B-A59451415CC2}.Release_LTCG.ActiveCfg = Release_LTCG|Xbox
		{DAE1DCB6-1992-4939-B13B-A59451415CC2}.Release_LTCG.Build.0 = Release_LTCG|Xbox
	EndGlobalSection
	GlobalSection(ExtensibilityGlobals) = postSolution
	EndGlobalSection
	GlobalSection(ExtensibilityAddIns) = postSolution
	EndGlobalSection
EndGlobal
