Microsoft Visual Studio Solution File, Format Version 8.00
Project("{8BC9CEB8-8B4A-11D0-8D11-00A0C91BC942}") = "1964x 5.10 MusyX", "1964x\1964x 5.10 MusyX.vcproj", "{8093DA18-6D55-4807-89F1-E33B99D4237D}"
	ProjectSection(ProjectDependencies) = postProject
		{7127654B-181D-4D65-8C06-C45086FC21F9} = {7127654B-181D-4D65-8C06-C45086FC21F9}
		{D101F663-FBE6-45E1-B3CE-C70184F718EF} = {D101F663-FBE6-45E1-B3CE-C70184F718EF}
		{5AA63184-8488-4760-8A8F-2784090D5A77} = {5AA63184-8488-4760-8A8F-2784090D5A77}
		{DF18099D-35B6-4619-A8FE-CB2BC25364F4} = {DF18099D-35B6-4619-A8FE-CB2BC25364F4}
		{B03134F1-3846-4D16-B5F3-3F69C54DE23A} = {B03134F1-3846-4D16-B5F3-3F69C54DE23A}
		{BBDE61F2-D298-4B51-BA24-98831EA6B16E} = {BBDE61F2-D298-4B51-BA24-98831EA6B16E}
	EndProjectSection
EndProject
Project("{8BC9CEB8-8B4A-11D0-8D11-00A0C91BC942}") = "1964x 5.10", "1964x\1964x 5.10.vcproj", "{5B602B97-9A1A-4395-A6B6-BBEB9BB1B89E}"
	ProjectSection(ProjectDependencies) = postProject
		{50BCDC05-7A50-4F10-9E30-0E291372F8A1} = {50BCDC05-7A50-4F10-9E30-0E291372F8A1}
		{7127654B-181D-4D65-8C06-C45086FC21F9} = {7127654B-181D-4D65-8C06-C45086FC21F9}
		{D101F663-FBE6-45E1-B3CE-C70184F718EF} = {D101F663-FBE6-45E1-B3CE-C70184F718EF}
		{13D8F192-23C1-4EE0-896D-3E9010A13D65} = {13D8F192-23C1-4EE0-896D-3E9010A13D65}
		{DF18099D-35B6-4619-A8FE-CB2BC25364F4} = {DF18099D-35B6-4619-A8FE-CB2BC25364F4}
		{984BB0B1-96DA-412B-82A1-5C86A4D40FBA} = {984BB0B1-96DA-412B-82A1-5C86A4D40FBA}
		{B03134F1-3846-4D16-B5F3-3F69C54DE23A} = {B03134F1-3846-4D16-B5F3-3F69C54DE23A}
		{BBDE61F2-D298-4B51-BA24-98831EA6B16E} = {BBDE61F2-D298-4B51-BA24-98831EA6B16E}
	EndProjectSection
EndProject
Project("{8BC9CEB8-8B4A-11D0-8D11-00A0C91BC942}") = "1964x 5.31 MusyX", "1964x\1964x 5.31 MusyX.vcproj", "{413E1446-11D0-4252-BD79-BB8D6B6E172C}"
	ProjectSection(ProjectDependencies) = postProject
		{C8908F4A-7638-4356-BF03-849266C2C69D} = {C8908F4A-7638-4356-BF03-849266C2C69D}
		{7127654B-181D-4D65-8C06-C45086FC21F9} = {7127654B-181D-4D65-8C06-C45086FC21F9}
		{D101F663-FBE6-45E1-B3CE-C70184F718EF} = {D101F663-FBE6-45E1-B3CE-C70184F718EF}
		{5AA63184-8488-4760-8A8F-2784090D5A77} = {5AA63184-8488-4760-8A8F-2784090D5A77}
		{DF18099D-35B6-4619-A8FE-CB2BC25364F4} = {DF18099D-35B6-4619-A8FE-CB2BC25364F4}
		{BBDE61F2-D298-4B51-BA24-98831EA6B16E} = {BBDE61F2-D298-4B51-BA24-98831EA6B16E}
	EndProjectSection
EndProject
Project("{8BC9CEB8-8B4A-11D0-8D11-00A0C91BC942}") = "1964x 5.31", "1964x\1964x 5.31.vcproj", "{9F89AF5B-E391-4960-93DC-A8EF88F79C96}"
	ProjectSection(ProjectDependencies) = postProject
		{50BCDC05-7A50-4F10-9E30-0E291372F8A1} = {50BCDC05-7A50-4F10-9E30-0E291372F8A1}
		{C8908F4A-7638-4356-BF03-849266C2C69D} = {C8908F4A-7638-4356-BF03-849266C2C69D}
		{7127654B-181D-4D65-8C06-C45086FC21F9} = {7127654B-181D-4D65-8C06-C45086FC21F9}
		{D101F663-FBE6-45E1-B3CE-C70184F718EF} = {D101F663-FBE6-45E1-B3CE-C70184F718EF}
		{13D8F192-23C1-4EE0-896D-3E9010A13D65} = {13D8F192-23C1-4EE0-896D-3E9010A13D65}
		{DF18099D-35B6-4619-A8FE-CB2BC25364F4} = {DF18099D-35B6-4619-A8FE-CB2BC25364F4}
		{984BB0B1-96DA-412B-82A1-5C86A4D40FBA} = {984BB0B1-96DA-412B-82A1-5C86A4D40FBA}
		{BBDE61F2-D298-4B51-BA24-98831EA6B16E} = {BBDE61F2-D298-4B51-BA24-98831EA6B16E}
	EndProjectSection
EndProject
Project("{8BC9CEB8-8B4A-11D0-8D11-00A0C91BC942}") = "1964x 5.60 MusyX", "1964x\1964x 5.60 MusyX.vcproj", "{6200FC2F-B1AD-4912-B807-E600915DD004}"
	ProjectSection(ProjectDependencies) = postProject
		{7127654B-181D-4D65-8C06-C45086FC21F9} = {7127654B-181D-4D65-8C06-C45086FC21F9}
		{D101F663-FBE6-45E1-B3CE-C70184F718EF} = {D101F663-FBE6-45E1-B3CE-C70184F718EF}
		{5AA63184-8488-4760-8A8F-2784090D5A77} = {5AA63184-8488-4760-8A8F-2784090D5A77}
		{DF18099D-35B6-4619-A8FE-CB2BC25364F4} = {DF18099D-35B6-4619-A8FE-CB2BC25364F4}
		{287AC49D-8C32-4187-A7DA-F2273AF2C4F5} = {287AC49D-8C32-4187-A7DA-F2273AF2C4F5}
		{BBDE61F2-D298-4B51-BA24-98831EA6B16E} = {BBDE61F2-D298-4B51-BA24-98831EA6B16E}
	EndProjectSection
EndProject
Project("{8BC9CEB8-8B4A-11D0-8D11-00A0C91BC942}") = "1964x 5.60", "1964x\1964x 5.60.vcproj", "{491C144B-F6B6-4013-B64A-49C7BF8C710F}"
	ProjectSection(ProjectDependencies) = postProject
		{50BCDC05-7A50-4F10-9E30-0E291372F8A1} = {50BCDC05-7A50-4F10-9E30-0E291372F8A1}
		{7127654B-181D-4D65-8C06-C45086FC21F9} = {7127654B-181D-4D65-8C06-C45086FC21F9}
		{D101F663-FBE6-45E1-B3CE-C70184F718EF} = {D101F663-FBE6-45E1-B3CE-C70184F718EF}
		{13D8F192-23C1-4EE0-896D-3E9010A13D65} = {13D8F192-23C1-4EE0-896D-3E9010A13D65}
		{DF18099D-35B6-4619-A8FE-CB2BC25364F4} = {DF18099D-35B6-4619-A8FE-CB2BC25364F4}
		{287AC49D-8C32-4187-A7DA-F2273AF2C4F5} = {287AC49D-8C32-4187-A7DA-F2273AF2C4F5}
		{984BB0B1-96DA-412B-82A1-5C86A4D40FBA} = {984BB0B1-96DA-412B-82A1-5C86A4D40FBA}
		{BBDE61F2-D298-4B51-BA24-98831EA6B16E} = {BBDE61F2-D298-4B51-BA24-98831EA6B16E}
	EndProjectSection
EndProject
Project("{8BC9CEB8-8B4A-11D0-8D11-00A0C91BC942}") = "1964x 6.11 MusyX", "1964x\1964x 6.11 MusyX.vcproj", "{57E5FFBC-5E46-4497-8DAF-528F63CED709}"
	ProjectSection(ProjectDependencies) = postProject
		{164B9D35-F82C-4432-AC6B-2555DA8E5F04} = {164B9D35-F82C-4432-AC6B-2555DA8E5F04}
		{7127654B-181D-4D65-8C06-C45086FC21F9} = {7127654B-181D-4D65-8C06-C45086FC21F9}
		{D101F663-FBE6-45E1-B3CE-C70184F718EF} = {D101F663-FBE6-45E1-B3CE-C70184F718EF}
		{5AA63184-8488-4760-8A8F-2784090D5A77} = {5AA63184-8488-4760-8A8F-2784090D5A77}
		{DF18099D-35B6-4619-A8FE-CB2BC25364F4} = {DF18099D-35B6-4619-A8FE-CB2BC25364F4}
		{BBDE61F2-D298-4B51-BA24-98831EA6B16E} = {BBDE61F2-D298-4B51-BA24-98831EA6B16E}
	EndProjectSection
EndProject
Project("{8BC9CEB8-8B4A-11D0-8D11-00A0C91BC942}") = "1964x 6.11", "1964x\1964x 6.11.vcproj", "{E8679B93-6F34-4430-BA7D-2208F0C1C7E6}"
	ProjectSection(ProjectDependencies) = postProject
		{50BCDC05-7A50-4F10-9E30-0E291372F8A1} = {50BCDC05-7A50-4F10-9E30-0E291372F8A1}
		{164B9D35-F82C-4432-AC6B-2555DA8E5F04} = {164B9D35-F82C-4432-AC6B-2555DA8E5F04}
		{7127654B-181D-4D65-8C06-C45086FC21F9} = {7127654B-181D-4D65-8C06-C45086FC21F9}
		{D101F663-FBE6-45E1-B3CE-C70184F718EF} = {D101F663-FBE6-45E1-B3CE-C70184F718EF}
		{13D8F192-23C1-4EE0-896D-3E9010A13D65} = {13D8F192-23C1-4EE0-896D-3E9010A13D65}
		{DF18099D-35B6-4619-A8FE-CB2BC25364F4} = {DF18099D-35B6-4619-A8FE-CB2BC25364F4}
		{984BB0B1-96DA-412B-82A1-5C86A4D40FBA} = {984BB0B1-96DA-412B-82A1-5C86A4D40FBA}
		{BBDE61F2-D298-4B51-BA24-98831EA6B16E} = {BBDE61F2-D298-4B51-BA24-98831EA6B16E}
	EndProjectSection
EndProject
Project("{8BC9CEB8-8B4A-11D0-8D11-00A0C91BC942}") = "1964x 6.12 MusyX", "1964x\1964x 6.12 MusyX.vcproj", "{C82F3B8C-5EC1-4617-8BCC-6091B7674AD5}"
	ProjectSection(ProjectDependencies) = postProject
		{7127654B-181D-4D65-8C06-C45086FC21F9} = {7127654B-181D-4D65-8C06-C45086FC21F9}
		{D101F663-FBE6-45E1-B3CE-C70184F718EF} = {D101F663-FBE6-45E1-B3CE-C70184F718EF}
		{5AA63184-8488-4760-8A8F-2784090D5A77} = {5AA63184-8488-4760-8A8F-2784090D5A77}
		{DF18099D-35B6-4619-A8FE-CB2BC25364F4} = {DF18099D-35B6-4619-A8FE-CB2BC25364F4}
		{84D714CC-DA5B-4175-BDE0-FFB36729E41C} = {84D714CC-DA5B-4175-BDE0-FFB36729E41C}
		{BBDE61F2-D298-4B51-BA24-98831EA6B16E} = {BBDE61F2-D298-4B51-BA24-98831EA6B16E}
	EndProjectSection
EndProject
Project("{8BC9CEB8-8B4A-11D0-8D11-00A0C91BC942}") = "1964x 6.12", "1964x\1964x 6.12.vcproj", "{0EC6D186-B75A-46F3-A9A9-D1CB6E72A386}"
	ProjectSection(ProjectDependencies) = postProject
		{50BCDC05-7A50-4F10-9E30-0E291372F8A1} = {50BCDC05-7A50-4F10-9E30-0E291372F8A1}
		{7127654B-181D-4D65-8C06-C45086FC21F9} = {7127654B-181D-4D65-8C06-C45086FC21F9}
		{D101F663-FBE6-45E1-B3CE-C70184F718EF} = {D101F663-FBE6-45E1-B3CE-C70184F718EF}
		{13D8F192-23C1-4EE0-896D-3E9010A13D65} = {13D8F192-23C1-4EE0-896D-3E9010A13D65}
		{DF18099D-35B6-4619-A8FE-CB2BC25364F4} = {DF18099D-35B6-4619-A8FE-CB2BC25364F4}
		{984BB0B1-96DA-412B-82A1-5C86A4D40FBA} = {984BB0B1-96DA-412B-82A1-5C86A4D40FBA}
		{84D714CC-DA5B-4175-BDE0-FFB36729E41C} = {84D714CC-DA5B-4175-BDE0-FFB36729E41C}
		{BBDE61F2-D298-4B51-BA24-98831EA6B16E} = {BBDE61F2-D298-4B51-BA24-98831EA6B16E}
	EndProjectSection
EndProject
Project("{8BC9CEB8-8B4A-11D0-8D11-00A0C91BC942}") = "PJ64x 5.10 MusyX", "PJ64x\PJ64-X 5.10 MusyX.vcproj", "{FC45B107-2692-476F-8A53-0B7672164C40}"
	ProjectSection(ProjectDependencies) = postProject
		{7127654B-181D-4D65-8C06-C45086FC21F9} = {7127654B-181D-4D65-8C06-C45086FC21F9}
		{D101F663-FBE6-45E1-B3CE-C70184F718EF} = {D101F663-FBE6-45E1-B3CE-C70184F718EF}
		{5AA63184-8488-4760-8A8F-2784090D5A77} = {5AA63184-8488-4760-8A8F-2784090D5A77}
		{DF18099D-35B6-4619-A8FE-CB2BC25364F4} = {DF18099D-35B6-4619-A8FE-CB2BC25364F4}
		{B03134F1-3846-4D16-B5F3-3F69C54DE23A} = {B03134F1-3846-4D16-B5F3-3F69C54DE23A}
		{BBDE61F2-D298-4B51-BA24-98831EA6B16E} = {BBDE61F2-D298-4B51-BA24-98831EA6B16E}
	EndProjectSection
EndProject
Project("{8BC9CEB8-8B4A-11D0-8D11-00A0C91BC942}") = "PJ64x 5.10", "PJ64x\PJ64-X 5.10.vcproj", "{889EA010-906E-4817-862B-20E152193325}"
	ProjectSection(ProjectDependencies) = postProject
		{50BCDC05-7A50-4F10-9E30-0E291372F8A1} = {50BCDC05-7A50-4F10-9E30-0E291372F8A1}
		{7127654B-181D-4D65-8C06-C45086FC21F9} = {7127654B-181D-4D65-8C06-C45086FC21F9}
		{D101F663-FBE6-45E1-B3CE-C70184F718EF} = {D101F663-FBE6-45E1-B3CE-C70184F718EF}
		{13D8F192-23C1-4EE0-896D-3E9010A13D65} = {13D8F192-23C1-4EE0-896D-3E9010A13D65}
		{DF18099D-35B6-4619-A8FE-CB2BC25364F4} = {DF18099D-35B6-4619-A8FE-CB2BC25364F4}
		{984BB0B1-96DA-412B-82A1-5C86A4D40FBA} = {984BB0B1-96DA-412B-82A1-5C86A4D40FBA}
		{B03134F1-3846-4D16-B5F3-3F69C54DE23A} = {B03134F1-3846-4D16-B5F3-3F69C54DE23A}
		{BBDE61F2-D298-4B51-BA24-98831EA6B16E} = {BBDE61F2-D298-4B51-BA24-98831EA6B16E}
	EndProjectSection
EndProject
Project("{8BC9CEB8-8B4A-11D0-8D11-00A0C91BC942}") = "PJ64x 5.31 MusyX", "PJ64x\PJ64-X 5.31 MusyX.vcproj", "{60CFD403-F582-4481-AFDE-DA1F05A7C357}"
	ProjectSection(ProjectDependencies) = postProject
		{C8908F4A-7638-4356-BF03-849266C2C69D} = {C8908F4A-7638-4356-BF03-849266C2C69D}
		{7127654B-181D-4D65-8C06-C45086FC21F9} = {7127654B-181D-4D65-8C06-C45086FC21F9}
		{D101F663-FBE6-45E1-B3CE-C70184F718EF} = {D101F663-FBE6-45E1-B3CE-C70184F718EF}
		{5AA63184-8488-4760-8A8F-2784090D5A77} = {5AA63184-8488-4760-8A8F-2784090D5A77}
		{DF18099D-35B6-4619-A8FE-CB2BC25364F4} = {DF18099D-35B6-4619-A8FE-CB2BC25364F4}
		{BBDE61F2-D298-4B51-BA24-98831EA6B16E} = {BBDE61F2-D298-4B51-BA24-98831EA6B16E}
	EndProjectSection
EndProject
Project("{8BC9CEB8-8B4A-11D0-8D11-00A0C91BC942}") = "PJ64x 5.31", "PJ64x\PJ64-X 5.31.vcproj", "{20B03EDE-81D0-4751-AF9D-746CC615C1FA}"
	ProjectSection(ProjectDependencies) = postProject
		{50BCDC05-7A50-4F10-9E30-0E291372F8A1} = {50BCDC05-7A50-4F10-9E30-0E291372F8A1}
		{C8908F4A-7638-4356-BF03-849266C2C69D} = {C8908F4A-7638-4356-BF03-849266C2C69D}
		{7127654B-181D-4D65-8C06-C45086FC21F9} = {7127654B-181D-4D65-8C06-C45086FC21F9}
		{D101F663-FBE6-45E1-B3CE-C70184F718EF} = {D101F663-FBE6-45E1-B3CE-C70184F718EF}
		{13D8F192-23C1-4EE0-896D-3E9010A13D65} = {13D8F192-23C1-4EE0-896D-3E9010A13D65}
		{DF18099D-35B6-4619-A8FE-CB2BC25364F4} = {DF18099D-35B6-4619-A8FE-CB2BC25364F4}
		{984BB0B1-96DA-412B-82A1-5C86A4D40FBA} = {984BB0B1-96DA-412B-82A1-5C86A4D40FBA}
		{BBDE61F2-D298-4B51-BA24-98831EA6B16E} = {BBDE61F2-D298-4B51-BA24-98831EA6B16E}
	EndProjectSection
EndProject
Project("{8BC9CEB8-8B4A-11D0-8D11-00A0C91BC942}") = "PJ64x 5.60 MusyX", "PJ64x\PJ64-X 5.60 MusyX.vcproj", "{A7870925-24DD-4327-BF1B-D3BFD2E90FBD}"
	ProjectSection(ProjectDependencies) = postProject
		{7127654B-181D-4D65-8C06-C45086FC21F9} = {7127654B-181D-4D65-8C06-C45086FC21F9}
		{D101F663-FBE6-45E1-B3CE-C70184F718EF} = {D101F663-FBE6-45E1-B3CE-C70184F718EF}
		{5AA63184-8488-4760-8A8F-2784090D5A77} = {5AA63184-8488-4760-8A8F-2784090D5A77}
		{DF18099D-35B6-4619-A8FE-CB2BC25364F4} = {DF18099D-35B6-4619-A8FE-CB2BC25364F4}
		{287AC49D-8C32-4187-A7DA-F2273AF2C4F5} = {287AC49D-8C32-4187-A7DA-F2273AF2C4F5}
		{BBDE61F2-D298-4B51-BA24-98831EA6B16E} = {BBDE61F2-D298-4B51-BA24-98831EA6B16E}
	EndProjectSection
EndProject
Project("{8BC9CEB8-8B4A-11D0-8D11-00A0C91BC942}") = "PJ64x 5.60", "PJ64x\PJ64-X 5.60.vcproj", "{CA52AAF2-C27D-4376-9CDD-346B2455DD30}"
	ProjectSection(ProjectDependencies) = postProject
		{50BCDC05-7A50-4F10-9E30-0E291372F8A1} = {50BCDC05-7A50-4F10-9E30-0E291372F8A1}
		{7127654B-181D-4D65-8C06-C45086FC21F9} = {7127654B-181D-4D65-8C06-C45086FC21F9}
		{D101F663-FBE6-45E1-B3CE-C70184F718EF} = {D101F663-FBE6-45E1-B3CE-C70184F718EF}
		{13D8F192-23C1-4EE0-896D-3E9010A13D65} = {13D8F192-23C1-4EE0-896D-3E9010A13D65}
		{DF18099D-35B6-4619-A8FE-CB2BC25364F4} = {DF18099D-35B6-4619-A8FE-CB2BC25364F4}
		{287AC49D-8C32-4187-A7DA-F2273AF2C4F5} = {287AC49D-8C32-4187-A7DA-F2273AF2C4F5}
		{984BB0B1-96DA-412B-82A1-5C86A4D40FBA} = {984BB0B1-96DA-412B-82A1-5C86A4D40FBA}
		{BBDE61F2-D298-4B51-BA24-98831EA6B16E} = {BBDE61F2-D298-4B51-BA24-98831EA6B16E}
	EndProjectSection
EndProject
Project("{8BC9CEB8-8B4A-11D0-8D11-00A0C91BC942}") = "PJ64x 6.11 MusyX", "PJ64x\PJ64-X 6.11 MusyX.vcproj", "{1CCDA678-B38E-4803-83F5-29D698DED4DB}"
	ProjectSection(ProjectDependencies) = postProject
		{164B9D35-F82C-4432-AC6B-2555DA8E5F04} = {164B9D35-F82C-4432-AC6B-2555DA8E5F04}
		{7127654B-181D-4D65-8C06-C45086FC21F9} = {7127654B-181D-4D65-8C06-C45086FC21F9}
		{D101F663-FBE6-45E1-B3CE-C70184F718EF} = {D101F663-FBE6-45E1-B3CE-C70184F718EF}
		{5AA63184-8488-4760-8A8F-2784090D5A77} = {5AA63184-8488-4760-8A8F-2784090D5A77}
		{DF18099D-35B6-4619-A8FE-CB2BC25364F4} = {DF18099D-35B6-4619-A8FE-CB2BC25364F4}
		{BBDE61F2-D298-4B51-BA24-98831EA6B16E} = {BBDE61F2-D298-4B51-BA24-98831EA6B16E}
	EndProjectSection
EndProject
Project("{8BC9CEB8-8B4A-11D0-8D11-00A0C91BC942}") = "PJ64x 6.11", "PJ64x\PJ64-X 6.11.vcproj", "{F6715842-7F95-4199-9E3D-5A7B8A05CA27}"
	ProjectSection(ProjectDependencies) = postProject
		{50BCDC05-7A50-4F10-9E30-0E291372F8A1} = {50BCDC05-7A50-4F10-9E30-0E291372F8A1}
		{164B9D35-F82C-4432-AC6B-2555DA8E5F04} = {164B9D35-F82C-4432-AC6B-2555DA8E5F04}
		{7127654B-181D-4D65-8C06-C45086FC21F9} = {7127654B-181D-4D65-8C06-C45086FC21F9}
		{D101F663-FBE6-45E1-B3CE-C70184F718EF} = {D101F663-FBE6-45E1-B3CE-C70184F718EF}
		{13D8F192-23C1-4EE0-896D-3E9010A13D65} = {13D8F192-23C1-4EE0-896D-3E9010A13D65}
		{DF18099D-35B6-4619-A8FE-CB2BC25364F4} = {DF18099D-35B6-4619-A8FE-CB2BC25364F4}
		{984BB0B1-96DA-412B-82A1-5C86A4D40FBA} = {984BB0B1-96DA-412B-82A1-5C86A4D40FBA}
		{BBDE61F2-D298-4B51-BA24-98831EA6B16E} = {BBDE61F2-D298-4B51-BA24-98831EA6B16E}
	EndProjectSection
EndProject
Project("{8BC9CEB8-8B4A-11D0-8D11-00A0C91BC942}") = "PJ64x 6.12 MusyX", "PJ64x\PJ64-X 6.12 MusyX.vcproj", "{9F79754A-DD1F-4793-8449-9744E6A73D3C}"
	ProjectSection(ProjectDependencies) = postProject
		{7127654B-181D-4D65-8C06-C45086FC21F9} = {7127654B-181D-4D65-8C06-C45086FC21F9}
		{D101F663-FBE6-45E1-B3CE-C70184F718EF} = {D101F663-FBE6-45E1-B3CE-C70184F718EF}
		{5AA63184-8488-4760-8A8F-2784090D5A77} = {5AA63184-8488-4760-8A8F-2784090D5A77}
		{DF18099D-35B6-4619-A8FE-CB2BC25364F4} = {DF18099D-35B6-4619-A8FE-CB2BC25364F4}
		{84D714CC-DA5B-4175-BDE0-FFB36729E41C} = {84D714CC-DA5B-4175-BDE0-FFB36729E41C}
		{BBDE61F2-D298-4B51-BA24-98831EA6B16E} = {BBDE61F2-D298-4B51-BA24-98831EA6B16E}
	EndProjectSection
EndProject
Project("{8BC9CEB8-8B4A-11D0-8D11-00A0C91BC942}") = "PJ64x 6.12", "PJ64x\PJ64-X 6.12.vcproj", "{9B3F72E2-476E-4F29-A217-1B1116CE65FC}"
	ProjectSection(ProjectDependencies) = postProject
		{50BCDC05-7A50-4F10-9E30-0E291372F8A1} = {50BCDC05-7A50-4F10-9E30-0E291372F8A1}
		{7127654B-181D-4D65-8C06-C45086FC21F9} = {7127654B-181D-4D65-8C06-C45086FC21F9}
		{D101F663-FBE6-45E1-B3CE-C70184F718EF} = {D101F663-FBE6-45E1-B3CE-C70184F718EF}
		{13D8F192-23C1-4EE0-896D-3E9010A13D65} = {13D8F192-23C1-4EE0-896D-3E9010A13D65}
		{DF18099D-35B6-4619-A8FE-CB2BC25364F4} = {DF18099D-35B6-4619-A8FE-CB2BC25364F4}
		{984BB0B1-96DA-412B-82A1-5C86A4D40FBA} = {984BB0B1-96DA-412B-82A1-5C86A4D40FBA}
		{84D714CC-DA5B-4175-BDE0-FFB36729E41C} = {84D714CC-DA5B-4175-BDE0-FFB36729E41C}
		{BBDE61F2-D298-4B51-BA24-98831EA6B16E} = {BBDE61F2-D298-4B51-BA24-98831EA6B16E}
	EndProjectSection
EndProject
Project("{8BC9CEB8-8B4A-11D0-8D11-00A0C91BC942}") = "AudioAzimer", "Plugins\src\AudioAzimer\AudioAzimer.vcproj", "{13D8F192-23C1-4EE0-896D-3E9010A13D65}"
	ProjectSection(ProjectDependencies) = postProject
	EndProjectSection
EndProject
Project("{8BC9CEB8-8B4A-11D0-8D11-00A0C91BC942}") = "AudioJttL", "Plugins\src\AudioJttL\AudioJttL.vcproj", "{50BCDC05-7A50-4F10-9E30-0E291372F8A1}"
	ProjectSection(ProjectDependencies) = postProject
	EndProjectSection
EndProject
Project("{8BC9CEB8-8B4A-11D0-8D11-00A0C91BC942}") = "AudioMusyX", "Plugins\src\AudioMusyX\AudioMusyX\AudioMusyX.vcproj", "{5AA63184-8488-4760-8A8F-2784090D5A77}"
	ProjectSection(ProjectDependencies) = postProject
	EndProjectSection
EndProject
Project("{8BC9CEB8-8B4A-11D0-8D11-00A0C91BC942}") = "AudioNone", "Plugins\src\AudioNone\AudioNone.vcproj", "{984BB0B1-96DA-412B-82A1-5C86A4D40FBA}"
	ProjectSection(ProjectDependencies) = postProject
	EndProjectSection
EndProject
Project("{8BC9CEB8-8B4A-11D0-8D11-00A0C91BC942}") = "Input", "Plugins\src\Input\Input.vcproj", "{DF18099D-35B6-4619-A8FE-CB2BC25364F4}"
	ProjectSection(ProjectDependencies) = postProject
	EndProjectSection
EndProject
Project("{8BC9CEB8-8B4A-11D0-8D11-00A0C91BC942}") = "RSP", "Plugins\src\RSP\RSP.vcproj", "{D101F663-FBE6-45E1-B3CE-C70184F718EF}"
	ProjectSection(ProjectDependencies) = postProject
	EndProjectSection
EndProject
Project("{8BC9CEB8-8B4A-11D0-8D11-00A0C91BC942}") = "RSPHLE", "Plugins\src\RSPHLE\RSPHLE.vcproj", "{7127654B-181D-4D65-8C06-C45086FC21F9}"
	ProjectSection(ProjectDependencies) = postProject
	EndProjectSection
EndProject
Project("{8BC9CEB8-8B4A-11D0-8D11-00A0C91BC942}") = "RSPM64P", "Plugins\src\RSPM64P\RSPM64P.vcproj", "{BBDE61F2-D298-4B51-BA24-98831EA6B16E}"
	ProjectSection(ProjectDependencies) = postProject
	EndProjectSection
EndProject
Project("{8BC9CEB8-8B4A-11D0-8D11-00A0C91BC942}") = "Video5.10", "Plugins\src\Video5.10\Video 5.10.vcproj", "{B03134F1-3846-4D16-B5F3-3F69C54DE23A}"
	ProjectSection(ProjectDependencies) = postProject
	EndProjectSection
EndProject
Project("{8BC9CEB8-8B4A-11D0-8D11-00A0C91BC942}") = "Video5.31", "Plugins\src\Video5.31\Video5.31.vcproj", "{C8908F4A-7638-4356-BF03-849266C2C69D}"
	ProjectSection(ProjectDependencies) = postProject
	EndProjectSection
EndProject
Project("{8BC9CEB8-8B4A-11D0-8D11-00A0C91BC942}") = "Video5.60", "Plugins\src\Video5.60\Video5.60.vcproj", "{287AC49D-8C32-4187-A7DA-F2273AF2C4F5}"
	ProjectSection(ProjectDependencies) = postProject
	EndProjectSection
EndProject
Project("{8BC9CEB8-8B4A-11D0-8D11-00A0C91BC942}") = "Video6.11", "Plugins\src\video6.11\Video6.11.vcproj", "{164B9D35-F82C-4432-AC6B-2555DA8E5F04}"
	ProjectSection(ProjectDependencies) = postProject
	EndProjectSection
EndProject
Project("{8BC9CEB8-8B4A-11D0-8D11-00A0C91BC942}") = "Video6.12", "Plugins\src\video6.12\Video6.12.vcproj", "{84D714CC-DA5B-4175-BDE0-FFB36729E41C}"
	ProjectSection(ProjectDependencies) = postProject
	EndProjectSection
EndProject
Project("{8BC9CEB8-8B4A-11D0-8D11-00A0C91BC942}") = "UltraXLE", "UltraXLE\UltraXLE.vcproj", "{DEB96971-276F-4477-9E92-58DC33D16CF5}"
	ProjectSection(ProjectDependencies) = postProject
		{DF18099D-35B6-4619-A8FE-CB2BC25364F4} = {DF18099D-35B6-4619-A8FE-CB2BC25364F4}
	EndProjectSection
EndProject
Project("{8BC9CEB8-8B4A-11D0-8D11-00A0C91BC942}") = "Launcher", "Launcher\Launcher.vcproj", "{BBAEF95D-AC7A-4CCA-B916-FBD94DBE56DF}"
	ProjectSection(ProjectDependencies) = postProject
	EndProjectSection
EndProject
Global
	GlobalSection(SolutionConfiguration) = preSolution
		Debug = Debug
		Profile = Profile
		Profile_FastCap = Profile_FastCap
		Release = Release
		Release_LTCG = Release_LTCG
	EndGlobalSection
	GlobalSection(ProjectConfiguration) = postSolution
		{8093DA18-6D55-4807-89F1-E33B99D4237D}.Debug.ActiveCfg = Debug|Xbox
		{8093DA18-6D55-4807-89F1-E33B99D4237D}.Debug.Build.0 = Debug|Xbox
		{8093DA18-6D55-4807-89F1-E33B99D4237D}.Profile.ActiveCfg = Profile|Xbox
		{8093DA18-6D55-4807-89F1-E33B99D4237D}.Profile.Build.0 = Profile|Xbox
		{8093DA18-6D55-4807-89F1-E33B99D4237D}.Profile_FastCap.ActiveCfg = Profile_FastCap|Xbox
		{8093DA18-6D55-4807-89F1-E33B99D4237D}.Profile_FastCap.Build.0 = Profile_FastCap|Xbox
		{8093DA18-6D55-4807-89F1-E33B99D4237D}.Release.ActiveCfg = Release|Xbox
		{8093DA18-6D55-4807-89F1-E33B99D4237D}.Release.Build.0 = Release|Xbox
		{8093DA18-6D55-4807-89F1-E33B99D4237D}.Release_LTCG.ActiveCfg = Release_LTCG|Xbox
		{8093DA18-6D55-4807-89F1-E33B99D4237D}.Release_LTCG.Build.0 = Release_LTCG|Xbox
		{5B602B97-9A1A-4395-A6B6-BBEB9BB1B89E}.Debug.ActiveCfg = Debug|Xbox
		{5B602B97-9A1A-4395-A6B6-BBEB9BB1B89E}.Debug.Build.0 = Debug|Xbox
		{5B602B97-9A1A-4395-A6B6-BBEB9BB1B89E}.Profile.ActiveCfg = Profile|Xbox
		{5B602B97-9A1A-4395-A6B6-BBEB9BB1B89E}.Profile.Build.0 = Profile|Xbox
		{5B602B97-9A1A-4395-A6B6-BBEB9BB1B89E}.Profile_FastCap.ActiveCfg = Profile_FastCap|Xbox
		{5B602B97-9A1A-4395-A6B6-BBEB9BB1B89E}.Profile_FastCap.Build.0 = Profile_FastCap|Xbox
		{5B602B97-9A1A-4395-A6B6-BBEB9BB1B89E}.Release.ActiveCfg = Release|Xbox
		{5B602B97-9A1A-4395-A6B6-BBEB9BB1B89E}.Release.Build.0 = Release|Xbox
		{5B602B97-9A1A-4395-A6B6-BBEB9BB1B89E}.Release_LTCG.ActiveCfg = Release_LTCG|Xbox
		{5B602B97-9A1A-4395-A6B6-BBEB9BB1B89E}.Release_LTCG.Build.0 = Release_LTCG|Xbox
		{413E1446-11D0-4252-BD79-BB8D6B6E172C}.Debug.ActiveCfg = Debug|Xbox
		{413E1446-11D0-4252-BD79-BB8D6B6E172C}.Debug.Build.0 = Debug|Xbox
		{413E1446-11D0-4252-BD79-BB8D6B6E172C}.Profile.ActiveCfg = Profile|Xbox
		{413E1446-11D0-4252-BD79-BB8D6B6E172C}.Profile.Build.0 = Profile|Xbox
		{413E1446-11D0-4252-BD79-BB8D6B6E172C}.Profile_FastCap.ActiveCfg = Profile_FastCap|Xbox
		{413E1446-11D0-4252-BD79-BB8D6B6E172C}.Profile_FastCap.Build.0 = Profile_FastCap|Xbox
		{413E1446-11D0-4252-BD79-BB8D6B6E172C}.Release.ActiveCfg = Release|Xbox
		{413E1446-11D0-4252-BD79-BB8D6B6E172C}.Release.Build.0 = Release|Xbox
		{413E1446-11D0-4252-BD79-BB8D6B6E172C}.Release_LTCG.ActiveCfg = Release_LTCG|Xbox
		{413E1446-11D0-4252-BD79-BB8D6B6E172C}.Release_LTCG.Build.0 = Release_LTCG|Xbox
		{9F89AF5B-E391-4960-93DC-A8EF88F79C96}.Debug.ActiveCfg = Debug|Xbox
		{9F89AF5B-E391-4960-93DC-A8EF88F79C96}.Debug.Build.0 = Debug|Xbox
		{9F89AF5B-E391-4960-93DC-A8EF88F79C96}.Profile.ActiveCfg = Profile|Xbox
		{9F89AF5B-E391-4960-93DC-A8EF88F79C96}.Profile.Build.0 = Profile|Xbox
		{9F89AF5B-E391-4960-93DC-A8EF88F79C96}.Profile_FastCap.ActiveCfg = Profile_FastCap|Xbox
		{9F89AF5B-E391-4960-93DC-A8EF88F79C96}.Profile_FastCap.Build.0 = Profile_FastCap|Xbox
		{9F89AF5B-E391-4960-93DC-A8EF88F79C96}.Release.ActiveCfg = Release|Xbox
		{9F89AF5B-E391-4960-93DC-A8EF88F79C96}.Release.Build.0 = Release|Xbox
		{9F89AF5B-E391-4960-93DC-A8EF88F79C96}.Release_LTCG.ActiveCfg = Release_LTCG|Xbox
		{9F89AF5B-E391-4960-93DC-A8EF88F79C96}.Release_LTCG.Build.0 = Release_LTCG|Xbox
		{6200FC2F-B1AD-4912-B807-E600915DD004}.Debug.ActiveCfg = Debug|Xbox
		{6200FC2F-B1AD-4912-B807-E600915DD004}.Debug.Build.0 = Debug|Xbox
		{6200FC2F-B1AD-4912-B807-E600915DD004}.Profile.ActiveCfg = Profile|Xbox
		{6200FC2F-B1AD-4912-B807-E600915DD004}.Profile.Build.0 = Profile|Xbox
		{6200FC2F-B1AD-4912-B807-E600915DD004}.Profile_FastCap.ActiveCfg = Profile_FastCap|Xbox
		{6200FC2F-B1AD-4912-B807-E600915DD004}.Profile_FastCap.Build.0 = Profile_FastCap|Xbox
		{6200FC2F-B1AD-4912-B807-E600915DD004}.Release.ActiveCfg = Release|Xbox
		{6200FC2F-B1AD-4912-B807-E600915DD004}.Release.Build.0 = Release|Xbox
		{6200FC2F-B1AD-4912-B807-E600915DD004}.Release_LTCG.ActiveCfg = Release_LTCG|Xbox
		{6200FC2F-B1AD-4912-B807-E600915DD004}.Release_LTCG.Build.0 = Release_LTCG|Xbox
		{491C144B-F6B6-4013-B64A-49C7BF8C710F}.Debug.ActiveCfg = Debug|Xbox
		{491C144B-F6B6-4013-B64A-49C7BF8C710F}.Debug.Build.0 = Debug|Xbox
		{491C144B-F6B6-4013-B64A-49C7BF8C710F}.Profile.ActiveCfg = Profile|Xbox
		{491C144B-F6B6-4013-B64A-49C7BF8C710F}.Profile.Build.0 = Profile|Xbox
		{491C144B-F6B6-4013-B64A-49C7BF8C710F}.Profile_FastCap.ActiveCfg = Profile_FastCap|Xbox
		{491C144B-F6B6-4013-B64A-49C7BF8C710F}.Profile_FastCap.Build.0 = Profile_FastCap|Xbox
		{491C144B-F6B6-4013-B64A-49C7BF8C710F}.Release.ActiveCfg = Release|Xbox
		{491C144B-F6B6-4013-B64A-49C7BF8C710F}.Release.Build.0 = Release|Xbox
		{491C144B-F6B6-4013-B64A-49C7BF8C710F}.Release_LTCG.ActiveCfg = Release_LTCG|Xbox
		{491C144B-F6B6-4013-B64A-49C7BF8C710F}.Release_LTCG.Build.0 = Release_LTCG|Xbox
		{57E5FFBC-5E46-4497-8DAF-528F63CED709}.Debug.ActiveCfg = Debug|Xbox
		{57E5FFBC-5E46-4497-8DAF-528F63CED709}.Debug.Build.0 = Debug|Xbox
		{57E5FFBC-5E46-4497-8DAF-528F63CED709}.Profile.ActiveCfg = Profile|Xbox
		{57E5FFBC-5E46-4497-8DAF-528F63CED709}.Profile.Build.0 = Profile|Xbox
		{57E5FFBC-5E46-4497-8DAF-528F63CED709}.Profile_FastCap.ActiveCfg = Profile_FastCap|Xbox
		{57E5FFBC-5E46-4497-8DAF-528F63CED709}.Profile_FastCap.Build.0 = Profile_FastCap|Xbox
		{57E5FFBC-5E46-4497-8DAF-528F63CED709}.Release.ActiveCfg = Release|Xbox
		{57E5FFBC-5E46-4497-8DAF-528F63CED709}.Release.Build.0 = Release|Xbox
		{57E5FFBC-5E46-4497-8DAF-528F63CED709}.Release_LTCG.ActiveCfg = Release_LTCG|Xbox
		{57E5FFBC-5E46-4497-8DAF-528F63CED709}.Release_LTCG.Build.0 = Release_LTCG|Xbox
		{E8679B93-6F34-4430-BA7D-2208F0C1C7E6}.Debug.ActiveCfg = Debug|Xbox
		{E8679B93-6F34-4430-BA7D-2208F0C1C7E6}.Debug.Build.0 = Debug|Xbox
		{E8679B93-6F34-4430-BA7D-2208F0C1C7E6}.Profile.ActiveCfg = Profile|Xbox
		{E8679B93-6F34-4430-BA7D-2208F0C1C7E6}.Profile.Build.0 = Profile|Xbox
		{E8679B93-6F34-4430-BA7D-2208F0C1C7E6}.Profile_FastCap.ActiveCfg = Profile_FastCap|Xbox
		{E8679B93-6F34-4430-BA7D-2208F0C1C7E6}.Profile_FastCap.Build.0 = Profile_FastCap|Xbox
		{E8679B93-6F34-4430-BA7D-2208F0C1C7E6}.Release.ActiveCfg = Release|Xbox
		{E8679B93-6F34-4430-BA7D-2208F0C1C7E6}.Release.Build.0 = Release|Xbox
		{E8679B93-6F34-4430-BA7D-2208F0C1C7E6}.Release_LTCG.ActiveCfg = Release_LTCG|Xbox
		{E8679B93-6F34-4430-BA7D-2208F0C1C7E6}.Release_LTCG.Build.0 = Release_LTCG|Xbox
		{C82F3B8C-5EC1-4617-8BCC-6091B7674AD5}.Debug.ActiveCfg = Debug|Xbox
		{C82F3B8C-5EC1-4617-8BCC-6091B7674AD5}.Debug.Build.0 = Debug|Xbox
		{C82F3B8C-5EC1-4617-8BCC-6091B7674AD5}.Profile.ActiveCfg = Profile|Xbox
		{C82F3B8C-5EC1-4617-8BCC-6091B7674AD5}.Profile.Build.0 = Profile|Xbox
		{C82F3B8C-5EC1-4617-8BCC-6091B7674AD5}.Profile_FastCap.ActiveCfg = Profile_FastCap|Xbox
		{C82F3B8C-5EC1-4617-8BCC-6091B7674AD5}.Profile_FastCap.Build.0 = Profile_FastCap|Xbox
		{C82F3B8C-5EC1-4617-8BCC-6091B7674AD5}.Release.ActiveCfg = Release|Xbox
		{C82F3B8C-5EC1-4617-8BCC-6091B7674AD5}.Release.Build.0 = Release|Xbox
		{C82F3B8C-5EC1-4617-8BCC-6091B7674AD5}.Release_LTCG.ActiveCfg = Release_LTCG|Xbox
		{C82F3B8C-5EC1-4617-8BCC-6091B7674AD5}.Release_LTCG.Build.0 = Release_LTCG|Xbox
		{0EC6D186-B75A-46F3-A9A9-D1CB6E72A386}.Debug.ActiveCfg = Debug|Xbox
		{0EC6D186-B75A-46F3-A9A9-D1CB6E72A386}.Debug.Build.0 = Debug|Xbox
		{0EC6D186-B75A-46F3-A9A9-D1CB6E72A386}.Profile.ActiveCfg = Profile|Xbox
		{0EC6D186-B75A-46F3-A9A9-D1CB6E72A386}.Profile.Build.0 = Profile|Xbox
		{0EC6D186-B75A-46F3-A9A9-D1CB6E72A386}.Profile_FastCap.ActiveCfg = Profile_FastCap|Xbox
		{0EC6D186-B75A-46F3-A9A9-D1CB6E72A386}.Profile_FastCap.Build.0 = Profile_FastCap|Xbox
		{0EC6D186-B75A-46F3-A9A9-D1CB6E72A386}.Release.ActiveCfg = Release|Xbox
		{0EC6D186-B75A-46F3-A9A9-D1CB6E72A386}.Release.Build.0 = Release|Xbox
		{0EC6D186-B75A-46F3-A9A9-D1CB6E72A386}.Release_LTCG.ActiveCfg = Release_LTCG|Xbox
		{0EC6D186-B75A-46F3-A9A9-D1CB6E72A386}.Release_LTCG.Build.0 = Release_LTCG|Xbox
		{FC45B107-2692-476F-8A53-0B7672164C40}.Debug.ActiveCfg = Debug|Xbox
		{FC45B107-2692-476F-8A53-0B7672164C40}.Debug.Build.0 = Debug|Xbox
		{FC45B107-2692-476F-8A53-0B7672164C40}.Profile.ActiveCfg = Profile|Xbox
		{FC45B107-2692-476F-8A53-0B7672164C40}.Profile.Build.0 = Profile|Xbox
		{FC45B107-2692-476F-8A53-0B7672164C40}.Profile_FastCap.ActiveCfg = Profile_FastCap|Xbox
		{FC45B107-2692-476F-8A53-0B7672164C40}.Profile_FastCap.Build.0 = Profile_FastCap|Xbox
		{FC45B107-2692-476F-8A53-0B7672164C40}.Release.ActiveCfg = Release|Xbox
		{FC45B107-2692-476F-8A53-0B7672164C40}.Release.Build.0 = Release|Xbox
		{FC45B107-2692-476F-8A53-0B7672164C40}.Release_LTCG.ActiveCfg = Release_LTCG|Xbox
		{FC45B107-2692-476F-8A53-0B7672164C40}.Release_LTCG.Build.0 = Release_LTCG|Xbox
		{889EA010-906E-4817-862B-20E152193325}.Debug.ActiveCfg = Debug|Xbox
		{889EA010-906E-4817-862B-20E152193325}.Debug.Build.0 = Debug|Xbox
		{889EA010-906E-4817-862B-20E152193325}.Profile.ActiveCfg = Profile|Xbox
		{889EA010-906E-4817-862B-20E152193325}.Profile.Build.0 = Profile|Xbox
		{889EA010-906E-4817-862B-20E152193325}.Profile_FastCap.ActiveCfg = Profile_FastCap|Xbox
		{889EA010-906E-4817-862B-20E152193325}.Profile_FastCap.Build.0 = Profile_FastCap|Xbox
		{889EA010-906E-4817-862B-20E152193325}.Release.ActiveCfg = Release|Xbox
		{889EA010-906E-4817-862B-20E152193325}.Release.Build.0 = Release|Xbox
		{889EA010-906E-4817-862B-20E152193325}.Release_LTCG.ActiveCfg = Release_LTCG|Xbox
		{889EA010-906E-4817-862B-20E152193325}.Release_LTCG.Build.0 = Release_LTCG|Xbox
		{60CFD403-F582-4481-AFDE-DA1F05A7C357}.Debug.ActiveCfg = Debug|Xbox
		{60CFD403-F582-4481-AFDE-DA1F05A7C357}.Debug.Build.0 = Debug|Xbox
		{60CFD403-F582-4481-AFDE-DA1F05A7C357}.Profile.ActiveCfg = Profile|Xbox
		{60CFD403-F582-4481-AFDE-DA1F05A7C357}.Profile.Build.0 = Profile|Xbox
		{60CFD403-F582-4481-AFDE-DA1F05A7C357}.Profile_FastCap.ActiveCfg = Profile_FastCap|Xbox
		{60CFD403-F582-4481-AFDE-DA1F05A7C357}.Profile_FastCap.Build.0 = Profile_FastCap|Xbox
		{60CFD403-F582-4481-AFDE-DA1F05A7C357}.Release.ActiveCfg = Release|Xbox
		{60CFD403-F582-4481-AFDE-DA1F05A7C357}.Release.Build.0 = Release|Xbox
		{60CFD403-F582-4481-AFDE-DA1F05A7C357}.Release_LTCG.ActiveCfg = Release_LTCG|Xbox
		{60CFD403-F582-4481-AFDE-DA1F05A7C357}.Release_LTCG.Build.0 = Release_LTCG|Xbox
		{20B03EDE-81D0-4751-AF9D-746CC615C1FA}.Debug.ActiveCfg = Debug|Xbox
		{20B03EDE-81D0-4751-AF9D-746CC615C1FA}.Debug.Build.0 = Debug|Xbox
		{20B03EDE-81D0-4751-AF9D-746CC615C1FA}.Profile.ActiveCfg = Profile|Xbox
		{20B03EDE-81D0-4751-AF9D-746CC615C1FA}.Profile.Build.0 = Profile|Xbox
		{20B03EDE-81D0-4751-AF9D-746CC615C1FA}.Profile_FastCap.ActiveCfg = Profile_FastCap|Xbox
		{20B03EDE-81D0-4751-AF9D-746CC615C1FA}.Profile_FastCap.Build.0 = Profile_FastCap|Xbox
		{20B03EDE-81D0-4751-AF9D-746CC615C1FA}.Release.ActiveCfg = Release|Xbox
		{20B03EDE-81D0-4751-AF9D-746CC615C1FA}.Release.Build.0 = Release|Xbox
		{20B03EDE-81D0-4751-AF9D-746CC615C1FA}.Release_LTCG.ActiveCfg = Release_LTCG|Xbox
		{20B03EDE-81D0-4751-AF9D-746CC615C1FA}.Release_LTCG.Build.0 = Release_LTCG|Xbox
		{A7870925-24DD-4327-BF1B-D3BFD2E90FBD}.Debug.ActiveCfg = Debug|Xbox
		{A7870925-24DD-4327-BF1B-D3BFD2E90FBD}.Debug.Build.0 = Debug|Xbox
		{A7870925-24DD-4327-BF1B-D3BFD2E90FBD}.Profile.ActiveCfg = Profile|Xbox
		{A7870925-24DD-4327-BF1B-D3BFD2E90FBD}.Profile.Build.0 = Profile|Xbox
		{A7870925-24DD-4327-BF1B-D3BFD2E90FBD}.Profile_FastCap.ActiveCfg = Profile_FastCap|Xbox
		{A7870925-24DD-4327-BF1B-D3BFD2E90FBD}.Profile_FastCap.Build.0 = Profile_FastCap|Xbox
		{A7870925-24DD-4327-BF1B-D3BFD2E90FBD}.Release.ActiveCfg = Release|Xbox
		{A7870925-24DD-4327-BF1B-D3BFD2E90FBD}.Release.Build.0 = Release|Xbox
		{A7870925-24DD-4327-BF1B-D3BFD2E90FBD}.Release_LTCG.ActiveCfg = Release_LTCG|Xbox
		{A7870925-24DD-4327-BF1B-D3BFD2E90FBD}.Release_LTCG.Build.0 = Release_LTCG|Xbox
		{CA52AAF2-C27D-4376-9CDD-346B2455DD30}.Debug.ActiveCfg = Debug|Xbox
		{CA52AAF2-C27D-4376-9CDD-346B2455DD30}.Debug.Build.0 = Debug|Xbox
		{CA52AAF2-C27D-4376-9CDD-346B2455DD30}.Profile.ActiveCfg = Profile|Xbox
		{CA52AAF2-C27D-4376-9CDD-346B2455DD30}.Profile.Build.0 = Profile|Xbox
		{CA52AAF2-C27D-4376-9CDD-346B2455DD30}.Profile_FastCap.ActiveCfg = Profile_FastCap|Xbox
		{CA52AAF2-C27D-4376-9CDD-346B2455DD30}.Profile_FastCap.Build.0 = Profile_FastCap|Xbox
		{CA52AAF2-C27D-4376-9CDD-346B2455DD30}.Release.ActiveCfg = Release|Xbox
		{CA52AAF2-C27D-4376-9CDD-346B2455DD30}.Release.Build.0 = Release|Xbox
		{CA52AAF2-C27D-4376-9CDD-346B2455DD30}.Release_LTCG.ActiveCfg = Release_LTCG|Xbox
		{CA52AAF2-C27D-4376-9CDD-346B2455DD30}.Release_LTCG.Build.0 = Release_LTCG|Xbox
		{1CCDA678-B38E-4803-83F5-29D698DED4DB}.Debug.ActiveCfg = Debug|Xbox
		{1CCDA678-B38E-4803-83F5-29D698DED4DB}.Debug.Build.0 = Debug|Xbox
		{1CCDA678-B38E-4803-83F5-29D698DED4DB}.Profile.ActiveCfg = Profile|Xbox
		{1CCDA678-B38E-4803-83F5-29D698DED4DB}.Profile.Build.0 = Profile|Xbox
		{1CCDA678-B38E-4803-83F5-29D698DED4DB}.Profile_FastCap.ActiveCfg = Profile_FastCap|Xbox
		{1CCDA678-B38E-4803-83F5-29D698DED4DB}.Profile_FastCap.Build.0 = Profile_FastCap|Xbox
		{1CCDA678-B38E-4803-83F5-29D698DED4DB}.Release.ActiveCfg = Release|Xbox
		{1CCDA678-B38E-4803-83F5-29D698DED4DB}.Release.Build.0 = Release|Xbox
		{1CCDA678-B38E-4803-83F5-29D698DED4DB}.Release_LTCG.ActiveCfg = Release_LTCG|Xbox
		{1CCDA678-B38E-4803-83F5-29D698DED4DB}.Release_LTCG.Build.0 = Release_LTCG|Xbox
		{F6715842-7F95-4199-9E3D-5A7B8A05CA27}.Debug.ActiveCfg = Debug|Xbox
		{F6715842-7F95-4199-9E3D-5A7B8A05CA27}.Debug.Build.0 = Debug|Xbox
		{F6715842-7F95-4199-9E3D-5A7B8A05CA27}.Profile.ActiveCfg = Profile|Xbox
		{F6715842-7F95-4199-9E3D-5A7B8A05CA27}.Profile.Build.0 = Profile|Xbox
		{F6715842-7F95-4199-9E3D-5A7B8A05CA27}.Profile_FastCap.ActiveCfg = Profile_FastCap|Xbox
		{F6715842-7F95-4199-9E3D-5A7B8A05CA27}.Profile_FastCap.Build.0 = Profile_FastCap|Xbox
		{F6715842-7F95-4199-9E3D-5A7B8A05CA27}.Release.ActiveCfg = Release|Xbox
		{F6715842-7F95-4199-9E3D-5A7B8A05CA27}.Release.Build.0 = Release|Xbox
		{F6715842-7F95-4199-9E3D-5A7B8A05CA27}.Release_LTCG.ActiveCfg = Release_LTCG|Xbox
		{F6715842-7F95-4199-9E3D-5A7B8A05CA27}.Release_LTCG.Build.0 = Release_LTCG|Xbox
		{9F79754A-DD1F-4793-8449-9744E6A73D3C}.Debug.ActiveCfg = Debug|Xbox
		{9F79754A-DD1F-4793-8449-9744E6A73D3C}.Debug.Build.0 = Debug|Xbox
		{9F79754A-DD1F-4793-8449-9744E6A73D3C}.Profile.ActiveCfg = Profile|Xbox
		{9F79754A-DD1F-4793-8449-9744E6A73D3C}.Profile.Build.0 = Profile|Xbox
		{9F79754A-DD1F-4793-8449-9744E6A73D3C}.Profile_FastCap.ActiveCfg = Profile_FastCap|Xbox
		{9F79754A-DD1F-4793-8449-9744E6A73D3C}.Profile_FastCap.Build.0 = Profile_FastCap|Xbox
		{9F79754A-DD1F-4793-8449-9744E6A73D3C}.Release.ActiveCfg = Release|Xbox
		{9F79754A-DD1F-4793-8449-9744E6A73D3C}.Release.Build.0 = Release|Xbox
		{9F79754A-DD1F-4793-8449-9744E6A73D3C}.Release_LTCG.ActiveCfg = Release_LTCG|Xbox
		{9F79754A-DD1F-4793-8449-9744E6A73D3C}.Release_LTCG.Build.0 = Release_LTCG|Xbox
		{9B3F72E2-476E-4F29-A217-1B1116CE65FC}.Debug.ActiveCfg = Debug|Xbox
		{9B3F72E2-476E-4F29-A217-1B1116CE65FC}.Debug.Build.0 = Debug|Xbox
		{9B3F72E2-476E-4F29-A217-1B1116CE65FC}.Profile.ActiveCfg = Profile|Xbox
		{9B3F72E2-476E-4F29-A217-1B1116CE65FC}.Profile.Build.0 = Profile|Xbox
		{9B3F72E2-476E-4F29-A217-1B1116CE65FC}.Profile_FastCap.ActiveCfg = Profile_FastCap|Xbox
		{9B3F72E2-476E-4F29-A217-1B1116CE65FC}.Profile_FastCap.Build.0 = Profile_FastCap|Xbox
		{9B3F72E2-476E-4F29-A217-1B1116CE65FC}.Release.ActiveCfg = Release|Xbox
		{9B3F72E2-476E-4F29-A217-1B1116CE65FC}.Release.Build.0 = Release|Xbox
		{9B3F72E2-476E-4F29-A217-1B1116CE65FC}.Release_LTCG.ActiveCfg = Release_LTCG|Xbox
		{9B3F72E2-476E-4F29-A217-1B1116CE65FC}.Release_LTCG.Build.0 = Release_LTCG|Xbox
		{13D8F192-23C1-4EE0-896D-3E9010A13D65}.Debug.ActiveCfg = Debug|Xbox
		{13D8F192-23C1-4EE0-896D-3E9010A13D65}.Debug.Build.0 = Debug|Xbox
		{13D8F192-23C1-4EE0-896D-3E9010A13D65}.Profile.ActiveCfg = Profile|Xbox
		{13D8F192-23C1-4EE0-896D-3E9010A13D65}.Profile.Build.0 = Profile|Xbox
		{13D8F192-23C1-4EE0-896D-3E9010A13D65}.Profile_FastCap.ActiveCfg = Profile_FastCap|Xbox
		{13D8F192-23C1-4EE0-896D-3E9010A13D65}.Profile_FastCap.Build.0 = Profile_FastCap|Xbox
		{13D8F192-23C1-4EE0-896D-3E9010A13D65}.Release.ActiveCfg = Release|Xbox
		{13D8F192-23C1-4EE0-896D-3E9010A13D65}.Release.Build.0 = Release|Xbox
		{13D8F192-23C1-4EE0-896D-3E9010A13D65}.Release_LTCG.ActiveCfg = Release_LTCG|Xbox
		{13D8F192-23C1-4EE0-896D-3E9010A13D65}.Release_LTCG.Build.0 = Release_LTCG|Xbox
		{50BCDC05-7A50-4F10-9E30-0E291372F8A1}.Debug.ActiveCfg = Debug|Xbox
		{50BCDC05-7A50-4F10-9E30-0E291372F8A1}.Debug.Build.0 = Debug|Xbox
		{50BCDC05-7A50-4F10-9E30-0E291372F8A1}.Profile.ActiveCfg = Profile|Xbox
		{50BCDC05-7A50-4F10-9E30-0E291372F8A1}.Profile.Build.0 = Profile|Xbox
		{50BCDC05-7A50-4F10-9E30-0E291372F8A1}.Profile_FastCap.ActiveCfg = Profile_FastCap|Xbox
		{50BCDC05-7A50-4F10-9E30-0E291372F8A1}.Profile_FastCap.Build.0 = Profile_FastCap|Xbox
		{50BCDC05-7A50-4F10-9E30-0E291372F8A1}.Release.ActiveCfg = Release|Xbox
		{50BCDC05-7A50-4F10-9E30-0E291372F8A1}.Release.Build.0 = Release|Xbox
		{50BCDC05-7A50-4F10-9E30-0E291372F8A1}.Release_LTCG.ActiveCfg = Release_LTCG|Xbox
		{50BCDC05-7A50-4F10-9E30-0E291372F8A1}.Release_LTCG.Build.0 = Release_LTCG|Xbox
		{5AA63184-8488-4760-8A8F-2784090D5A77}.Debug.ActiveCfg = Debug|Xbox
		{5AA63184-8488-4760-8A8F-2784090D5A77}.Debug.Build.0 = Debug|Xbox
		{5AA63184-8488-4760-8A8F-2784090D5A77}.Profile.ActiveCfg = Profile|Xbox
		{5AA63184-8488-4760-8A8F-2784090D5A77}.Profile.Build.0 = Profile|Xbox
		{5AA63184-8488-4760-8A8F-2784090D5A77}.Profile_FastCap.ActiveCfg = Profile_FastCap|Xbox
		{5AA63184-8488-4760-8A8F-2784090D5A77}.Profile_FastCap.Build.0 = Profile_FastCap|Xbox
		{5AA63184-8488-4760-8A8F-2784090D5A77}.Release.ActiveCfg = Release|Xbox
		{5AA63184-8488-4760-8A8F-2784090D5A77}.Release.Build.0 = Release|Xbox
		{5AA63184-8488-4760-8A8F-2784090D5A77}.Release_LTCG.ActiveCfg = Release_LTCG|Xbox
		{5AA63184-8488-4760-8A8F-2784090D5A77}.Release_LTCG.Build.0 = Release_LTCG|Xbox
		{984BB0B1-96DA-412B-82A1-5C86A4D40FBA}.Debug.ActiveCfg = Debug|Xbox
		{984BB0B1-96DA-412B-82A1-5C86A4D40FBA}.Debug.Build.0 = Debug|Xbox
		{984BB0B1-96DA-412B-82A1-5C86A4D40FBA}.Profile.ActiveCfg = Profile|Xbox
		{984BB0B1-96DA-412B-82A1-5C86A4D40FBA}.Profile.Build.0 = Profile|Xbox
		{984BB0B1-96DA-412B-82A1-5C86A4D40FBA}.Profile_FastCap.ActiveCfg = Profile_FastCap|Xbox
		{984BB0B1-96DA-412B-82A1-5C86A4D40FBA}.Profile_FastCap.Build.0 = Profile_FastCap|Xbox
		{984BB0B1-96DA-412B-82A1-5C86A4D40FBA}.Release.ActiveCfg = Release|Xbox
		{984BB0B1-96DA-412B-82A1-5C86A4D40FBA}.Release.Build.0 = Release|Xbox
		{984BB0B1-96DA-412B-82A1-5C86A4D40FBA}.Release_LTCG.ActiveCfg = Release_LTCG|Xbox
		{984BB0B1-96DA-412B-82A1-5C86A4D40FBA}.Release_LTCG.Build.0 = Release_LTCG|Xbox
		{DF18099D-35B6-4619-A8FE-CB2BC25364F4}.Debug.ActiveCfg = Debug|Xbox
		{DF18099D-35B6-4619-A8FE-CB2BC25364F4}.Debug.Build.0 = Debug|Xbox
		{DF18099D-35B6-4619-A8FE-CB2BC25364F4}.Profile.ActiveCfg = Profile|Xbox
		{DF18099D-35B6-4619-A8FE-CB2BC25364F4}.Profile.Build.0 = Profile|Xbox
		{DF18099D-35B6-4619-A8FE-CB2BC25364F4}.Profile_FastCap.ActiveCfg = Profile_FastCap|Xbox
		{DF18099D-35B6-4619-A8FE-CB2BC25364F4}.Profile_FastCap.Build.0 = Profile_FastCap|Xbox
		{DF18099D-35B6-4619-A8FE-CB2BC25364F4}.Release.ActiveCfg = Release|Xbox
		{DF18099D-35B6-4619-A8FE-CB2BC25364F4}.Release.Build.0 = Release|Xbox
		{DF18099D-35B6-4619-A8FE-CB2BC25364F4}.Release_LTCG.ActiveCfg = Release_LTCG|Xbox
		{DF18099D-35B6-4619-A8FE-CB2BC25364F4}.Release_LTCG.Build.0 = Release_LTCG|Xbox
		{D101F663-FBE6-45E1-B3CE-C70184F718EF}.Debug.ActiveCfg = Debug|Xbox
		{D101F663-FBE6-45E1-B3CE-C70184F718EF}.Debug.Build.0 = Debug|Xbox
		{D101F663-FBE6-45E1-B3CE-C70184F718EF}.Profile.ActiveCfg = Profile|Xbox
		{D101F663-FBE6-45E1-B3CE-C70184F718EF}.Profile.Build.0 = Profile|Xbox
		{D101F663-FBE6-45E1-B3CE-C70184F718EF}.Profile_FastCap.ActiveCfg = Profile_FastCap|Xbox
		{D101F663-FBE6-45E1-B3CE-C70184F718EF}.Profile_FastCap.Build.0 = Profile_FastCap|Xbox
		{D101F663-FBE6-45E1-B3CE-C70184F718EF}.Release.ActiveCfg = Release|Xbox
		{D101F663-FBE6-45E1-B3CE-C70184F718EF}.Release.Build.0 = Release|Xbox
		{D101F663-FBE6-45E1-B3CE-C70184F718EF}.Release_LTCG.ActiveCfg = Release_LTCG|Xbox
		{D101F663-FBE6-45E1-B3CE-C70184F718EF}.Release_LTCG.Build.0 = Release_LTCG|Xbox
		{7127654B-181D-4D65-8C06-C45086FC21F9}.Debug.ActiveCfg = Debug|Xbox
		{7127654B-181D-4D65-8C06-C45086FC21F9}.Debug.Build.0 = Debug|Xbox
		{7127654B-181D-4D65-8C06-C45086FC21F9}.Profile.ActiveCfg = Profile|Xbox
		{7127654B-181D-4D65-8C06-C45086FC21F9}.Profile.Build.0 = Profile|Xbox
		{7127654B-181D-4D65-8C06-C45086FC21F9}.Profile_FastCap.ActiveCfg = Profile_FastCap|Xbox
		{7127654B-181D-4D65-8C06-C45086FC21F9}.Profile_FastCap.Build.0 = Profile_FastCap|Xbox
		{7127654B-181D-4D65-8C06-C45086FC21F9}.Release.ActiveCfg = Release|Xbox
		{7127654B-181D-4D65-8C06-C45086FC21F9}.Release.Build.0 = Release|Xbox
		{7127654B-181D-4D65-8C06-C45086FC21F9}.Release_LTCG.ActiveCfg = Release_LTCG|Xbox
		{7127654B-181D-4D65-8C06-C45086FC21F9}.Release_LTCG.Build.0 = Release_LTCG|Xbox
		{BBDE61F2-D298-4B51-BA24-98831EA6B16E}.Debug.ActiveCfg = Debug|Xbox
		{BBDE61F2-D298-4B51-BA24-98831EA6B16E}.Debug.Build.0 = Debug|Xbox
		{BBDE61F2-D298-4B51-BA24-98831EA6B16E}.Profile.ActiveCfg = Profile|Xbox
		{BBDE61F2-D298-4B51-BA24-98831EA6B16E}.Profile.Build.0 = Profile|Xbox
		{BBDE61F2-D298-4B51-BA24-98831EA6B16E}.Profile_FastCap.ActiveCfg = Profile_FastCap|Xbox
		{BBDE61F2-D298-4B51-BA24-98831EA6B16E}.Profile_FastCap.Build.0 = Profile_FastCap|Xbox
		{BBDE61F2-D298-4B51-BA24-98831EA6B16E}.Release.ActiveCfg = Release|Xbox
		{BBDE61F2-D298-4B51-BA24-98831EA6B16E}.Release.Build.0 = Release|Xbox
		{BBDE61F2-D298-4B51-BA24-98831EA6B16E}.Release_LTCG.ActiveCfg = Release_LTCG|Xbox
		{BBDE61F2-D298-4B51-BA24-98831EA6B16E}.Release_LTCG.Build.0 = Release_LTCG|Xbox
		{B03134F1-3846-4D16-B5F3-3F69C54DE23A}.Debug.ActiveCfg = Debug|Xbox
		{B03134F1-3846-4D16-B5F3-3F69C54DE23A}.Debug.Build.0 = Debug|Xbox
		{B03134F1-3846-4D16-B5F3-3F69C54DE23A}.Profile.ActiveCfg = Profile|Xbox
		{B03134F1-3846-4D16-B5F3-3F69C54DE23A}.Profile.Build.0 = Profile|Xbox
		{B03134F1-3846-4D16-B5F3-3F69C54DE23A}.Profile_FastCap.ActiveCfg = Profile_FastCap|Xbox
		{B03134F1-3846-4D16-B5F3-3F69C54DE23A}.Profile_FastCap.Build.0 = Profile_FastCap|Xbox
		{B03134F1-3846-4D16-B5F3-3F69C54DE23A}.Release.ActiveCfg = Release|Xbox
		{B03134F1-3846-4D16-B5F3-3F69C54DE23A}.Release.Build.0 = Release|Xbox
		{B03134F1-3846-4D16-B5F3-3F69C54DE23A}.Release_LTCG.ActiveCfg = Release|Xbox
		{B03134F1-3846-4D16-B5F3-3F69C54DE23A}.Release_LTCG.Build.0 = Release|Xbox
		{C8908F4A-7638-4356-BF03-849266C2C69D}.Debug.ActiveCfg = Debug|Xbox
		{C8908F4A-7638-4356-BF03-849266C2C69D}.Debug.Build.0 = Debug|Xbox
		{C8908F4A-7638-4356-BF03-849266C2C69D}.Profile.ActiveCfg = Profile|Xbox
		{C8908F4A-7638-4356-BF03-849266C2C69D}.Profile.Build.0 = Profile|Xbox
		{C8908F4A-7638-4356-BF03-849266C2C69D}.Profile_FastCap.ActiveCfg = Profile_FastCap|Xbox
		{C8908F4A-7638-4356-BF03-849266C2C69D}.Profile_FastCap.Build.0 = Profile_FastCap|Xbox
		{C8908F4A-7638-4356-BF03-849266C2C69D}.Release.ActiveCfg = Release|Xbox
		{C8908F4A-7638-4356-BF03-849266C2C69D}.Release.Build.0 = Release|Xbox
		{C8908F4A-7638-4356-BF03-849266C2C69D}.Release_LTCG.ActiveCfg = Release|Xbox
		{C8908F4A-7638-4356-BF03-849266C2C69D}.Release_LTCG.Build.0 = Release|Xbox
		{287AC49D-8C32-4187-A7DA-F2273AF2C4F5}.Debug.ActiveCfg = Debug|Xbox
		{287AC49D-8C32-4187-A7DA-F2273AF2C4F5}.Debug.Build.0 = Debug|Xbox
		{287AC49D-8C32-4187-A7DA-F2273AF2C4F5}.Profile.ActiveCfg = Profile|Xbox
		{287AC49D-8C32-4187-A7DA-F2273AF2C4F5}.Profile.Build.0 = Profile|Xbox
		{287AC49D-8C32-4187-A7DA-F2273AF2C4F5}.Profile_FastCap.ActiveCfg = Profile_FastCap|Xbox
		{287AC49D-8C32-4187-A7DA-F2273AF2C4F5}.Profile_FastCap.Build.0 = Profile_FastCap|Xbox
		{287AC49D-8C32-4187-A7DA-F2273AF2C4F5}.Release.ActiveCfg = Release|Xbox
		{287AC49D-8C32-4187-A7DA-F2273AF2C4F5}.Release.Build.0 = Release|Xbox
		{287AC49D-8C32-4187-A7DA-F2273AF2C4F5}.Release_LTCG.ActiveCfg = Release|Xbox
		{287AC49D-8C32-4187-A7DA-F2273AF2C4F5}.Release_LTCG.Build.0 = Release|Xbox
		{164B9D35-F82C-4432-AC6B-2555DA8E5F04}.Debug.ActiveCfg = Debug|Xbox
		{164B9D35-F82C-4432-AC6B-2555DA8E5F04}.Debug.Build.0 = Debug|Xbox
		{164B9D35-F82C-4432-AC6B-2555DA8E5F04}.Profile.ActiveCfg = Profile|Xbox
		{164B9D35-F82C-4432-AC6B-2555DA8E5F04}.Profile.Build.0 = Profile|Xbox
		{164B9D35-F82C-4432-AC6B-2555DA8E5F04}.Profile_FastCap.ActiveCfg = Profile_FastCap|Xbox
		{164B9D35-F82C-4432-AC6B-2555DA8E5F04}.Profile_FastCap.Build.0 = Profile_FastCap|Xbox
		{164B9D35-F82C-4432-AC6B-2555DA8E5F04}.Release.ActiveCfg = Release|Xbox
		{164B9D35-F82C-4432-AC6B-2555DA8E5F04}.Release.Build.0 = Release|Xbox
		{164B9D35-F82C-4432-AC6B-2555DA8E5F04}.Release_LTCG.ActiveCfg = Release|Xbox
		{164B9D35-F82C-4432-AC6B-2555DA8E5F04}.Release_LTCG.Build.0 = Release|Xbox
		{84D714CC-DA5B-4175-BDE0-FFB36729E41C}.Debug.ActiveCfg = Debug|Xbox
		{84D714CC-DA5B-4175-BDE0-FFB36729E41C}.Debug.Build.0 = Debug|Xbox
		{84D714CC-DA5B-4175-BDE0-FFB36729E41C}.Profile.ActiveCfg = Profile|Xbox
		{84D714CC-DA5B-4175-BDE0-FFB36729E41C}.Profile.Build.0 = Profile|Xbox
		{84D714CC-DA5B-4175-BDE0-FFB36729E41C}.Profile_FastCap.ActiveCfg = Profile_FastCap|Xbox
		{84D714CC-DA5B-4175-BDE0-FFB36729E41C}.Profile_FastCap.Build.0 = Profile_FastCap|Xbox
		{84D714CC-DA5B-4175-BDE0-FFB36729E41C}.Release.ActiveCfg = Release|Xbox
		{84D714CC-DA5B-4175-BDE0-FFB36729E41C}.Release.Build.0 = Release|Xbox
		{84D714CC-DA5B-4175-BDE0-FFB36729E41C}.Release_LTCG.ActiveCfg = Release|Xbox
		{84D714CC-DA5B-4175-BDE0-FFB36729E41C}.Release_LTCG.Build.0 = Release|Xbox
		{DEB96971-276F-4477-9E92-58DC33D16CF5}.Debug.ActiveCfg = Debug|Xbox
		{DEB96971-276F-4477-9E92-58DC33D16CF5}.Debug.Build.0 = Debug|Xbox
		{DEB96971-276F-4477-9E92-58DC33D16CF5}.Profile.ActiveCfg = Profile|Xbox
		{DEB96971-276F-4477-9E92-58DC33D16CF5}.Profile.Build.0 = Profile|Xbox
		{DEB96971-276F-4477-9E92-58DC33D16CF5}.Profile_FastCap.ActiveCfg = Profile_FastCap|Xbox
		{DEB96971-276F-4477-9E92-58DC33D16CF5}.Profile_FastCap.Build.0 = Profile_FastCap|Xbox
		{DEB96971-276F-4477-9E92-58DC33D16CF5}.Release.ActiveCfg = Release|Xbox
		{DEB96971-276F-4477-9E92-58DC33D16CF5}.Release.Build.0 = Release|Xbox
		{DEB96971-276F-4477-9E92-58DC33D16CF5}.Release_LTCG.ActiveCfg = Release_LTCG|Xbox
		{DEB96971-276F-4477-9E92-58DC33D16CF5}.Release_LTCG.Build.0 = Release_LTCG|Xbox
		{BBAEF95D-AC7A-4CCA-B916-FBD94DBE56DF}.Debug.ActiveCfg = Debug|Xbox
		{BBAEF95D-AC7A-4CCA-B916-FBD94DBE56DF}.Debug.Build.0 = Debug|Xbox
		{BBAEF95D-AC7A-4CCA-B916-FBD94DBE56DF}.Profile.ActiveCfg = Profile|Xbox
		{BBAEF95D-AC7A-4CCA-B916-FBD94DBE56DF}.Profile.Build.0 = Profile|Xbox
		{BBAEF95D-AC7A-4CCA-B916-FBD94DBE56DF}.Profile_FastCap.ActiveCfg = Profile_FastCap|Xbox
		{BBAEF95D-AC7A-4CCA-B916-FBD94DBE56DF}.Profile_FastCap.Build.0 = Profile_FastCap|Xbox
		{BBAEF95D-AC7A-4CCA-B916-FBD94DBE56DF}.Release.ActiveCfg = Release|Xbox
		{BBAEF95D-AC7A-4CCA-B916-FBD94DBE56DF}.Release.Build.0 = Release|Xbox
		{BBAEF95D-AC7A-4CCA-B916-FBD94DBE56DF}.Release_LTCG.ActiveCfg = Release_LTCG|Xbox
		{BBAEF95D-AC7A-4CCA-B916-FBD94DBE56DF}.Release_LTCG.Build.0 = Release_LTCG|Xbox
	EndGlobalSection
	GlobalSection(ExtensibilityGlobals) = postSolution
	EndGlobalSection
	GlobalSection(ExtensibilityAddIns) = postSolution
	EndGlobalSection
EndGlobal
