Microsoft Visual Studio Solution File, Format Version 8.00
Project("{8BC9CEB8-8B4A-11D0-8D11-00A0C91BC942}") = "1964x11_Rice560", "1964x11_Rice560.vcproj", "{AE93B07A-3290-4453-9045-F4FDFB2E3383}"
	ProjectSection(ProjectDependencies) = postProject
	EndProjectSection
EndProject
Global
	GlobalSection(SolutionConfiguration) = preSolution
		Debug = Debug
		Profile = Profile
		Profile_FastCap = Profile_FastCap
		Release = Release
		Release_LTCG = Release_LTCG
	EndGlobalSection
	GlobalSection(ProjectConfiguration) = postSolution
		{AE93B07A-3290-4453-9045-F4FDFB2E3383}.Debug.ActiveCfg = Debug|Xbox
		{AE93B07A-3290-4453-9045-F4FDFB2E3383}.Debug.Build.0 = Debug|Xbox
		{AE93B07A-3290-4453-9045-F4FDFB2E3383}.Profile.ActiveCfg = Profile|Xbox
		{AE93B07A-3290-4453-9045-F4FDFB2E3383}.Profile.Build.0 = Profile|Xbox
		{AE93B07A-3290-4453-9045-F4FDFB2E3383}.Profile_FastCap.ActiveCfg = Profile_FastCap|Xbox
		{AE93B07A-3290-4453-9045-F4FDFB2E3383}.Profile_FastCap.Build.0 = Profile_FastCap|Xbox
		{AE93B07A-3290-4453-9045-F4FDFB2E3383}.Release.ActiveCfg = Release|Xbox
		{AE93B07A-3290-4453-9045-F4FDFB2E3383}.Release.Build.0 = Release|Xbox
		{AE93B07A-3290-4453-9045-F4FDFB2E3383}.Release_LTCG.ActiveCfg = Release_LTCG|Xbox
		{AE93B07A-3290-4453-9045-F4FDFB2E3383}.Release_LTCG.Build.0 = Release_LTCG|Xbox
	EndGlobalSection
	GlobalSection(ExtensibilityGlobals) = postSolution
	EndGlobalSection
	GlobalSection(ExtensibilityAddIns) = postSolution
	EndGlobalSection
EndGlobal
