Microsoft Visual Studio Solution File, Format Version 8.00
Project("{8BC9CEB8-8B4A-11D0-8D11-00A0C91BC942}") = "1964x 5.60 MusyX", "1964x\1964x 5.60 MusyX.vcproj", "{6200FC2F-B1AD-4912-B807-E600915DD004}"
	ProjectSection(ProjectDependencies) = postProject
		{7127654B-181D-4D65-8C06-C45086FC21F9} = {7127654B-181D-4D65-8C06-C45086FC21F9}
		{D101F663-FBE6-45E1-B3CE-C70184F718EF} = {D101F663-FBE6-45E1-B3CE-C70184F718EF}
		{5AA63184-8488-4760-8A8F-2784090D5A77} = {5AA63184-8488-4760-8A8F-2784090D5A77}
		{DF18099D-35B6-4619-A8FE-CB2BC25364F4} = {DF18099D-35B6-4619-A8FE-CB2BC25364F4}
		{287AC49D-8C32-4187-A7DA-F2273AF2C4F5} = {287AC49D-8C32-4187-A7DA-F2273AF2C4F5}
		{BBDE61F2-D298-4B51-BA24-98831EA6B16E} = {BBDE61F2-D298-4B51-BA24-98831EA6B16E}
	EndProjectSection
EndProject
Project("{8BC9CEB8-8B4A-11D0-8D11-00A0C91BC942}") = "1964x 5.60", "1964x\1964x 5.60.vcproj", "{491C144B-F6B6-4013-B64A-49C7BF8C710F}"
	ProjectSection(ProjectDependencies) = postProject
		{50BCDC05-7A50-4F10-9E30-0E291372F8A1} = {50BCDC05-7A50-4F10-9E30-0E291372F8A1}
		{7127654B-181D-4D65-8C06-C45086FC21F9} = {7127654B-181D-4D65-8C06-C45086FC21F9}
		{D101F663-FBE6-45E1-B3CE-C70184F718EF} = {D101F663-FBE6-45E1-B3CE-C70184F718EF}
		{13D8F192-23C1-4EE0-896D-3E9010A13D65} = {13D8F192-23C1-4EE0-896D-3E9010A13D65}
		{DF18099D-35B6-4619-A8FE-CB2BC25364F4} = {DF18099D-35B6-4619-A8FE-CB2BC25364F4}
		{287AC49D-8C32-4187-A7DA-F2273AF2C4F5} = {287AC49D-8C32-4187-A7DA-F2273AF2C4F5}
		{984BB0B1-96DA-412B-82A1-5C86A4D40FBA} = {984BB0B1-96DA-412B-82A1-5C86A4D40FBA}
		{BBDE61F2-D298-4B51-BA24-98831EA6B16E} = {BBDE61F2-D298-4B51-BA24-98831EA6B16E}
	EndProjectSection
EndProject
Project("{8BC9CEB8-8B4A-11D0-8D11-00A0C91BC942}") = "PJ64x 5.60 MusyX", "PJ64x\PJ64-X 5.60 MusyX.vcproj", "{A7870925-24DD-4327-BF1B-D3BFD2E90FBD}"
	ProjectSection(ProjectDependencies) = postProject
		{7127654B-181D-4D65-8C06-C45086FC21F9} = {7127654B-181D-4D65-8C06-C45086FC21F9}
		{D101F663-FBE6-45E1-B3CE-C70184F718EF} = {D101F663-FBE6-45E1-B3CE-C70184F718EF}
		{5AA63184-8488-4760-8A8F-2784090D5A77} = {5AA63184-8488-4760-8A8F-2784090D5A77}
		{DF18099D-35B6-4619-A8FE-CB2BC25364F4} = {DF18099D-35B6-4619-A8FE-CB2BC25364F4}
		{287AC49D-8C32-4187-A7DA-F2273AF2C4F5} = {287AC49D-8C32-4187-A7DA-F2273AF2C4F5}
		{BBDE61F2-D298-4B51-BA24-98831EA6B16E} = {BBDE61F2-D298-4B51-BA24-98831EA6B16E}
	EndProjectSection
EndProject
Project("{8BC9CEB8-8B4A-11D0-8D11-00A0C91BC942}") = "PJ64x 5.60", "PJ64x\PJ64-X 5.60.vcproj", "{CA52AAF2-C27D-4376-9CDD-346B2455DD30}"
	ProjectSection(ProjectDependencies) = postProject
		{50BCDC05-7A50-4F10-9E30-0E291372F8A1} = {50BCDC05-7A50-4F10-9E30-0E291372F8A1}
		{7127654B-181D-4D65-8C06-C45086FC21F9} = {7127654B-181D-4D65-8C06-C45086FC21F9}
		{D101F663-FBE6-45E1-B3CE-C70184F718EF} = {D101F663-FBE6-45E1-B3CE-C70184F718EF}
		{13D8F192-23C1-4EE0-896D-3E9010A13D65} = {13D8F192-23C1-4EE0-896D-3E9010A13D65}
		{DF18099D-35B6-4619-A8FE-CB2BC25364F4} = {DF18099D-35B6-4619-A8FE-CB2BC25364F4}
		{287AC49D-8C32-4187-A7DA-F2273AF2C4F5} = {287AC49D-8C32-4187-A7DA-F2273AF2C4F5}
		{984BB0B1-96DA-412B-82A1-5C86A4D40FBA} = {984BB0B1-96DA-412B-82A1-5C86A4D40FBA}
		{BBDE61F2-D298-4B51-BA24-98831EA6B16E} = {BBDE61F2-D298-4B51-BA24-98831EA6B16E}
	EndProjectSection
EndProject
Project("{8BC9CEB8-8B4A-11D0-8D11-00A0C91BC942}") = "AudioAzimer", "Plugins\src\AudioAzimer\AudioAzimer.vcproj", "{13D8F192-23C1-4EE0-896D-3E9010A13D65}"
	ProjectSection(ProjectDependencies) = postProject
	EndProjectSection
EndProject
Project("{8BC9CEB8-8B4A-11D0-8D11-00A0C91BC942}") = "AudioJttL", "Plugins\src\AudioJttL\AudioJttL.vcproj", "{50BCDC05-7A50-4F10-9E30-0E291372F8A1}"
	ProjectSection(ProjectDependencies) = postProject
	EndProjectSection
EndProject
Project("{8BC9CEB8-8B4A-11D0-8D11-00A0C91BC942}") = "AudioMusyX", "Plugins\src\AudioMusyX\AudioMusyX\AudioMusyX.vcproj", "{5AA63184-8488-4760-8A8F-2784090D5A77}"
	ProjectSection(ProjectDependencies) = postProject
	EndProjectSection
EndProject
Project("{8BC9CEB8-8B4A-11D0-8D11-00A0C91BC942}") = "AudioNone", "Plugins\src\AudioNone\AudioNone.vcproj", "{984BB0B1-96DA-412B-82A1-5C86A4D40FBA}"
	ProjectSection(ProjectDependencies) = postProject
	EndProjectSection
EndProject
Project("{8BC9CEB8-8B4A-11D0-8D11-00A0C91BC942}") = "Input", "Plugins\src\Input\Input.vcproj", "{DF18099D-35B6-4619-A8FE-CB2BC25364F4}"
	ProjectSection(ProjectDependencies) = postProject
	EndProjectSection
EndProject
Project("{8BC9CEB8-8B4A-11D0-8D11-00A0C91BC942}") = "RSP", "Plugins\src\RSP\RSP.vcproj", "{D101F663-FBE6-45E1-B3CE-C70184F718EF}"
	ProjectSection(ProjectDependencies) = postProject
	EndProjectSection
EndProject
Project("{8BC9CEB8-8B4A-11D0-8D11-00A0C91BC942}") = "RSPHLE", "Plugins\src\RSPHLE\RSPHLE.vcproj", "{7127654B-181D-4D65-8C06-C45086FC21F9}"
	ProjectSection(ProjectDependencies) = postProject
	EndProjectSection
EndProject
Project("{8BC9CEB8-8B4A-11D0-8D11-00A0C91BC942}") = "RSPM64P", "Plugins\src\RSPM64P\RSPM64P.vcproj", "{BBDE61F2-D298-4B51-BA24-98831EA6B16E}"
	ProjectSection(ProjectDependencies) = postProject
	EndProjectSection
EndProject
Project("{8BC9CEB8-8B4A-11D0-8D11-00A0C91BC942}") = "Video5.60", "Plugins\src\Video5.60\Video5.60.vcproj", "{287AC49D-8C32-4187-A7DA-F2273AF2C4F5}"
	ProjectSection(ProjectDependencies) = postProject
	EndProjectSection
EndProject
Global
	GlobalSection(SolutionConfiguration) = preSolution
		Debug = Debug
		Profile = Profile
		Profile_FastCap = Profile_FastCap
		Release = Release
		Release_LTCG = Release_LTCG
	EndGlobalSection
	GlobalSection(ProjectConfiguration) = postSolution
		{6200FC2F-B1AD-4912-B807-E600915DD004}.Debug.ActiveCfg = Debug|Xbox
		{6200FC2F-B1AD-4912-B807-E600915DD004}.Debug.Build.0 = Debug|Xbox
		{6200FC2F-B1AD-4912-B807-E600915DD004}.Profile.ActiveCfg = Profile|Xbox
		{6200FC2F-B1AD-4912-B807-E600915DD004}.Profile.Build.0 = Profile|Xbox
		{6200FC2F-B1AD-4912-B807-E600915DD004}.Profile_FastCap.ActiveCfg = Profile_FastCap|Xbox
		{6200FC2F-B1AD-4912-B807-E600915DD004}.Profile_FastCap.Build.0 = Profile_FastCap|Xbox
		{6200FC2F-B1AD-4912-B807-E600915DD004}.Release.ActiveCfg = Release|Xbox
		{6200FC2F-B1AD-4912-B807-E600915DD004}.Release.Build.0 = Release|Xbox
		{6200FC2F-B1AD-4912-B807-E600915DD004}.Release_LTCG.ActiveCfg = Release_LTCG|Xbox
		{6200FC2F-B1AD-4912-B807-E600915DD004}.Release_LTCG.Build.0 = Release_LTCG|Xbox
		{491C144B-F6B6-4013-B64A-49C7BF8C710F}.Debug.ActiveCfg = Debug|Xbox
		{491C144B-F6B6-4013-B64A-49C7BF8C710F}.Debug.Build.0 = Debug|Xbox
		{491C144B-F6B6-4013-B64A-49C7BF8C710F}.Profile.ActiveCfg = Profile|Xbox
		{491C144B-F6B6-4013-B64A-49C7BF8C710F}.Profile.Build.0 = Profile|Xbox
		{491C144B-F6B6-4013-B64A-49C7BF8C710F}.Profile_FastCap.ActiveCfg = Profile_FastCap|Xbox
		{491C144B-F6B6-4013-B64A-49C7BF8C710F}.Profile_FastCap.Build.0 = Profile_FastCap|Xbox
		{491C144B-F6B6-4013-B64A-49C7BF8C710F}.Release.ActiveCfg = Release|Xbox
		{491C144B-F6B6-4013-B64A-49C7BF8C710F}.Release.Build.0 = Release|Xbox
		{491C144B-F6B6-4013-B64A-49C7BF8C710F}.Release_LTCG.ActiveCfg = Release_LTCG|Xbox
		{491C144B-F6B6-4013-B64A-49C7BF8C710F}.Release_LTCG.Build.0 = Release_LTCG|Xbox
		{A7870925-24DD-4327-BF1B-D3BFD2E90FBD}.Debug.ActiveCfg = Debug|Xbox
		{A7870925-24DD-4327-BF1B-D3BFD2E90FBD}.Debug.Build.0 = Debug|Xbox
		{A7870925-24DD-4327-BF1B-D3BFD2E90FBD}.Profile.ActiveCfg = Profile|Xbox
		{A7870925-24DD-4327-BF1B-D3BFD2E90FBD}.Profile.Build.0 = Profile|Xbox
		{A7870925-24DD-4327-BF1B-D3BFD2E90FBD}.Profile_FastCap.ActiveCfg = Profile_FastCap|Xbox
		{A7870925-24DD-4327-BF1B-D3BFD2E90FBD}.Profile_FastCap.Build.0 = Profile_FastCap|Xbox
		{A7870925-24DD-4327-BF1B-D3BFD2E90FBD}.Release.ActiveCfg = Release|Xbox
		{A7870925-24DD-4327-BF1B-D3BFD2E90FBD}.Release.Build.0 = Release|Xbox
		{A7870925-24DD-4327-BF1B-D3BFD2E90FBD}.Release_LTCG.ActiveCfg = Release_LTCG|Xbox
		{A7870925-24DD-4327-BF1B-D3BFD2E90FBD}.Release_LTCG.Build.0 = Release_LTCG|Xbox
		{CA52AAF2-C27D-4376-9CDD-346B2455DD30}.Debug.ActiveCfg = Debug|Xbox
		{CA52AAF2-C27D-4376-9CDD-346B2455DD30}.Debug.Build.0 = Debug|Xbox
		{CA52AAF2-C27D-4376-9CDD-346B2455DD30}.Profile.ActiveCfg = Profile|Xbox
		{CA52AAF2-C27D-4376-9CDD-346B2455DD30}.Profile.Build.0 = Profile|Xbox
		{CA52AAF2-C27D-4376-9CDD-346B2455DD30}.Profile_FastCap.ActiveCfg = Profile_FastCap|Xbox
		{CA52AAF2-C27D-4376-9CDD-346B2455DD30}.Profile_FastCap.Build.0 = Profile_FastCap|Xbox
		{CA52AAF2-C27D-4376-9CDD-346B2455DD30}.Release.ActiveCfg = Release|Xbox
		{CA52AAF2-C27D-4376-9CDD-346B2455DD30}.Release.Build.0 = Release|Xbox
		{CA52AAF2-C27D-4376-9CDD-346B2455DD30}.Release_LTCG.ActiveCfg = Release_LTCG|Xbox
		{CA52AAF2-C27D-4376-9CDD-346B2455DD30}.Release_LTCG.Build.0 = Release_LTCG|Xbox
		{13D8F192-23C1-4EE0-896D-3E9010A13D65}.Debug.ActiveCfg = Debug|Xbox
		{13D8F192-23C1-4EE0-896D-3E9010A13D65}.Debug.Build.0 = Debug|Xbox
		{13D8F192-23C1-4EE0-896D-3E9010A13D65}.Profile.ActiveCfg = Profile|Xbox
		{13D8F192-23C1-4EE0-896D-3E9010A13D65}.Profile.Build.0 = Profile|Xbox
		{13D8F192-23C1-4EE0-896D-3E9010A13D65}.Profile_FastCap.ActiveCfg = Profile_FastCap|Xbox
		{13D8F192-23C1-4EE0-896D-3E9010A13D65}.Profile_FastCap.Build.0 = Profile_FastCap|Xbox
		{13D8F192-23C1-4EE0-896D-3E9010A13D65}.Release.ActiveCfg = Release|Xbox
		{13D8F192-23C1-4EE0-896D-3E9010A13D65}.Release.Build.0 = Release|Xbox
		{13D8F192-23C1-4EE0-896D-3E9010A13D65}.Release_LTCG.ActiveCfg = Release_LTCG|Xbox
		{13D8F192-23C1-4EE0-896D-3E9010A13D65}.Release_LTCG.Build.0 = Release_LTCG|Xbox
		{50BCDC05-7A50-4F10-9E30-0E291372F8A1}.Debug.ActiveCfg = Debug|Xbox
		{50BCDC05-7A50-4F10-9E30-0E291372F8A1}.Debug.Build.0 = Debug|Xbox
		{50BCDC05-7A50-4F10-9E30-0E291372F8A1}.Profile.ActiveCfg = Profile|Xbox
		{50BCDC05-7A50-4F10-9E30-0E291372F8A1}.Profile.Build.0 = Profile|Xbox
		{50BCDC05-7A50-4F10-9E30-0E291372F8A1}.Profile_FastCap.ActiveCfg = Profile_FastCap|Xbox
		{50BCDC05-7A50-4F10-9E30-0E291372F8A1}.Profile_FastCap.Build.0 = Profile_FastCap|Xbox
		{50BCDC05-7A50-4F10-9E30-0E291372F8A1}.Release.ActiveCfg = Release|Xbox
		{50BCDC05-7A50-4F10-9E30-0E291372F8A1}.Release.Build.0 = Release|Xbox
		{50BCDC05-7A50-4F10-9E30-0E291372F8A1}.Release_LTCG.ActiveCfg = Release_LTCG|Xbox
		{50BCDC05-7A50-4F10-9E30-0E291372F8A1}.Release_LTCG.Build.0 = Release_LTCG|Xbox
		{5AA63184-8488-4760-8A8F-2784090D5A77}.Debug.ActiveCfg = Debug|Xbox
		{5AA63184-8488-4760-8A8F-2784090D5A77}.Debug.Build.0 = Debug|Xbox
		{5AA63184-8488-4760-8A8F-2784090D5A77}.Profile.ActiveCfg = Profile|Xbox
		{5AA63184-8488-4760-8A8F-2784090D5A77}.Profile.Build.0 = Profile|Xbox
		{5AA63184-8488-4760-8A8F-2784090D5A77}.Profile_FastCap.ActiveCfg = Profile_FastCap|Xbox
		{5AA63184-8488-4760-8A8F-2784090D5A77}.Profile_FastCap.Build.0 = Profile_FastCap|Xbox
		{5AA63184-8488-4760-8A8F-2784090D5A77}.Release.ActiveCfg = Release|Xbox
		{5AA63184-8488-4760-8A8F-2784090D5A77}.Release.Build.0 = Release|Xbox
		{5AA63184-8488-4760-8A8F-2784090D5A77}.Release_LTCG.ActiveCfg = Release_LTCG|Xbox
		{5AA63184-8488-4760-8A8F-2784090D5A77}.Release_LTCG.Build.0 = Release_LTCG|Xbox
		{984BB0B1-96DA-412B-82A1-5C86A4D40FBA}.Debug.ActiveCfg = Debug|Xbox
		{984BB0B1-96DA-412B-82A1-5C86A4D40FBA}.Debug.Build.0 = Debug|Xbox
		{984BB0B1-96DA-412B-82A1-5C86A4D40FBA}.Profile.ActiveCfg = Profile|Xbox
		{984BB0B1-96DA-412B-82A1-5C86A4D40FBA}.Profile.Build.0 = Profile|Xbox
		{984BB0B1-96DA-412B-82A1-5C86A4D40FBA}.Profile_FastCap.ActiveCfg = Profile_FastCap|Xbox
		{984BB0B1-96DA-412B-82A1-5C86A4D40FBA}.Profile_FastCap.Build.0 = Profile_FastCap|Xbox
		{984BB0B1-96DA-412B-82A1-5C86A4D40FBA}.Release.ActiveCfg = Release|Xbox
		{984BB0B1-96DA-412B-82A1-5C86A4D40FBA}.Release.Build.0 = Release|Xbox
		{984BB0B1-96DA-412B-82A1-5C86A4D40FBA}.Release_LTCG.ActiveCfg = Release_LTCG|Xbox
		{984BB0B1-96DA-412B-82A1-5C86A4D40FBA}.Release_LTCG.Build.0 = Release_LTCG|Xbox
		{DF18099D-35B6-4619-A8FE-CB2BC25364F4}.Debug.ActiveCfg = Debug|Xbox
		{DF18099D-35B6-4619-A8FE-CB2BC25364F4}.Debug.Build.0 = Debug|Xbox
		{DF18099D-35B6-4619-A8FE-CB2BC25364F4}.Profile.ActiveCfg = Profile|Xbox
		{DF18099D-35B6-4619-A8FE-CB2BC25364F4}.Profile.Build.0 = Profile|Xbox
		{DF18099D-35B6-4619-A8FE-CB2BC25364F4}.Profile_FastCap.ActiveCfg = Profile_FastCap|Xbox
		{DF18099D-35B6-4619-A8FE-CB2BC25364F4}.Profile_FastCap.Build.0 = Profile_FastCap|Xbox
		{DF18099D-35B6-4619-A8FE-CB2BC25364F4}.Release.ActiveCfg = Release|Xbox
		{DF18099D-35B6-4619-A8FE-CB2BC25364F4}.Release.Build.0 = Release|Xbox
		{DF18099D-35B6-4619-A8FE-CB2BC25364F4}.Release_LTCG.ActiveCfg = Release_LTCG|Xbox
		{DF18099D-35B6-4619-A8FE-CB2BC25364F4}.Release_LTCG.Build.0 = Release_LTCG|Xbox
		{D101F663-FBE6-45E1-B3CE-C70184F718EF}.Debug.ActiveCfg = Debug|Xbox
		{D101F663-FBE6-45E1-B3CE-C70184F718EF}.Debug.Build.0 = Debug|Xbox
		{D101F663-FBE6-45E1-B3CE-C70184F718EF}.Profile.ActiveCfg = Profile|Xbox
		{D101F663-FBE6-45E1-B3CE-C70184F718EF}.Profile.Build.0 = Profile|Xbox
		{D101F663-FBE6-45E1-B3CE-C70184F718EF}.Profile_FastCap.ActiveCfg = Profile_FastCap|Xbox
		{D101F663-FBE6-45E1-B3CE-C70184F718EF}.Profile_FastCap.Build.0 = Profile_FastCap|Xbox
		{D101F663-FBE6-45E1-B3CE-C70184F718EF}.Release.ActiveCfg = Release|Xbox
		{D101F663-FBE6-45E1-B3CE-C70184F718EF}.Release.Build.0 = Release|Xbox
		{D101F663-FBE6-45E1-B3CE-C70184F718EF}.Release_LTCG.ActiveCfg = Release_LTCG|Xbox
		{D101F663-FBE6-45E1-B3CE-C70184F718EF}.Release_LTCG.Build.0 = Release_LTCG|Xbox
		{7127654B-181D-4D65-8C06-C45086FC21F9}.Debug.ActiveCfg = Debug|Xbox
		{7127654B-181D-4D65-8C06-C45086FC21F9}.Debug.Build.0 = Debug|Xbox
		{7127654B-181D-4D65-8C06-C45086FC21F9}.Profile.ActiveCfg = Profile|Xbox
		{7127654B-181D-4D65-8C06-C45086FC21F9}.Profile.Build.0 = Profile|Xbox
		{7127654B-181D-4D65-8C06-C45086FC21F9}.Profile_FastCap.ActiveCfg = Profile_FastCap|Xbox
		{7127654B-181D-4D65-8C06-C45086FC21F9}.Profile_FastCap.Build.0 = Profile_FastCap|Xbox
		{7127654B-181D-4D65-8C06-C45086FC21F9}.Release.ActiveCfg = Release|Xbox
		{7127654B-181D-4D65-8C06-C45086FC21F9}.Release.Build.0 = Release|Xbox
		{7127654B-181D-4D65-8C06-C45086FC21F9}.Release_LTCG.ActiveCfg = Release_LTCG|Xbox
		{7127654B-181D-4D65-8C06-C45086FC21F9}.Release_LTCG.Build.0 = Release_LTCG|Xbox
		{BBDE61F2-D298-4B51-BA24-98831EA6B16E}.Debug.ActiveCfg = Debug|Xbox
		{BBDE61F2-D298-4B51-BA24-98831EA6B16E}.Debug.Build.0 = Debug|Xbox
		{BBDE61F2-D298-4B51-BA24-98831EA6B16E}.Profile.ActiveCfg = Profile|Xbox
		{BBDE61F2-D298-4B51-BA24-98831EA6B16E}.Profile.Build.0 = Profile|Xbox
		{BBDE61F2-D298-4B51-BA24-98831EA6B16E}.Profile_FastCap.ActiveCfg = Profile_FastCap|Xbox
		{BBDE61F2-D298-4B51-BA24-98831EA6B16E}.Profile_FastCap.Build.0 = Profile_FastCap|Xbox
		{BBDE61F2-D298-4B51-BA24-98831EA6B16E}.Release.ActiveCfg = Release|Xbox
		{BBDE61F2-D298-4B51-BA24-98831EA6B16E}.Release.Build.0 = Release|Xbox
		{BBDE61F2-D298-4B51-BA24-98831EA6B16E}.Release_LTCG.ActiveCfg = Release_LTCG|Xbox
		{BBDE61F2-D298-4B51-BA24-98831EA6B16E}.Release_LTCG.Build.0 = Release_LTCG|Xbox
		{287AC49D-8C32-4187-A7DA-F2273AF2C4F5}.Debug.ActiveCfg = Debug|Xbox
		{287AC49D-8C32-4187-A7DA-F2273AF2C4F5}.Debug.Build.0 = Debug|Xbox
		{287AC49D-8C32-4187-A7DA-F2273AF2C4F5}.Profile.ActiveCfg = Profile|Xbox
		{287AC49D-8C32-4187-A7DA-F2273AF2C4F5}.Profile.Build.0 = Profile|Xbox
		{287AC49D-8C32-4187-A7DA-F2273AF2C4F5}.Profile_FastCap.ActiveCfg = Profile_FastCap|Xbox
		{287AC49D-8C32-4187-A7DA-F2273AF2C4F5}.Profile_FastCap.Build.0 = Profile_FastCap|Xbox
		{287AC49D-8C32-4187-A7DA-F2273AF2C4F5}.Release.ActiveCfg = Release|Xbox
		{287AC49D-8C32-4187-A7DA-F2273AF2C4F5}.Release.Build.0 = Release|Xbox
		{287AC49D-8C32-4187-A7DA-F2273AF2C4F5}.Release_LTCG.ActiveCfg = Release|Xbox
		{287AC49D-8C32-4187-A7DA-F2273AF2C4F5}.Release_LTCG.Build.0 = Release|Xbox
	EndGlobalSection
	GlobalSection(ExtensibilityGlobals) = postSolution
	EndGlobalSection
	GlobalSection(ExtensibilityAddIns) = postSolution
	EndGlobalSection
EndGlobal
